
Microsoft Visual Studio Solution File, Format Version 12.00
# Visual Studio Version 17
VisualStudioVersion = 17.0.32014.148
MinimumVisualStudioVersion = 15.0.26124.0
Project("{9A19103F-16F7-4668-BE54-9A1E7A4F7556}") = "Typin", "Typin\Typin.csproj", "{C0D60B0B-63CF-4DCA-916F-BDB40CEDCE35}"
EndProject
Project("{2150E333-8FDC-42A3-9474-1A3956D46DE8}") = "Docs", "Docs", "{3AAE8166-BB8E-49DA-844C-3A0EE6BD40A0}"
	ProjectSection(SolutionItems) = preProject
		..\..\CHANGELOG.md = ..\..\CHANGELOG.md
		..\..\.github\FUNDING.yml = ..\..\.github\FUNDING.yml
		..\..\LICENSE = ..\..\LICENSE
		..\..\README.md = ..\..\README.md
	EndProjectSection
EndProject
Project("{9A19103F-16F7-4668-BE54-9A1E7A4F7556}") = "Typin.Tests.Dummy", "Typin.Tests.Dummy\Typin.Tests.Dummy.csproj", "{F717347D-8656-44DA-A4A2-BE515E8C4655}"
EndProject
Project("{2150E333-8FDC-42A3-9474-1A3956D46DE8}") = "Configuration", "Configuration", "{055B9CC5-6327-4215-8717-4F384F4C492E}"
	ProjectSection(SolutionItems) = preProject
		..\..\.gitignore = ..\..\.gitignore
		..\..\codecov.yml = ..\..\codecov.yml
		Directory.Build.props = Directory.Build.props
	EndProjectSection
EndProject
Project("{2150E333-8FDC-42A3-9474-1A3956D46DE8}") = "Src", "Src", "{8217F4D4-8E55-44C4-ADDB-72115BAD7BC4}"
EndProject
Project("{2150E333-8FDC-42A3-9474-1A3956D46DE8}") = "Tests", "Tests", "{10210B58-6AF5-4C6B-B388-99F0468429F7}"
EndProject
Project("{2150E333-8FDC-42A3-9474-1A3956D46DE8}") = "Examples", "Examples", "{4EC8BB3C-EAA3-469B-B3A5-1FE80BEA748A}"
EndProject
Project("{9A19103F-16F7-4668-BE54-9A1E7A4F7556}") = "BookLibraryExample", "Examples\BookLibraryExample\BookLibraryExample.csproj", "{4A0AFE96-F5C0-4270-AA32-938F6CAEE404}"
EndProject
Project("{9A19103F-16F7-4668-BE54-9A1E7A4F7556}") = "InteractiveModeExample", "Examples\InteractiveModeExample\InteractiveModeExample.csproj", "{16CAC35E-4DBB-433B-92E3-8B285206DDCB}"
EndProject
Project("{9A19103F-16F7-4668-BE54-9A1E7A4F7556}") = "SimpleAppExample", "Examples\SimpleAppExample\SimpleAppExample.csproj", "{5CCF7E79-C4D4-4A0E-96E0-1BE4B3CFE91C}"
EndProject
Project("{2150E333-8FDC-42A3-9474-1A3956D46DE8}") = "Benchmarks", "Benchmarks", "{8BFDDBB6-0FC3-447B-85D1-DA885C78F9DD}"
EndProject
Project("{9A19103F-16F7-4668-BE54-9A1E7A4F7556}") = "Typin.Benchmarks.MultiCommand", "Benchmarks\Typin.Benchmarks.MultiCommand\Typin.Benchmarks.MultiCommand.csproj", "{86F58E1A-180E-48A4-9DC3-AC6529E9FB85}"
EndProject
Project("{9A19103F-16F7-4668-BE54-9A1E7A4F7556}") = "Typin.Benchmarks.FrameworksComparison", "Benchmarks\Typin.Benchmarks.FrameworksComparison\Typin.Benchmarks.FrameworksComparison.csproj", "{CFC02150-CD3E-4208-A028-75BDE3FFB5FA}"
EndProject
Project("{2150E333-8FDC-42A3-9474-1A3956D46DE8}") = "Workflows", "Workflows", "{BCD6C3DD-672D-40DF-8612-09A0F1377291}"
	ProjectSection(SolutionItems) = preProject
		..\..\.github\workflows\codeql-analysis.yml = ..\..\.github\workflows\codeql-analysis.yml
		..\..\.github\workflows\Typin-CD.yml = ..\..\.github\workflows\Typin-CD.yml
		..\..\.github\workflows\Typin-CI.yml = ..\..\.github\workflows\Typin-CI.yml
	EndProjectSection
EndProject
Project("{9A19103F-16F7-4668-BE54-9A1E7A4F7556}") = "Typin.Core", "Typin.Core\Typin.Core.csproj", "{AB0DFBE4-052D-4F33-803E-E2DC5AC70D11}"
EndProject
Project("{9A19103F-16F7-4668-BE54-9A1E7A4F7556}") = "Typin.Tests.Data", "Typin.Tests.Data\Typin.Tests.Data.csproj", "{4267AA33-CBC6-4B47-883A-B3690B7EEA50}"
EndProject
Project("{9A19103F-16F7-4668-BE54-9A1E7A4F7556}") = "Typin.Tests.Data.Valid", "Typin.Tests.Data.Valid\Typin.Tests.Data.Valid.csproj", "{74C93FC1-2104-4D48-A4C6-088C5DAF7561}"
EndProject
Project("{9A19103F-16F7-4668-BE54-9A1E7A4F7556}") = "Typin.Tests.Data.Invalid", "Typin.Tests.Data.Invalid\Typin.Tests.Data.Invalid.csproj", "{EE18C665-B9C4-47E4-BD10-FDD62F945346}"
EndProject
Project("{9A19103F-16F7-4668-BE54-9A1E7A4F7556}") = "Typin.Tests.Data.Common", "Typin.Tests.Data.Common\Typin.Tests.Data.Common.csproj", "{8016B9C7-DE6E-4025-9ACA-1ECBF0A0D54D}"
EndProject
Project("{2150E333-8FDC-42A3-9474-1A3956D46DE8}") = "Data", "Data", "{C954B1E9-F881-434D-BA49-3900AD816238}"
EndProject
Project("{9A19103F-16F7-4668-BE54-9A1E7A4F7556}") = "Typin.Tests.Data.Valid.DefaultCommands", "Typin.Tests.Data.Valid.DefaultCommands\Typin.Tests.Data.Valid.DefaultCommands.csproj", "{38824BA1-54E2-41C7-81A6-A0B27EE3F37A}"
EndProject
Project("{9A19103F-16F7-4668-BE54-9A1E7A4F7556}") = "Typin.Tests.Data.Invalid.DuplicatedCommands", "Typin.Tests.Data.Invalid.DuplicatedCommands\Typin.Tests.Data.Invalid.DuplicatedCommands.csproj", "{6C861F8F-166F-4358-BB5A-8CDE6425F893}"
EndProject
Project("{9A19103F-16F7-4668-BE54-9A1E7A4F7556}") = "Typin.Modes.Interactive", "Typin.Modes.Interactive\Typin.Modes.Interactive.csproj", "{DB974A43-8C8C-4782-B1DD-841A52560701}"
EndProject
Project("{9A19103F-16F7-4668-BE54-9A1E7A4F7556}") = "Typin.Console", "Typin.Console\Typin.Console.csproj", "{DD633F5F-0B81-4A57-B4D7-77C2BB278E27}"
EndProject
Project("{9A19103F-16F7-4668-BE54-9A1E7A4F7556}") = "Typin.Utilities.ExceptionFormatter", "Typin.Utilities.ExceptionFormatter\Typin.Utilities.ExceptionFormatter.csproj", "{FCCBAFBB-FAF9-4FEC-917B-69672515556C}"
EndProject
Project("{9A19103F-16F7-4668-BE54-9A1E7A4F7556}") = "Typin.Utilities.CommandLine", "Typin.Utilities.CommandLine\Typin.Utilities.CommandLine.csproj", "{E7BAF25D-DF18-4E10-AB24-C9ADE90E848F}"
EndProject
Project("{9A19103F-16F7-4668-BE54-9A1E7A4F7556}") = "Typin.Modes.Programmatic", "Typin.Modes.Programmatic\Typin.Modes.Programmatic.csproj", "{50ED7551-390D-491B-8C29-62C1A54CED3B}"
EndProject
Project("{9A19103F-16F7-4668-BE54-9A1E7A4F7556}") = "Typin.Utilities.CommandLine.Tests", "Typin.Utilities.CommandLine.Tests\Typin.Utilities.CommandLine.Tests.csproj", "{C1B62397-B419-4ECF-8576-0F55AD33E2DA}"
EndProject
Project("{9A19103F-16F7-4668-BE54-9A1E7A4F7556}") = "Typin.Utilities", "Typin.Utilities\Typin.Utilities.csproj", "{B4436ABC-F495-44C8-BA53-214BC596171C}"
EndProject
Project("{2150E333-8FDC-42A3-9474-1A3956D46DE8}") = "Modes", "Modes", "{0CC0AC91-2F12-4879-9359-612557DB2CBA}"
EndProject
Project("{2150E333-8FDC-42A3-9474-1A3956D46DE8}") = "Utilities", "Utilities", "{83343F1B-F494-49BD-8588-CB29A7E3E2E9}"
EndProject
Project("{2150E333-8FDC-42A3-9474-1A3956D46DE8}") = "Help", "Help", "{99A3D48D-5152-4ACA-94A1-9AF646F31840}"
EndProject
Project("{9A19103F-16F7-4668-BE54-9A1E7A4F7556}") = "Typin.Help", "Typin.Help\Typin.Help.csproj", "{46D1A8FB-BB7B-4783-A07E-1F59EC5EE7BF}"
EndProject
Project("{9A19103F-16F7-4668-BE54-9A1E7A4F7556}") = "Typin.Help.Abstractions", "Typin.Help.Abstractions\Typin.Help.Abstractions.csproj", "{D059FD1A-3F42-4074-8730-E9EC6FDB7571}"
EndProject
Project("{2150E333-8FDC-42A3-9474-1A3956D46DE8}") = "Console", "Console", "{FB7F717E-5E47-4DEB-A2E5-F486850DEC9F}"
EndProject
Project("{9A19103F-16F7-4668-BE54-9A1E7A4F7556}") = "Typin.Tests", "Typin.Tests\Typin.Tests.csproj", "{0000E80C-F501-40E1-815C-ABFC53D79836}"
EndProject
Project("{2150E333-8FDC-42A3-9474-1A3956D46DE8}") = "GlobalArguments", "GlobalArguments", "{5193B003-58CA-422C-AB4B-91D96AC2CC74}"
EndProject
Project("{9A19103F-16F7-4668-BE54-9A1E7A4F7556}") = "Typin.GlobalArguments", "Typin.GlobalArguments\Typin.GlobalArguments.csproj", "{1EC05D67-9A0B-40AA-B33B-B4D96BB56C25}"
EndProject
Project("{2150E333-8FDC-42A3-9474-1A3956D46DE8}") = "Models", "Models", "{9E3D4324-1595-4029-9051-23B6018EA8D7}"
EndProject
Project("{9A19103F-16F7-4668-BE54-9A1E7A4F7556}") = "Typin.Models", "Typin.Models\Typin.Models.csproj", "{61D320D7-AEA6-4E71-B2D0-75B149AD4F00}"
EndProject
Project("{9A19103F-16F7-4668-BE54-9A1E7A4F7556}") = "Typin.Models.Abstractions", "Typin.Models.Abstractions\Typin.Models.Abstractions.csproj", "{8ED7C943-B48A-478F-A7B3-F6066838D23F}"
EndProject
Project("{2150E333-8FDC-42A3-9474-1A3956D46DE8}") = "Commands", "Commands", "{837FAEFD-1C0B-445B-8427-A451034DA30A}"
EndProject
Project("{FAE04EC0-301F-11D3-BF4B-00C04F79EFBC}") = "Typin.Commands", "Typin.Commands\Typin.Commands.csproj", "{F64C68C1-9AD9-46CE-8C54-0ACB524F900C}"
EndProject
Project("{FAE04EC0-301F-11D3-BF4B-00C04F79EFBC}") = "Typin.Commands.Abstractions", "Typin.Commands.Abstractions\Typin.Commands.Abstractions.csproj", "{9C91456C-4EDC-4BB1-A3A1-1C249539A831}"
EndProject
Global
	GlobalSection(SolutionConfigurationPlatforms) = preSolution
		Debug|Any CPU = Debug|Any CPU
		Debug|x64 = Debug|x64
		Debug|x86 = Debug|x86
		Release|Any CPU = Release|Any CPU
		Release|x64 = Release|x64
		Release|x86 = Release|x86
		Release-CD|Any CPU = Release-CD|Any CPU
		Release-CD|x64 = Release-CD|x64
		Release-CD|x86 = Release-CD|x86
		Release-CI|Any CPU = Release-CI|Any CPU
		Release-CI|x64 = Release-CI|x64
		Release-CI|x86 = Release-CI|x86
	EndGlobalSection
	GlobalSection(ProjectConfigurationPlatforms) = postSolution
		{C0D60B0B-63CF-4DCA-916F-BDB40CEDCE35}.Debug|Any CPU.ActiveCfg = Debug|Any CPU
		{C0D60B0B-63CF-4DCA-916F-BDB40CEDCE35}.Debug|Any CPU.Build.0 = Debug|Any CPU
		{C0D60B0B-63CF-4DCA-916F-BDB40CEDCE35}.Debug|x64.ActiveCfg = Debug|x64
		{C0D60B0B-63CF-4DCA-916F-BDB40CEDCE35}.Debug|x64.Build.0 = Debug|x64
		{C0D60B0B-63CF-4DCA-916F-BDB40CEDCE35}.Debug|x86.ActiveCfg = Debug|x86
		{C0D60B0B-63CF-4DCA-916F-BDB40CEDCE35}.Debug|x86.Build.0 = Debug|x86
		{C0D60B0B-63CF-4DCA-916F-BDB40CEDCE35}.Release|Any CPU.ActiveCfg = Release|Any CPU
		{C0D60B0B-63CF-4DCA-916F-BDB40CEDCE35}.Release|Any CPU.Build.0 = Release|Any CPU
		{C0D60B0B-63CF-4DCA-916F-BDB40CEDCE35}.Release|x64.ActiveCfg = Release|x64
		{C0D60B0B-63CF-4DCA-916F-BDB40CEDCE35}.Release|x64.Build.0 = Release|x64
		{C0D60B0B-63CF-4DCA-916F-BDB40CEDCE35}.Release|x86.ActiveCfg = Release|x64
		{C0D60B0B-63CF-4DCA-916F-BDB40CEDCE35}.Release|x86.Build.0 = Release|x64
		{C0D60B0B-63CF-4DCA-916F-BDB40CEDCE35}.Release-CD|Any CPU.ActiveCfg = Release|Any CPU
		{C0D60B0B-63CF-4DCA-916F-BDB40CEDCE35}.Release-CD|Any CPU.Build.0 = Release|Any CPU
		{C0D60B0B-63CF-4DCA-916F-BDB40CEDCE35}.Release-CD|x64.ActiveCfg = Release|x64
		{C0D60B0B-63CF-4DCA-916F-BDB40CEDCE35}.Release-CD|x64.Build.0 = Release|x64
		{C0D60B0B-63CF-4DCA-916F-BDB40CEDCE35}.Release-CD|x86.ActiveCfg = Release|x86
		{C0D60B0B-63CF-4DCA-916F-BDB40CEDCE35}.Release-CD|x86.Build.0 = Release|x86
		{C0D60B0B-63CF-4DCA-916F-BDB40CEDCE35}.Release-CI|Any CPU.ActiveCfg = Release|Any CPU
		{C0D60B0B-63CF-4DCA-916F-BDB40CEDCE35}.Release-CI|Any CPU.Build.0 = Release|Any CPU
		{C0D60B0B-63CF-4DCA-916F-BDB40CEDCE35}.Release-CI|x64.ActiveCfg = Release|x64
		{C0D60B0B-63CF-4DCA-916F-BDB40CEDCE35}.Release-CI|x64.Build.0 = Release|x64
		{C0D60B0B-63CF-4DCA-916F-BDB40CEDCE35}.Release-CI|x86.ActiveCfg = Release|x86
		{C0D60B0B-63CF-4DCA-916F-BDB40CEDCE35}.Release-CI|x86.Build.0 = Release|x86
		{F717347D-8656-44DA-A4A2-BE515E8C4655}.Debug|Any CPU.ActiveCfg = Debug|Any CPU
		{F717347D-8656-44DA-A4A2-BE515E8C4655}.Debug|Any CPU.Build.0 = Debug|Any CPU
		{F717347D-8656-44DA-A4A2-BE515E8C4655}.Debug|x64.ActiveCfg = Debug|x64
		{F717347D-8656-44DA-A4A2-BE515E8C4655}.Debug|x64.Build.0 = Debug|x64
		{F717347D-8656-44DA-A4A2-BE515E8C4655}.Debug|x86.ActiveCfg = Debug|x86
		{F717347D-8656-44DA-A4A2-BE515E8C4655}.Debug|x86.Build.0 = Debug|x86
		{F717347D-8656-44DA-A4A2-BE515E8C4655}.Release|Any CPU.ActiveCfg = Release|Any CPU
		{F717347D-8656-44DA-A4A2-BE515E8C4655}.Release|Any CPU.Build.0 = Release|Any CPU
		{F717347D-8656-44DA-A4A2-BE515E8C4655}.Release|x64.ActiveCfg = Release|x64
		{F717347D-8656-44DA-A4A2-BE515E8C4655}.Release|x64.Build.0 = Release|x64
		{F717347D-8656-44DA-A4A2-BE515E8C4655}.Release|x86.ActiveCfg = Release|x86
		{F717347D-8656-44DA-A4A2-BE515E8C4655}.Release|x86.Build.0 = Release|x86
		{F717347D-8656-44DA-A4A2-BE515E8C4655}.Release-CD|Any CPU.ActiveCfg = Release|Any CPU
		{F717347D-8656-44DA-A4A2-BE515E8C4655}.Release-CD|x64.ActiveCfg = Release|x64
		{F717347D-8656-44DA-A4A2-BE515E8C4655}.Release-CD|x86.ActiveCfg = Release|x86
		{F717347D-8656-44DA-A4A2-BE515E8C4655}.Release-CI|Any CPU.ActiveCfg = Release|Any CPU
		{F717347D-8656-44DA-A4A2-BE515E8C4655}.Release-CI|Any CPU.Build.0 = Release|Any CPU
		{F717347D-8656-44DA-A4A2-BE515E8C4655}.Release-CI|x64.ActiveCfg = Release|x64
		{F717347D-8656-44DA-A4A2-BE515E8C4655}.Release-CI|x64.Build.0 = Release|x64
		{F717347D-8656-44DA-A4A2-BE515E8C4655}.Release-CI|x86.ActiveCfg = Release|x86
		{F717347D-8656-44DA-A4A2-BE515E8C4655}.Release-CI|x86.Build.0 = Release|x86
		{4A0AFE96-F5C0-4270-AA32-938F6CAEE404}.Debug|Any CPU.ActiveCfg = Debug|Any CPU
		{4A0AFE96-F5C0-4270-AA32-938F6CAEE404}.Debug|Any CPU.Build.0 = Debug|Any CPU
		{4A0AFE96-F5C0-4270-AA32-938F6CAEE404}.Debug|x64.ActiveCfg = Debug|x64
		{4A0AFE96-F5C0-4270-AA32-938F6CAEE404}.Debug|x64.Build.0 = Debug|x64
		{4A0AFE96-F5C0-4270-AA32-938F6CAEE404}.Debug|x86.ActiveCfg = Debug|x86
		{4A0AFE96-F5C0-4270-AA32-938F6CAEE404}.Debug|x86.Build.0 = Debug|x86
		{4A0AFE96-F5C0-4270-AA32-938F6CAEE404}.Release|Any CPU.ActiveCfg = Release|Any CPU
		{4A0AFE96-F5C0-4270-AA32-938F6CAEE404}.Release|Any CPU.Build.0 = Release|Any CPU
		{4A0AFE96-F5C0-4270-AA32-938F6CAEE404}.Release|x64.ActiveCfg = Release|x64
		{4A0AFE96-F5C0-4270-AA32-938F6CAEE404}.Release|x64.Build.0 = Release|x64
		{4A0AFE96-F5C0-4270-AA32-938F6CAEE404}.Release|x86.ActiveCfg = Release|x86
		{4A0AFE96-F5C0-4270-AA32-938F6CAEE404}.Release|x86.Build.0 = Release|x86
		{4A0AFE96-F5C0-4270-AA32-938F6CAEE404}.Release-CD|Any CPU.ActiveCfg = Release|Any CPU
		{4A0AFE96-F5C0-4270-AA32-938F6CAEE404}.Release-CD|x64.ActiveCfg = Release|x64
		{4A0AFE96-F5C0-4270-AA32-938F6CAEE404}.Release-CD|x86.ActiveCfg = Release|x86
		{4A0AFE96-F5C0-4270-AA32-938F6CAEE404}.Release-CI|Any CPU.ActiveCfg = Release|Any CPU
		{4A0AFE96-F5C0-4270-AA32-938F6CAEE404}.Release-CI|Any CPU.Build.0 = Release|Any CPU
		{4A0AFE96-F5C0-4270-AA32-938F6CAEE404}.Release-CI|x64.ActiveCfg = Release|x64
		{4A0AFE96-F5C0-4270-AA32-938F6CAEE404}.Release-CI|x64.Build.0 = Release|x64
		{4A0AFE96-F5C0-4270-AA32-938F6CAEE404}.Release-CI|x86.ActiveCfg = Release|x86
		{4A0AFE96-F5C0-4270-AA32-938F6CAEE404}.Release-CI|x86.Build.0 = Release|x86
		{16CAC35E-4DBB-433B-92E3-8B285206DDCB}.Debug|Any CPU.ActiveCfg = Debug|Any CPU
		{16CAC35E-4DBB-433B-92E3-8B285206DDCB}.Debug|Any CPU.Build.0 = Debug|Any CPU
		{16CAC35E-4DBB-433B-92E3-8B285206DDCB}.Debug|x64.ActiveCfg = Debug|x64
		{16CAC35E-4DBB-433B-92E3-8B285206DDCB}.Debug|x64.Build.0 = Debug|x64
		{16CAC35E-4DBB-433B-92E3-8B285206DDCB}.Debug|x86.ActiveCfg = Debug|x86
		{16CAC35E-4DBB-433B-92E3-8B285206DDCB}.Debug|x86.Build.0 = Debug|x86
		{16CAC35E-4DBB-433B-92E3-8B285206DDCB}.Release|Any CPU.ActiveCfg = Release|Any CPU
		{16CAC35E-4DBB-433B-92E3-8B285206DDCB}.Release|Any CPU.Build.0 = Release|Any CPU
		{16CAC35E-4DBB-433B-92E3-8B285206DDCB}.Release|x64.ActiveCfg = Release|x64
		{16CAC35E-4DBB-433B-92E3-8B285206DDCB}.Release|x64.Build.0 = Release|x64
		{16CAC35E-4DBB-433B-92E3-8B285206DDCB}.Release|x86.ActiveCfg = Release|x86
		{16CAC35E-4DBB-433B-92E3-8B285206DDCB}.Release|x86.Build.0 = Release|x86
		{16CAC35E-4DBB-433B-92E3-8B285206DDCB}.Release-CD|Any CPU.ActiveCfg = Release|Any CPU
		{16CAC35E-4DBB-433B-92E3-8B285206DDCB}.Release-CD|x64.ActiveCfg = Release|x64
		{16CAC35E-4DBB-433B-92E3-8B285206DDCB}.Release-CD|x86.ActiveCfg = Release|x86
		{16CAC35E-4DBB-433B-92E3-8B285206DDCB}.Release-CI|Any CPU.ActiveCfg = Release|Any CPU
		{16CAC35E-4DBB-433B-92E3-8B285206DDCB}.Release-CI|Any CPU.Build.0 = Release|Any CPU
		{16CAC35E-4DBB-433B-92E3-8B285206DDCB}.Release-CI|x64.ActiveCfg = Release|x64
		{16CAC35E-4DBB-433B-92E3-8B285206DDCB}.Release-CI|x64.Build.0 = Release|x64
		{16CAC35E-4DBB-433B-92E3-8B285206DDCB}.Release-CI|x86.ActiveCfg = Release|x86
		{16CAC35E-4DBB-433B-92E3-8B285206DDCB}.Release-CI|x86.Build.0 = Release|x86
		{5CCF7E79-C4D4-4A0E-96E0-1BE4B3CFE91C}.Debug|Any CPU.ActiveCfg = Debug|Any CPU
		{5CCF7E79-C4D4-4A0E-96E0-1BE4B3CFE91C}.Debug|Any CPU.Build.0 = Debug|Any CPU
		{5CCF7E79-C4D4-4A0E-96E0-1BE4B3CFE91C}.Debug|x64.ActiveCfg = Debug|x64
		{5CCF7E79-C4D4-4A0E-96E0-1BE4B3CFE91C}.Debug|x64.Build.0 = Debug|x64
		{5CCF7E79-C4D4-4A0E-96E0-1BE4B3CFE91C}.Debug|x86.ActiveCfg = Debug|x86
		{5CCF7E79-C4D4-4A0E-96E0-1BE4B3CFE91C}.Debug|x86.Build.0 = Debug|x86
		{5CCF7E79-C4D4-4A0E-96E0-1BE4B3CFE91C}.Release|Any CPU.ActiveCfg = Release|Any CPU
		{5CCF7E79-C4D4-4A0E-96E0-1BE4B3CFE91C}.Release|Any CPU.Build.0 = Release|Any CPU
		{5CCF7E79-C4D4-4A0E-96E0-1BE4B3CFE91C}.Release|x64.ActiveCfg = Release|x64
		{5CCF7E79-C4D4-4A0E-96E0-1BE4B3CFE91C}.Release|x64.Build.0 = Release|x64
		{5CCF7E79-C4D4-4A0E-96E0-1BE4B3CFE91C}.Release|x86.ActiveCfg = Release|x86
		{5CCF7E79-C4D4-4A0E-96E0-1BE4B3CFE91C}.Release|x86.Build.0 = Release|x86
		{5CCF7E79-C4D4-4A0E-96E0-1BE4B3CFE91C}.Release-CD|Any CPU.ActiveCfg = Release|Any CPU
		{5CCF7E79-C4D4-4A0E-96E0-1BE4B3CFE91C}.Release-CD|x64.ActiveCfg = Release|x64
		{5CCF7E79-C4D4-4A0E-96E0-1BE4B3CFE91C}.Release-CD|x86.ActiveCfg = Release|x86
		{5CCF7E79-C4D4-4A0E-96E0-1BE4B3CFE91C}.Release-CI|Any CPU.ActiveCfg = Release|Any CPU
		{5CCF7E79-C4D4-4A0E-96E0-1BE4B3CFE91C}.Release-CI|Any CPU.Build.0 = Release|Any CPU
		{5CCF7E79-C4D4-4A0E-96E0-1BE4B3CFE91C}.Release-CI|x64.ActiveCfg = Release|x64
		{5CCF7E79-C4D4-4A0E-96E0-1BE4B3CFE91C}.Release-CI|x64.Build.0 = Release|x64
		{5CCF7E79-C4D4-4A0E-96E0-1BE4B3CFE91C}.Release-CI|x86.ActiveCfg = Release|x86
		{5CCF7E79-C4D4-4A0E-96E0-1BE4B3CFE91C}.Release-CI|x86.Build.0 = Release|x86
		{86F58E1A-180E-48A4-9DC3-AC6529E9FB85}.Debug|Any CPU.ActiveCfg = Debug|Any CPU
		{86F58E1A-180E-48A4-9DC3-AC6529E9FB85}.Debug|Any CPU.Build.0 = Debug|Any CPU
		{86F58E1A-180E-48A4-9DC3-AC6529E9FB85}.Debug|x64.ActiveCfg = Debug|x64
		{86F58E1A-180E-48A4-9DC3-AC6529E9FB85}.Debug|x64.Build.0 = Debug|x64
		{86F58E1A-180E-48A4-9DC3-AC6529E9FB85}.Debug|x86.ActiveCfg = Debug|x86
		{86F58E1A-180E-48A4-9DC3-AC6529E9FB85}.Debug|x86.Build.0 = Debug|x86
		{86F58E1A-180E-48A4-9DC3-AC6529E9FB85}.Release|Any CPU.ActiveCfg = Release|Any CPU
		{86F58E1A-180E-48A4-9DC3-AC6529E9FB85}.Release|Any CPU.Build.0 = Release|Any CPU
		{86F58E1A-180E-48A4-9DC3-AC6529E9FB85}.Release|x64.ActiveCfg = Release|x64
		{86F58E1A-180E-48A4-9DC3-AC6529E9FB85}.Release|x64.Build.0 = Release|x64
		{86F58E1A-180E-48A4-9DC3-AC6529E9FB85}.Release|x86.ActiveCfg = Release|x86
		{86F58E1A-180E-48A4-9DC3-AC6529E9FB85}.Release|x86.Build.0 = Release|x86
		{86F58E1A-180E-48A4-9DC3-AC6529E9FB85}.Release-CD|Any CPU.ActiveCfg = Release|Any CPU
		{86F58E1A-180E-48A4-9DC3-AC6529E9FB85}.Release-CD|x64.ActiveCfg = Release|x64
		{86F58E1A-180E-48A4-9DC3-AC6529E9FB85}.Release-CD|x86.ActiveCfg = Release|x86
		{86F58E1A-180E-48A4-9DC3-AC6529E9FB85}.Release-CI|Any CPU.ActiveCfg = Release|Any CPU
		{86F58E1A-180E-48A4-9DC3-AC6529E9FB85}.Release-CI|x64.ActiveCfg = Release|x64
		{86F58E1A-180E-48A4-9DC3-AC6529E9FB85}.Release-CI|x86.ActiveCfg = Release|x86
		{CFC02150-CD3E-4208-A028-75BDE3FFB5FA}.Debug|Any CPU.ActiveCfg = Debug|Any CPU
		{CFC02150-CD3E-4208-A028-75BDE3FFB5FA}.Debug|Any CPU.Build.0 = Debug|Any CPU
		{CFC02150-CD3E-4208-A028-75BDE3FFB5FA}.Debug|x64.ActiveCfg = Debug|x64
		{CFC02150-CD3E-4208-A028-75BDE3FFB5FA}.Debug|x64.Build.0 = Debug|x64
		{CFC02150-CD3E-4208-A028-75BDE3FFB5FA}.Debug|x86.ActiveCfg = Debug|x86
		{CFC02150-CD3E-4208-A028-75BDE3FFB5FA}.Debug|x86.Build.0 = Debug|x86
		{CFC02150-CD3E-4208-A028-75BDE3FFB5FA}.Release|Any CPU.ActiveCfg = Release|Any CPU
		{CFC02150-CD3E-4208-A028-75BDE3FFB5FA}.Release|Any CPU.Build.0 = Release|Any CPU
		{CFC02150-CD3E-4208-A028-75BDE3FFB5FA}.Release|x64.ActiveCfg = Release|x64
		{CFC02150-CD3E-4208-A028-75BDE3FFB5FA}.Release|x64.Build.0 = Release|x64
		{CFC02150-CD3E-4208-A028-75BDE3FFB5FA}.Release|x86.ActiveCfg = Release|x86
		{CFC02150-CD3E-4208-A028-75BDE3FFB5FA}.Release|x86.Build.0 = Release|x86
		{CFC02150-CD3E-4208-A028-75BDE3FFB5FA}.Release-CD|Any CPU.ActiveCfg = Release|Any CPU
		{CFC02150-CD3E-4208-A028-75BDE3FFB5FA}.Release-CD|x64.ActiveCfg = Release|x64
		{CFC02150-CD3E-4208-A028-75BDE3FFB5FA}.Release-CD|x86.ActiveCfg = Release|x86
		{CFC02150-CD3E-4208-A028-75BDE3FFB5FA}.Release-CI|Any CPU.ActiveCfg = Release|Any CPU
		{CFC02150-CD3E-4208-A028-75BDE3FFB5FA}.Release-CI|x64.ActiveCfg = Release|x64
		{CFC02150-CD3E-4208-A028-75BDE3FFB5FA}.Release-CI|x86.ActiveCfg = Release|x86
		{AB0DFBE4-052D-4F33-803E-E2DC5AC70D11}.Debug|Any CPU.ActiveCfg = Debug|Any CPU
		{AB0DFBE4-052D-4F33-803E-E2DC5AC70D11}.Debug|Any CPU.Build.0 = Debug|Any CPU
		{AB0DFBE4-052D-4F33-803E-E2DC5AC70D11}.Debug|x64.ActiveCfg = Debug|x64
		{AB0DFBE4-052D-4F33-803E-E2DC5AC70D11}.Debug|x64.Build.0 = Debug|x64
		{AB0DFBE4-052D-4F33-803E-E2DC5AC70D11}.Debug|x86.ActiveCfg = Debug|x86
		{AB0DFBE4-052D-4F33-803E-E2DC5AC70D11}.Debug|x86.Build.0 = Debug|x86
		{AB0DFBE4-052D-4F33-803E-E2DC5AC70D11}.Release|Any CPU.ActiveCfg = Release|Any CPU
		{AB0DFBE4-052D-4F33-803E-E2DC5AC70D11}.Release|Any CPU.Build.0 = Release|Any CPU
		{AB0DFBE4-052D-4F33-803E-E2DC5AC70D11}.Release|x64.ActiveCfg = Release|x64
		{AB0DFBE4-052D-4F33-803E-E2DC5AC70D11}.Release|x64.Build.0 = Release|x64
		{AB0DFBE4-052D-4F33-803E-E2DC5AC70D11}.Release|x86.ActiveCfg = Release|x86
		{AB0DFBE4-052D-4F33-803E-E2DC5AC70D11}.Release|x86.Build.0 = Release|x86
		{AB0DFBE4-052D-4F33-803E-E2DC5AC70D11}.Release-CD|Any CPU.ActiveCfg = Release|Any CPU
		{AB0DFBE4-052D-4F33-803E-E2DC5AC70D11}.Release-CD|Any CPU.Build.0 = Release|Any CPU
		{AB0DFBE4-052D-4F33-803E-E2DC5AC70D11}.Release-CD|x64.ActiveCfg = Release|x64
		{AB0DFBE4-052D-4F33-803E-E2DC5AC70D11}.Release-CD|x64.Build.0 = Release|x64
		{AB0DFBE4-052D-4F33-803E-E2DC5AC70D11}.Release-CD|x86.ActiveCfg = Release|x86
		{AB0DFBE4-052D-4F33-803E-E2DC5AC70D11}.Release-CD|x86.Build.0 = Release|x86
		{AB0DFBE4-052D-4F33-803E-E2DC5AC70D11}.Release-CI|Any CPU.ActiveCfg = Release|Any CPU
		{AB0DFBE4-052D-4F33-803E-E2DC5AC70D11}.Release-CI|Any CPU.Build.0 = Release|Any CPU
		{AB0DFBE4-052D-4F33-803E-E2DC5AC70D11}.Release-CI|x64.ActiveCfg = Release|x64
		{AB0DFBE4-052D-4F33-803E-E2DC5AC70D11}.Release-CI|x64.Build.0 = Release|x64
		{AB0DFBE4-052D-4F33-803E-E2DC5AC70D11}.Release-CI|x86.ActiveCfg = Release|x86
		{AB0DFBE4-052D-4F33-803E-E2DC5AC70D11}.Release-CI|x86.Build.0 = Release|x86
		{4267AA33-CBC6-4B47-883A-B3690B7EEA50}.Debug|Any CPU.ActiveCfg = Debug|Any CPU
		{4267AA33-CBC6-4B47-883A-B3690B7EEA50}.Debug|Any CPU.Build.0 = Debug|Any CPU
		{4267AA33-CBC6-4B47-883A-B3690B7EEA50}.Debug|x64.ActiveCfg = Debug|x64
		{4267AA33-CBC6-4B47-883A-B3690B7EEA50}.Debug|x64.Build.0 = Debug|x64
		{4267AA33-CBC6-4B47-883A-B3690B7EEA50}.Debug|x86.ActiveCfg = Debug|x86
		{4267AA33-CBC6-4B47-883A-B3690B7EEA50}.Debug|x86.Build.0 = Debug|x86
		{4267AA33-CBC6-4B47-883A-B3690B7EEA50}.Release|Any CPU.ActiveCfg = Release|Any CPU
		{4267AA33-CBC6-4B47-883A-B3690B7EEA50}.Release|Any CPU.Build.0 = Release|Any CPU
		{4267AA33-CBC6-4B47-883A-B3690B7EEA50}.Release|x64.ActiveCfg = Release|x64
		{4267AA33-CBC6-4B47-883A-B3690B7EEA50}.Release|x64.Build.0 = Release|x64
		{4267AA33-CBC6-4B47-883A-B3690B7EEA50}.Release|x86.ActiveCfg = Release|x86
		{4267AA33-CBC6-4B47-883A-B3690B7EEA50}.Release|x86.Build.0 = Release|x86
		{4267AA33-CBC6-4B47-883A-B3690B7EEA50}.Release-CD|Any CPU.ActiveCfg = Release|Any CPU
		{4267AA33-CBC6-4B47-883A-B3690B7EEA50}.Release-CD|Any CPU.Build.0 = Release|Any CPU
		{4267AA33-CBC6-4B47-883A-B3690B7EEA50}.Release-CD|x64.ActiveCfg = Release|x64
		{4267AA33-CBC6-4B47-883A-B3690B7EEA50}.Release-CD|x64.Build.0 = Release|x64
		{4267AA33-CBC6-4B47-883A-B3690B7EEA50}.Release-CD|x86.ActiveCfg = Release|x86
		{4267AA33-CBC6-4B47-883A-B3690B7EEA50}.Release-CD|x86.Build.0 = Release|x86
		{4267AA33-CBC6-4B47-883A-B3690B7EEA50}.Release-CI|Any CPU.ActiveCfg = Release|Any CPU
		{4267AA33-CBC6-4B47-883A-B3690B7EEA50}.Release-CI|Any CPU.Build.0 = Release|Any CPU
		{4267AA33-CBC6-4B47-883A-B3690B7EEA50}.Release-CI|x64.ActiveCfg = Release|x64
		{4267AA33-CBC6-4B47-883A-B3690B7EEA50}.Release-CI|x64.Build.0 = Release|x64
		{4267AA33-CBC6-4B47-883A-B3690B7EEA50}.Release-CI|x86.ActiveCfg = Release|x86
		{4267AA33-CBC6-4B47-883A-B3690B7EEA50}.Release-CI|x86.Build.0 = Release|x86
		{74C93FC1-2104-4D48-A4C6-088C5DAF7561}.Debug|Any CPU.ActiveCfg = Debug|Any CPU
		{74C93FC1-2104-4D48-A4C6-088C5DAF7561}.Debug|Any CPU.Build.0 = Debug|Any CPU
		{74C93FC1-2104-4D48-A4C6-088C5DAF7561}.Debug|x64.ActiveCfg = Debug|x64
		{74C93FC1-2104-4D48-A4C6-088C5DAF7561}.Debug|x64.Build.0 = Debug|x64
		{74C93FC1-2104-4D48-A4C6-088C5DAF7561}.Debug|x86.ActiveCfg = Debug|x86
		{74C93FC1-2104-4D48-A4C6-088C5DAF7561}.Debug|x86.Build.0 = Debug|x86
		{74C93FC1-2104-4D48-A4C6-088C5DAF7561}.Release|Any CPU.ActiveCfg = Release|Any CPU
		{74C93FC1-2104-4D48-A4C6-088C5DAF7561}.Release|Any CPU.Build.0 = Release|Any CPU
		{74C93FC1-2104-4D48-A4C6-088C5DAF7561}.Release|x64.ActiveCfg = Release|x64
		{74C93FC1-2104-4D48-A4C6-088C5DAF7561}.Release|x64.Build.0 = Release|x64
		{74C93FC1-2104-4D48-A4C6-088C5DAF7561}.Release|x86.ActiveCfg = Release|x86
		{74C93FC1-2104-4D48-A4C6-088C5DAF7561}.Release|x86.Build.0 = Release|x86
		{74C93FC1-2104-4D48-A4C6-088C5DAF7561}.Release-CD|Any CPU.ActiveCfg = Release|Any CPU
		{74C93FC1-2104-4D48-A4C6-088C5DAF7561}.Release-CD|Any CPU.Build.0 = Release|Any CPU
		{74C93FC1-2104-4D48-A4C6-088C5DAF7561}.Release-CD|x64.ActiveCfg = Release|x64
		{74C93FC1-2104-4D48-A4C6-088C5DAF7561}.Release-CD|x64.Build.0 = Release|x64
		{74C93FC1-2104-4D48-A4C6-088C5DAF7561}.Release-CD|x86.ActiveCfg = Release|x86
		{74C93FC1-2104-4D48-A4C6-088C5DAF7561}.Release-CD|x86.Build.0 = Release|x86
		{74C93FC1-2104-4D48-A4C6-088C5DAF7561}.Release-CI|Any CPU.ActiveCfg = Release|Any CPU
		{74C93FC1-2104-4D48-A4C6-088C5DAF7561}.Release-CI|Any CPU.Build.0 = Release|Any CPU
		{74C93FC1-2104-4D48-A4C6-088C5DAF7561}.Release-CI|x64.ActiveCfg = Release|x64
		{74C93FC1-2104-4D48-A4C6-088C5DAF7561}.Release-CI|x64.Build.0 = Release|x64
		{74C93FC1-2104-4D48-A4C6-088C5DAF7561}.Release-CI|x86.ActiveCfg = Release|x86
		{74C93FC1-2104-4D48-A4C6-088C5DAF7561}.Release-CI|x86.Build.0 = Release|x86
		{EE18C665-B9C4-47E4-BD10-FDD62F945346}.Debug|Any CPU.ActiveCfg = Debug|Any CPU
		{EE18C665-B9C4-47E4-BD10-FDD62F945346}.Debug|Any CPU.Build.0 = Debug|Any CPU
		{EE18C665-B9C4-47E4-BD10-FDD62F945346}.Debug|x64.ActiveCfg = Debug|x64
		{EE18C665-B9C4-47E4-BD10-FDD62F945346}.Debug|x64.Build.0 = Debug|x64
		{EE18C665-B9C4-47E4-BD10-FDD62F945346}.Debug|x86.ActiveCfg = Debug|x86
		{EE18C665-B9C4-47E4-BD10-FDD62F945346}.Debug|x86.Build.0 = Debug|x86
		{EE18C665-B9C4-47E4-BD10-FDD62F945346}.Release|Any CPU.ActiveCfg = Release|Any CPU
		{EE18C665-B9C4-47E4-BD10-FDD62F945346}.Release|Any CPU.Build.0 = Release|Any CPU
		{EE18C665-B9C4-47E4-BD10-FDD62F945346}.Release|x64.ActiveCfg = Release|x64
		{EE18C665-B9C4-47E4-BD10-FDD62F945346}.Release|x64.Build.0 = Release|x64
		{EE18C665-B9C4-47E4-BD10-FDD62F945346}.Release|x86.ActiveCfg = Release|x86
		{EE18C665-B9C4-47E4-BD10-FDD62F945346}.Release|x86.Build.0 = Release|x86
		{EE18C665-B9C4-47E4-BD10-FDD62F945346}.Release-CD|Any CPU.ActiveCfg = Release|Any CPU
		{EE18C665-B9C4-47E4-BD10-FDD62F945346}.Release-CD|Any CPU.Build.0 = Release|Any CPU
		{EE18C665-B9C4-47E4-BD10-FDD62F945346}.Release-CD|x64.ActiveCfg = Release|x64
		{EE18C665-B9C4-47E4-BD10-FDD62F945346}.Release-CD|x64.Build.0 = Release|x64
		{EE18C665-B9C4-47E4-BD10-FDD62F945346}.Release-CD|x86.ActiveCfg = Release|x86
		{EE18C665-B9C4-47E4-BD10-FDD62F945346}.Release-CD|x86.Build.0 = Release|x86
		{EE18C665-B9C4-47E4-BD10-FDD62F945346}.Release-CI|Any CPU.ActiveCfg = Release|Any CPU
		{EE18C665-B9C4-47E4-BD10-FDD62F945346}.Release-CI|Any CPU.Build.0 = Release|Any CPU
		{EE18C665-B9C4-47E4-BD10-FDD62F945346}.Release-CI|x64.ActiveCfg = Release|x64
		{EE18C665-B9C4-47E4-BD10-FDD62F945346}.Release-CI|x64.Build.0 = Release|x64
		{EE18C665-B9C4-47E4-BD10-FDD62F945346}.Release-CI|x86.ActiveCfg = Release|x86
		{EE18C665-B9C4-47E4-BD10-FDD62F945346}.Release-CI|x86.Build.0 = Release|x86
		{8016B9C7-DE6E-4025-9ACA-1ECBF0A0D54D}.Debug|Any CPU.ActiveCfg = Debug|Any CPU
		{8016B9C7-DE6E-4025-9ACA-1ECBF0A0D54D}.Debug|Any CPU.Build.0 = Debug|Any CPU
		{8016B9C7-DE6E-4025-9ACA-1ECBF0A0D54D}.Debug|x64.ActiveCfg = Debug|x64
		{8016B9C7-DE6E-4025-9ACA-1ECBF0A0D54D}.Debug|x64.Build.0 = Debug|x64
		{8016B9C7-DE6E-4025-9ACA-1ECBF0A0D54D}.Debug|x86.ActiveCfg = Debug|x86
		{8016B9C7-DE6E-4025-9ACA-1ECBF0A0D54D}.Debug|x86.Build.0 = Debug|x86
		{8016B9C7-DE6E-4025-9ACA-1ECBF0A0D54D}.Release|Any CPU.ActiveCfg = Release|Any CPU
		{8016B9C7-DE6E-4025-9ACA-1ECBF0A0D54D}.Release|Any CPU.Build.0 = Release|Any CPU
		{8016B9C7-DE6E-4025-9ACA-1ECBF0A0D54D}.Release|x64.ActiveCfg = Release|x64
		{8016B9C7-DE6E-4025-9ACA-1ECBF0A0D54D}.Release|x64.Build.0 = Release|x64
		{8016B9C7-DE6E-4025-9ACA-1ECBF0A0D54D}.Release|x86.ActiveCfg = Release|x86
		{8016B9C7-DE6E-4025-9ACA-1ECBF0A0D54D}.Release|x86.Build.0 = Release|x86
		{8016B9C7-DE6E-4025-9ACA-1ECBF0A0D54D}.Release-CD|Any CPU.ActiveCfg = Release|Any CPU
		{8016B9C7-DE6E-4025-9ACA-1ECBF0A0D54D}.Release-CD|Any CPU.Build.0 = Release|Any CPU
		{8016B9C7-DE6E-4025-9ACA-1ECBF0A0D54D}.Release-CD|x64.ActiveCfg = Release|x64
		{8016B9C7-DE6E-4025-9ACA-1ECBF0A0D54D}.Release-CD|x64.Build.0 = Release|x64
		{8016B9C7-DE6E-4025-9ACA-1ECBF0A0D54D}.Release-CD|x86.ActiveCfg = Release|x86
		{8016B9C7-DE6E-4025-9ACA-1ECBF0A0D54D}.Release-CD|x86.Build.0 = Release|x86
		{8016B9C7-DE6E-4025-9ACA-1ECBF0A0D54D}.Release-CI|Any CPU.ActiveCfg = Release|Any CPU
		{8016B9C7-DE6E-4025-9ACA-1ECBF0A0D54D}.Release-CI|Any CPU.Build.0 = Release|Any CPU
		{8016B9C7-DE6E-4025-9ACA-1ECBF0A0D54D}.Release-CI|x64.ActiveCfg = Release|x64
		{8016B9C7-DE6E-4025-9ACA-1ECBF0A0D54D}.Release-CI|x64.Build.0 = Release|x64
		{8016B9C7-DE6E-4025-9ACA-1ECBF0A0D54D}.Release-CI|x86.ActiveCfg = Release|x86
		{8016B9C7-DE6E-4025-9ACA-1ECBF0A0D54D}.Release-CI|x86.Build.0 = Release|x86
		{38824BA1-54E2-41C7-81A6-A0B27EE3F37A}.Debug|Any CPU.ActiveCfg = Debug|Any CPU
		{38824BA1-54E2-41C7-81A6-A0B27EE3F37A}.Debug|Any CPU.Build.0 = Debug|Any CPU
		{38824BA1-54E2-41C7-81A6-A0B27EE3F37A}.Debug|x64.ActiveCfg = Debug|x64
		{38824BA1-54E2-41C7-81A6-A0B27EE3F37A}.Debug|x64.Build.0 = Debug|x64
		{38824BA1-54E2-41C7-81A6-A0B27EE3F37A}.Debug|x86.ActiveCfg = Debug|x86
		{38824BA1-54E2-41C7-81A6-A0B27EE3F37A}.Debug|x86.Build.0 = Debug|x86
		{38824BA1-54E2-41C7-81A6-A0B27EE3F37A}.Release|Any CPU.ActiveCfg = Release|Any CPU
		{38824BA1-54E2-41C7-81A6-A0B27EE3F37A}.Release|Any CPU.Build.0 = Release|Any CPU
		{38824BA1-54E2-41C7-81A6-A0B27EE3F37A}.Release|x64.ActiveCfg = Release|x64
		{38824BA1-54E2-41C7-81A6-A0B27EE3F37A}.Release|x64.Build.0 = Release|x64
		{38824BA1-54E2-41C7-81A6-A0B27EE3F37A}.Release|x86.ActiveCfg = Release|x86
		{38824BA1-54E2-41C7-81A6-A0B27EE3F37A}.Release|x86.Build.0 = Release|x86
		{38824BA1-54E2-41C7-81A6-A0B27EE3F37A}.Release-CD|Any CPU.ActiveCfg = Release|Any CPU
		{38824BA1-54E2-41C7-81A6-A0B27EE3F37A}.Release-CD|Any CPU.Build.0 = Release|Any CPU
		{38824BA1-54E2-41C7-81A6-A0B27EE3F37A}.Release-CD|x64.ActiveCfg = Release|x64
		{38824BA1-54E2-41C7-81A6-A0B27EE3F37A}.Release-CD|x64.Build.0 = Release|x64
		{38824BA1-54E2-41C7-81A6-A0B27EE3F37A}.Release-CD|x86.ActiveCfg = Release|x86
		{38824BA1-54E2-41C7-81A6-A0B27EE3F37A}.Release-CD|x86.Build.0 = Release|x86
		{38824BA1-54E2-41C7-81A6-A0B27EE3F37A}.Release-CI|Any CPU.ActiveCfg = Release|Any CPU
		{38824BA1-54E2-41C7-81A6-A0B27EE3F37A}.Release-CI|Any CPU.Build.0 = Release|Any CPU
		{38824BA1-54E2-41C7-81A6-A0B27EE3F37A}.Release-CI|x64.ActiveCfg = Release|x64
		{38824BA1-54E2-41C7-81A6-A0B27EE3F37A}.Release-CI|x64.Build.0 = Release|x64
		{38824BA1-54E2-41C7-81A6-A0B27EE3F37A}.Release-CI|x86.ActiveCfg = Release|x86
		{38824BA1-54E2-41C7-81A6-A0B27EE3F37A}.Release-CI|x86.Build.0 = Release|x86
		{6C861F8F-166F-4358-BB5A-8CDE6425F893}.Debug|Any CPU.ActiveCfg = Debug|Any CPU
		{6C861F8F-166F-4358-BB5A-8CDE6425F893}.Debug|Any CPU.Build.0 = Debug|Any CPU
		{6C861F8F-166F-4358-BB5A-8CDE6425F893}.Debug|x64.ActiveCfg = Debug|x64
		{6C861F8F-166F-4358-BB5A-8CDE6425F893}.Debug|x64.Build.0 = Debug|x64
		{6C861F8F-166F-4358-BB5A-8CDE6425F893}.Debug|x86.ActiveCfg = Debug|x86
		{6C861F8F-166F-4358-BB5A-8CDE6425F893}.Debug|x86.Build.0 = Debug|x86
		{6C861F8F-166F-4358-BB5A-8CDE6425F893}.Release|Any CPU.ActiveCfg = Release|Any CPU
		{6C861F8F-166F-4358-BB5A-8CDE6425F893}.Release|Any CPU.Build.0 = Release|Any CPU
		{6C861F8F-166F-4358-BB5A-8CDE6425F893}.Release|x64.ActiveCfg = Release|x64
		{6C861F8F-166F-4358-BB5A-8CDE6425F893}.Release|x64.Build.0 = Release|x64
		{6C861F8F-166F-4358-BB5A-8CDE6425F893}.Release|x86.ActiveCfg = Release|x86
		{6C861F8F-166F-4358-BB5A-8CDE6425F893}.Release|x86.Build.0 = Release|x86
		{6C861F8F-166F-4358-BB5A-8CDE6425F893}.Release-CD|Any CPU.ActiveCfg = Release|Any CPU
		{6C861F8F-166F-4358-BB5A-8CDE6425F893}.Release-CD|Any CPU.Build.0 = Release|Any CPU
		{6C861F8F-166F-4358-BB5A-8CDE6425F893}.Release-CD|x64.ActiveCfg = Release|x64
		{6C861F8F-166F-4358-BB5A-8CDE6425F893}.Release-CD|x64.Build.0 = Release|x64
		{6C861F8F-166F-4358-BB5A-8CDE6425F893}.Release-CD|x86.ActiveCfg = Release|x86
		{6C861F8F-166F-4358-BB5A-8CDE6425F893}.Release-CD|x86.Build.0 = Release|x86
		{6C861F8F-166F-4358-BB5A-8CDE6425F893}.Release-CI|Any CPU.ActiveCfg = Release|Any CPU
		{6C861F8F-166F-4358-BB5A-8CDE6425F893}.Release-CI|Any CPU.Build.0 = Release|Any CPU
		{6C861F8F-166F-4358-BB5A-8CDE6425F893}.Release-CI|x64.ActiveCfg = Release|x64
		{6C861F8F-166F-4358-BB5A-8CDE6425F893}.Release-CI|x64.Build.0 = Release|x64
		{6C861F8F-166F-4358-BB5A-8CDE6425F893}.Release-CI|x86.ActiveCfg = Release|x86
		{6C861F8F-166F-4358-BB5A-8CDE6425F893}.Release-CI|x86.Build.0 = Release|x86
		{DB974A43-8C8C-4782-B1DD-841A52560701}.Debug|Any CPU.ActiveCfg = Debug|Any CPU
		{DB974A43-8C8C-4782-B1DD-841A52560701}.Debug|Any CPU.Build.0 = Debug|Any CPU
		{DB974A43-8C8C-4782-B1DD-841A52560701}.Debug|x64.ActiveCfg = Debug|x64
		{DB974A43-8C8C-4782-B1DD-841A52560701}.Debug|x64.Build.0 = Debug|x64
		{DB974A43-8C8C-4782-B1DD-841A52560701}.Debug|x86.ActiveCfg = Debug|x86
		{DB974A43-8C8C-4782-B1DD-841A52560701}.Debug|x86.Build.0 = Debug|x86
		{DB974A43-8C8C-4782-B1DD-841A52560701}.Release|Any CPU.ActiveCfg = Release|Any CPU
		{DB974A43-8C8C-4782-B1DD-841A52560701}.Release|Any CPU.Build.0 = Release|Any CPU
		{DB974A43-8C8C-4782-B1DD-841A52560701}.Release|x64.ActiveCfg = Release|x64
		{DB974A43-8C8C-4782-B1DD-841A52560701}.Release|x64.Build.0 = Release|x64
		{DB974A43-8C8C-4782-B1DD-841A52560701}.Release|x86.ActiveCfg = Release|x86
		{DB974A43-8C8C-4782-B1DD-841A52560701}.Release|x86.Build.0 = Release|x86
		{DB974A43-8C8C-4782-B1DD-841A52560701}.Release-CD|Any CPU.ActiveCfg = Release|Any CPU
		{DB974A43-8C8C-4782-B1DD-841A52560701}.Release-CD|Any CPU.Build.0 = Release|Any CPU
		{DB974A43-8C8C-4782-B1DD-841A52560701}.Release-CD|x64.ActiveCfg = Release|x64
		{DB974A43-8C8C-4782-B1DD-841A52560701}.Release-CD|x64.Build.0 = Release|x64
		{DB974A43-8C8C-4782-B1DD-841A52560701}.Release-CD|x86.ActiveCfg = Release|x86
		{DB974A43-8C8C-4782-B1DD-841A52560701}.Release-CD|x86.Build.0 = Release|x86
		{DB974A43-8C8C-4782-B1DD-841A52560701}.Release-CI|Any CPU.ActiveCfg = Release|Any CPU
		{DB974A43-8C8C-4782-B1DD-841A52560701}.Release-CI|Any CPU.Build.0 = Release|Any CPU
		{DB974A43-8C8C-4782-B1DD-841A52560701}.Release-CI|x64.ActiveCfg = Release|x64
		{DB974A43-8C8C-4782-B1DD-841A52560701}.Release-CI|x64.Build.0 = Release|x64
		{DB974A43-8C8C-4782-B1DD-841A52560701}.Release-CI|x86.ActiveCfg = Release|x86
		{DB974A43-8C8C-4782-B1DD-841A52560701}.Release-CI|x86.Build.0 = Release|x86
		{DD633F5F-0B81-4A57-B4D7-77C2BB278E27}.Debug|Any CPU.ActiveCfg = Debug|Any CPU
		{DD633F5F-0B81-4A57-B4D7-77C2BB278E27}.Debug|Any CPU.Build.0 = Debug|Any CPU
		{DD633F5F-0B81-4A57-B4D7-77C2BB278E27}.Debug|x64.ActiveCfg = Debug|x64
		{DD633F5F-0B81-4A57-B4D7-77C2BB278E27}.Debug|x64.Build.0 = Debug|x64
		{DD633F5F-0B81-4A57-B4D7-77C2BB278E27}.Debug|x86.ActiveCfg = Debug|x86
		{DD633F5F-0B81-4A57-B4D7-77C2BB278E27}.Debug|x86.Build.0 = Debug|x86
		{DD633F5F-0B81-4A57-B4D7-77C2BB278E27}.Release|Any CPU.ActiveCfg = Release|Any CPU
		{DD633F5F-0B81-4A57-B4D7-77C2BB278E27}.Release|Any CPU.Build.0 = Release|Any CPU
		{DD633F5F-0B81-4A57-B4D7-77C2BB278E27}.Release|x64.ActiveCfg = Release|x64
		{DD633F5F-0B81-4A57-B4D7-77C2BB278E27}.Release|x64.Build.0 = Release|x64
		{DD633F5F-0B81-4A57-B4D7-77C2BB278E27}.Release|x86.ActiveCfg = Release|x86
		{DD633F5F-0B81-4A57-B4D7-77C2BB278E27}.Release|x86.Build.0 = Release|x86
		{DD633F5F-0B81-4A57-B4D7-77C2BB278E27}.Release-CD|Any CPU.ActiveCfg = Release|Any CPU
		{DD633F5F-0B81-4A57-B4D7-77C2BB278E27}.Release-CD|Any CPU.Build.0 = Release|Any CPU
		{DD633F5F-0B81-4A57-B4D7-77C2BB278E27}.Release-CD|x64.ActiveCfg = Release|x64
		{DD633F5F-0B81-4A57-B4D7-77C2BB278E27}.Release-CD|x64.Build.0 = Release|x64
		{DD633F5F-0B81-4A57-B4D7-77C2BB278E27}.Release-CD|x86.ActiveCfg = Release|x86
		{DD633F5F-0B81-4A57-B4D7-77C2BB278E27}.Release-CD|x86.Build.0 = Release|x86
		{DD633F5F-0B81-4A57-B4D7-77C2BB278E27}.Release-CI|Any CPU.ActiveCfg = Release|Any CPU
		{DD633F5F-0B81-4A57-B4D7-77C2BB278E27}.Release-CI|Any CPU.Build.0 = Release|Any CPU
		{DD633F5F-0B81-4A57-B4D7-77C2BB278E27}.Release-CI|x64.ActiveCfg = Release|x64
		{DD633F5F-0B81-4A57-B4D7-77C2BB278E27}.Release-CI|x64.Build.0 = Release|x64
		{DD633F5F-0B81-4A57-B4D7-77C2BB278E27}.Release-CI|x86.ActiveCfg = Release|x86
		{DD633F5F-0B81-4A57-B4D7-77C2BB278E27}.Release-CI|x86.Build.0 = Release|x86
		{FCCBAFBB-FAF9-4FEC-917B-69672515556C}.Debug|Any CPU.ActiveCfg = Debug|Any CPU
		{FCCBAFBB-FAF9-4FEC-917B-69672515556C}.Debug|Any CPU.Build.0 = Debug|Any CPU
		{FCCBAFBB-FAF9-4FEC-917B-69672515556C}.Debug|x64.ActiveCfg = Debug|x64
		{FCCBAFBB-FAF9-4FEC-917B-69672515556C}.Debug|x64.Build.0 = Debug|x64
		{FCCBAFBB-FAF9-4FEC-917B-69672515556C}.Debug|x86.ActiveCfg = Debug|x86
		{FCCBAFBB-FAF9-4FEC-917B-69672515556C}.Debug|x86.Build.0 = Debug|x86
		{FCCBAFBB-FAF9-4FEC-917B-69672515556C}.Release|Any CPU.ActiveCfg = Release|Any CPU
		{FCCBAFBB-FAF9-4FEC-917B-69672515556C}.Release|Any CPU.Build.0 = Release|Any CPU
		{FCCBAFBB-FAF9-4FEC-917B-69672515556C}.Release|x64.ActiveCfg = Release|x64
		{FCCBAFBB-FAF9-4FEC-917B-69672515556C}.Release|x64.Build.0 = Release|x64
		{FCCBAFBB-FAF9-4FEC-917B-69672515556C}.Release|x86.ActiveCfg = Release|x86
		{FCCBAFBB-FAF9-4FEC-917B-69672515556C}.Release|x86.Build.0 = Release|x86
		{FCCBAFBB-FAF9-4FEC-917B-69672515556C}.Release-CD|Any CPU.ActiveCfg = Release|Any CPU
		{FCCBAFBB-FAF9-4FEC-917B-69672515556C}.Release-CD|Any CPU.Build.0 = Release|Any CPU
		{FCCBAFBB-FAF9-4FEC-917B-69672515556C}.Release-CD|x64.ActiveCfg = Release|x64
		{FCCBAFBB-FAF9-4FEC-917B-69672515556C}.Release-CD|x64.Build.0 = Release|x64
		{FCCBAFBB-FAF9-4FEC-917B-69672515556C}.Release-CD|x86.ActiveCfg = Release|x86
		{FCCBAFBB-FAF9-4FEC-917B-69672515556C}.Release-CD|x86.Build.0 = Release|x86
		{FCCBAFBB-FAF9-4FEC-917B-69672515556C}.Release-CI|Any CPU.ActiveCfg = Release|Any CPU
		{FCCBAFBB-FAF9-4FEC-917B-69672515556C}.Release-CI|Any CPU.Build.0 = Release|Any CPU
		{FCCBAFBB-FAF9-4FEC-917B-69672515556C}.Release-CI|x64.ActiveCfg = Release|x64
		{FCCBAFBB-FAF9-4FEC-917B-69672515556C}.Release-CI|x64.Build.0 = Release|x64
		{FCCBAFBB-FAF9-4FEC-917B-69672515556C}.Release-CI|x86.ActiveCfg = Release|x86
		{FCCBAFBB-FAF9-4FEC-917B-69672515556C}.Release-CI|x86.Build.0 = Release|x86
		{E7BAF25D-DF18-4E10-AB24-C9ADE90E848F}.Debug|Any CPU.ActiveCfg = Debug|Any CPU
		{E7BAF25D-DF18-4E10-AB24-C9ADE90E848F}.Debug|Any CPU.Build.0 = Debug|Any CPU
		{E7BAF25D-DF18-4E10-AB24-C9ADE90E848F}.Debug|x64.ActiveCfg = Debug|x64
		{E7BAF25D-DF18-4E10-AB24-C9ADE90E848F}.Debug|x64.Build.0 = Debug|x64
		{E7BAF25D-DF18-4E10-AB24-C9ADE90E848F}.Debug|x86.ActiveCfg = Debug|x86
		{E7BAF25D-DF18-4E10-AB24-C9ADE90E848F}.Debug|x86.Build.0 = Debug|x86
		{E7BAF25D-DF18-4E10-AB24-C9ADE90E848F}.Release|Any CPU.ActiveCfg = Release|Any CPU
		{E7BAF25D-DF18-4E10-AB24-C9ADE90E848F}.Release|Any CPU.Build.0 = Release|Any CPU
		{E7BAF25D-DF18-4E10-AB24-C9ADE90E848F}.Release|x64.ActiveCfg = Release|x64
		{E7BAF25D-DF18-4E10-AB24-C9ADE90E848F}.Release|x64.Build.0 = Release|x64
		{E7BAF25D-DF18-4E10-AB24-C9ADE90E848F}.Release|x86.ActiveCfg = Release|x86
		{E7BAF25D-DF18-4E10-AB24-C9ADE90E848F}.Release|x86.Build.0 = Release|x86
		{E7BAF25D-DF18-4E10-AB24-C9ADE90E848F}.Release-CD|Any CPU.ActiveCfg = Release|Any CPU
		{E7BAF25D-DF18-4E10-AB24-C9ADE90E848F}.Release-CD|Any CPU.Build.0 = Release|Any CPU
		{E7BAF25D-DF18-4E10-AB24-C9ADE90E848F}.Release-CD|x64.ActiveCfg = Release|x64
		{E7BAF25D-DF18-4E10-AB24-C9ADE90E848F}.Release-CD|x64.Build.0 = Release|x64
		{E7BAF25D-DF18-4E10-AB24-C9ADE90E848F}.Release-CD|x86.ActiveCfg = Release|x86
		{E7BAF25D-DF18-4E10-AB24-C9ADE90E848F}.Release-CD|x86.Build.0 = Release|x86
		{E7BAF25D-DF18-4E10-AB24-C9ADE90E848F}.Release-CI|Any CPU.ActiveCfg = Release|Any CPU
		{E7BAF25D-DF18-4E10-AB24-C9ADE90E848F}.Release-CI|Any CPU.Build.0 = Release|Any CPU
		{E7BAF25D-DF18-4E10-AB24-C9ADE90E848F}.Release-CI|x64.ActiveCfg = Release|x64
		{E7BAF25D-DF18-4E10-AB24-C9ADE90E848F}.Release-CI|x64.Build.0 = Release|x64
		{E7BAF25D-DF18-4E10-AB24-C9ADE90E848F}.Release-CI|x86.ActiveCfg = Release|x86
		{E7BAF25D-DF18-4E10-AB24-C9ADE90E848F}.Release-CI|x86.Build.0 = Release|x86
		{50ED7551-390D-491B-8C29-62C1A54CED3B}.Debug|Any CPU.ActiveCfg = Debug|Any CPU
		{50ED7551-390D-491B-8C29-62C1A54CED3B}.Debug|Any CPU.Build.0 = Debug|Any CPU
		{50ED7551-390D-491B-8C29-62C1A54CED3B}.Debug|x64.ActiveCfg = Debug|x64
		{50ED7551-390D-491B-8C29-62C1A54CED3B}.Debug|x64.Build.0 = Debug|x64
		{50ED7551-390D-491B-8C29-62C1A54CED3B}.Debug|x86.ActiveCfg = Debug|x86
		{50ED7551-390D-491B-8C29-62C1A54CED3B}.Debug|x86.Build.0 = Debug|x86
		{50ED7551-390D-491B-8C29-62C1A54CED3B}.Release|Any CPU.ActiveCfg = Release|Any CPU
		{50ED7551-390D-491B-8C29-62C1A54CED3B}.Release|Any CPU.Build.0 = Release|Any CPU
		{50ED7551-390D-491B-8C29-62C1A54CED3B}.Release|x64.ActiveCfg = Release|x64
		{50ED7551-390D-491B-8C29-62C1A54CED3B}.Release|x64.Build.0 = Release|x64
		{50ED7551-390D-491B-8C29-62C1A54CED3B}.Release|x86.ActiveCfg = Release|x86
		{50ED7551-390D-491B-8C29-62C1A54CED3B}.Release|x86.Build.0 = Release|x86
		{50ED7551-390D-491B-8C29-62C1A54CED3B}.Release-CD|Any CPU.ActiveCfg = Release|Any CPU
		{50ED7551-390D-491B-8C29-62C1A54CED3B}.Release-CD|Any CPU.Build.0 = Release|Any CPU
		{50ED7551-390D-491B-8C29-62C1A54CED3B}.Release-CD|x64.ActiveCfg = Release|x64
		{50ED7551-390D-491B-8C29-62C1A54CED3B}.Release-CD|x64.Build.0 = Release|x64
		{50ED7551-390D-491B-8C29-62C1A54CED3B}.Release-CD|x86.ActiveCfg = Release|x86
		{50ED7551-390D-491B-8C29-62C1A54CED3B}.Release-CD|x86.Build.0 = Release|x86
		{50ED7551-390D-491B-8C29-62C1A54CED3B}.Release-CI|Any CPU.ActiveCfg = Release|Any CPU
		{50ED7551-390D-491B-8C29-62C1A54CED3B}.Release-CI|Any CPU.Build.0 = Release|Any CPU
		{50ED7551-390D-491B-8C29-62C1A54CED3B}.Release-CI|x64.ActiveCfg = Release|x64
		{50ED7551-390D-491B-8C29-62C1A54CED3B}.Release-CI|x64.Build.0 = Release|x64
		{50ED7551-390D-491B-8C29-62C1A54CED3B}.Release-CI|x86.ActiveCfg = Release|x86
		{50ED7551-390D-491B-8C29-62C1A54CED3B}.Release-CI|x86.Build.0 = Release|x86
		{C1B62397-B419-4ECF-8576-0F55AD33E2DA}.Debug|Any CPU.ActiveCfg = Debug|Any CPU
		{C1B62397-B419-4ECF-8576-0F55AD33E2DA}.Debug|Any CPU.Build.0 = Debug|Any CPU
		{C1B62397-B419-4ECF-8576-0F55AD33E2DA}.Debug|x64.ActiveCfg = Debug|x64
		{C1B62397-B419-4ECF-8576-0F55AD33E2DA}.Debug|x64.Build.0 = Debug|x64
		{C1B62397-B419-4ECF-8576-0F55AD33E2DA}.Debug|x86.ActiveCfg = Debug|x86
		{C1B62397-B419-4ECF-8576-0F55AD33E2DA}.Debug|x86.Build.0 = Debug|x86
		{C1B62397-B419-4ECF-8576-0F55AD33E2DA}.Release|Any CPU.ActiveCfg = Release|Any CPU
		{C1B62397-B419-4ECF-8576-0F55AD33E2DA}.Release|Any CPU.Build.0 = Release|Any CPU
		{C1B62397-B419-4ECF-8576-0F55AD33E2DA}.Release|x64.ActiveCfg = Release|x64
		{C1B62397-B419-4ECF-8576-0F55AD33E2DA}.Release|x64.Build.0 = Release|x64
		{C1B62397-B419-4ECF-8576-0F55AD33E2DA}.Release|x86.ActiveCfg = Release|x86
		{C1B62397-B419-4ECF-8576-0F55AD33E2DA}.Release|x86.Build.0 = Release|x86
		{C1B62397-B419-4ECF-8576-0F55AD33E2DA}.Release-CD|Any CPU.ActiveCfg = Release|Any CPU
		{C1B62397-B419-4ECF-8576-0F55AD33E2DA}.Release-CD|Any CPU.Build.0 = Release|Any CPU
		{C1B62397-B419-4ECF-8576-0F55AD33E2DA}.Release-CD|x64.ActiveCfg = Release|x64
		{C1B62397-B419-4ECF-8576-0F55AD33E2DA}.Release-CD|x64.Build.0 = Release|x64
		{C1B62397-B419-4ECF-8576-0F55AD33E2DA}.Release-CD|x86.ActiveCfg = Release|x86
		{C1B62397-B419-4ECF-8576-0F55AD33E2DA}.Release-CD|x86.Build.0 = Release|x86
		{C1B62397-B419-4ECF-8576-0F55AD33E2DA}.Release-CI|Any CPU.ActiveCfg = Release|Any CPU
		{C1B62397-B419-4ECF-8576-0F55AD33E2DA}.Release-CI|Any CPU.Build.0 = Release|Any CPU
		{C1B62397-B419-4ECF-8576-0F55AD33E2DA}.Release-CI|x64.ActiveCfg = Release|x64
		{C1B62397-B419-4ECF-8576-0F55AD33E2DA}.Release-CI|x64.Build.0 = Release|x64
		{C1B62397-B419-4ECF-8576-0F55AD33E2DA}.Release-CI|x86.ActiveCfg = Release|x86
		{C1B62397-B419-4ECF-8576-0F55AD33E2DA}.Release-CI|x86.Build.0 = Release|x86
		{B4436ABC-F495-44C8-BA53-214BC596171C}.Debug|Any CPU.ActiveCfg = Debug|Any CPU
		{B4436ABC-F495-44C8-BA53-214BC596171C}.Debug|Any CPU.Build.0 = Debug|Any CPU
		{B4436ABC-F495-44C8-BA53-214BC596171C}.Debug|x64.ActiveCfg = Debug|x64
		{B4436ABC-F495-44C8-BA53-214BC596171C}.Debug|x64.Build.0 = Debug|x64
		{B4436ABC-F495-44C8-BA53-214BC596171C}.Debug|x86.ActiveCfg = Debug|x86
		{B4436ABC-F495-44C8-BA53-214BC596171C}.Debug|x86.Build.0 = Debug|x86
		{B4436ABC-F495-44C8-BA53-214BC596171C}.Release|Any CPU.ActiveCfg = Release|Any CPU
		{B4436ABC-F495-44C8-BA53-214BC596171C}.Release|Any CPU.Build.0 = Release|Any CPU
		{B4436ABC-F495-44C8-BA53-214BC596171C}.Release|x64.ActiveCfg = Release|x64
		{B4436ABC-F495-44C8-BA53-214BC596171C}.Release|x64.Build.0 = Release|x64
		{B4436ABC-F495-44C8-BA53-214BC596171C}.Release|x86.ActiveCfg = Release|x86
		{B4436ABC-F495-44C8-BA53-214BC596171C}.Release|x86.Build.0 = Release|x86
		{B4436ABC-F495-44C8-BA53-214BC596171C}.Release-CD|Any CPU.ActiveCfg = Release|Any CPU
		{B4436ABC-F495-44C8-BA53-214BC596171C}.Release-CD|Any CPU.Build.0 = Release|Any CPU
		{B4436ABC-F495-44C8-BA53-214BC596171C}.Release-CD|x64.ActiveCfg = Release|x64
		{B4436ABC-F495-44C8-BA53-214BC596171C}.Release-CD|x64.Build.0 = Release|x64
		{B4436ABC-F495-44C8-BA53-214BC596171C}.Release-CD|x86.ActiveCfg = Release|x86
		{B4436ABC-F495-44C8-BA53-214BC596171C}.Release-CD|x86.Build.0 = Release|x86
		{B4436ABC-F495-44C8-BA53-214BC596171C}.Release-CI|Any CPU.ActiveCfg = Release|Any CPU
		{B4436ABC-F495-44C8-BA53-214BC596171C}.Release-CI|Any CPU.Build.0 = Release|Any CPU
		{B4436ABC-F495-44C8-BA53-214BC596171C}.Release-CI|x64.ActiveCfg = Release|x64
		{B4436ABC-F495-44C8-BA53-214BC596171C}.Release-CI|x64.Build.0 = Release|x64
		{B4436ABC-F495-44C8-BA53-214BC596171C}.Release-CI|x86.ActiveCfg = Release|x86
		{B4436ABC-F495-44C8-BA53-214BC596171C}.Release-CI|x86.Build.0 = Release|x86
		{46D1A8FB-BB7B-4783-A07E-1F59EC5EE7BF}.Debug|Any CPU.ActiveCfg = Debug|Any CPU
		{46D1A8FB-BB7B-4783-A07E-1F59EC5EE7BF}.Debug|Any CPU.Build.0 = Debug|Any CPU
		{46D1A8FB-BB7B-4783-A07E-1F59EC5EE7BF}.Debug|x64.ActiveCfg = Debug|x64
		{46D1A8FB-BB7B-4783-A07E-1F59EC5EE7BF}.Debug|x64.Build.0 = Debug|x64
		{46D1A8FB-BB7B-4783-A07E-1F59EC5EE7BF}.Debug|x86.ActiveCfg = Debug|x86
		{46D1A8FB-BB7B-4783-A07E-1F59EC5EE7BF}.Debug|x86.Build.0 = Debug|x86
		{46D1A8FB-BB7B-4783-A07E-1F59EC5EE7BF}.Release|Any CPU.ActiveCfg = Release|Any CPU
		{46D1A8FB-BB7B-4783-A07E-1F59EC5EE7BF}.Release|Any CPU.Build.0 = Release|Any CPU
		{46D1A8FB-BB7B-4783-A07E-1F59EC5EE7BF}.Release|x64.ActiveCfg = Release|x64
		{46D1A8FB-BB7B-4783-A07E-1F59EC5EE7BF}.Release|x64.Build.0 = Release|x64
		{46D1A8FB-BB7B-4783-A07E-1F59EC5EE7BF}.Release|x86.ActiveCfg = Release|x86
		{46D1A8FB-BB7B-4783-A07E-1F59EC5EE7BF}.Release|x86.Build.0 = Release|x86
		{46D1A8FB-BB7B-4783-A07E-1F59EC5EE7BF}.Release-CD|Any CPU.ActiveCfg = Release|Any CPU
		{46D1A8FB-BB7B-4783-A07E-1F59EC5EE7BF}.Release-CD|Any CPU.Build.0 = Release|Any CPU
		{46D1A8FB-BB7B-4783-A07E-1F59EC5EE7BF}.Release-CD|x64.ActiveCfg = Release|x64
		{46D1A8FB-BB7B-4783-A07E-1F59EC5EE7BF}.Release-CD|x64.Build.0 = Release|x64
		{46D1A8FB-BB7B-4783-A07E-1F59EC5EE7BF}.Release-CD|x86.ActiveCfg = Release|x86
		{46D1A8FB-BB7B-4783-A07E-1F59EC5EE7BF}.Release-CD|x86.Build.0 = Release|x86
		{46D1A8FB-BB7B-4783-A07E-1F59EC5EE7BF}.Release-CI|Any CPU.ActiveCfg = Release|Any CPU
		{46D1A8FB-BB7B-4783-A07E-1F59EC5EE7BF}.Release-CI|Any CPU.Build.0 = Release|Any CPU
		{46D1A8FB-BB7B-4783-A07E-1F59EC5EE7BF}.Release-CI|x64.ActiveCfg = Release|x64
		{46D1A8FB-BB7B-4783-A07E-1F59EC5EE7BF}.Release-CI|x64.Build.0 = Release|x64
		{46D1A8FB-BB7B-4783-A07E-1F59EC5EE7BF}.Release-CI|x86.ActiveCfg = Release|x86
		{46D1A8FB-BB7B-4783-A07E-1F59EC5EE7BF}.Release-CI|x86.Build.0 = Release|x86
		{D059FD1A-3F42-4074-8730-E9EC6FDB7571}.Debug|Any CPU.ActiveCfg = Debug|Any CPU
		{D059FD1A-3F42-4074-8730-E9EC6FDB7571}.Debug|Any CPU.Build.0 = Debug|Any CPU
		{D059FD1A-3F42-4074-8730-E9EC6FDB7571}.Debug|x64.ActiveCfg = Debug|x64
		{D059FD1A-3F42-4074-8730-E9EC6FDB7571}.Debug|x64.Build.0 = Debug|x64
		{D059FD1A-3F42-4074-8730-E9EC6FDB7571}.Debug|x86.ActiveCfg = Debug|x86
		{D059FD1A-3F42-4074-8730-E9EC6FDB7571}.Debug|x86.Build.0 = Debug|x86
		{D059FD1A-3F42-4074-8730-E9EC6FDB7571}.Release|Any CPU.ActiveCfg = Release|Any CPU
		{D059FD1A-3F42-4074-8730-E9EC6FDB7571}.Release|Any CPU.Build.0 = Release|Any CPU
		{D059FD1A-3F42-4074-8730-E9EC6FDB7571}.Release|x64.ActiveCfg = Release|x64
		{D059FD1A-3F42-4074-8730-E9EC6FDB7571}.Release|x64.Build.0 = Release|x64
		{D059FD1A-3F42-4074-8730-E9EC6FDB7571}.Release|x86.ActiveCfg = Release|x86
		{D059FD1A-3F42-4074-8730-E9EC6FDB7571}.Release|x86.Build.0 = Release|x86
		{D059FD1A-3F42-4074-8730-E9EC6FDB7571}.Release-CD|Any CPU.ActiveCfg = Release|Any CPU
		{D059FD1A-3F42-4074-8730-E9EC6FDB7571}.Release-CD|Any CPU.Build.0 = Release|Any CPU
		{D059FD1A-3F42-4074-8730-E9EC6FDB7571}.Release-CD|x64.ActiveCfg = Release|x64
		{D059FD1A-3F42-4074-8730-E9EC6FDB7571}.Release-CD|x64.Build.0 = Release|x64
		{D059FD1A-3F42-4074-8730-E9EC6FDB7571}.Release-CD|x86.ActiveCfg = Release|x86
		{D059FD1A-3F42-4074-8730-E9EC6FDB7571}.Release-CD|x86.Build.0 = Release|x86
		{D059FD1A-3F42-4074-8730-E9EC6FDB7571}.Release-CI|Any CPU.ActiveCfg = Release|Any CPU
		{D059FD1A-3F42-4074-8730-E9EC6FDB7571}.Release-CI|Any CPU.Build.0 = Release|Any CPU
		{D059FD1A-3F42-4074-8730-E9EC6FDB7571}.Release-CI|x64.ActiveCfg = Release|x64
		{D059FD1A-3F42-4074-8730-E9EC6FDB7571}.Release-CI|x64.Build.0 = Release|x64
		{D059FD1A-3F42-4074-8730-E9EC6FDB7571}.Release-CI|x86.ActiveCfg = Release|x86
		{D059FD1A-3F42-4074-8730-E9EC6FDB7571}.Release-CI|x86.Build.0 = Release|x86
		{0000E80C-F501-40E1-815C-ABFC53D79836}.Debug|Any CPU.ActiveCfg = Debug|Any CPU
		{0000E80C-F501-40E1-815C-ABFC53D79836}.Debug|Any CPU.Build.0 = Debug|Any CPU
		{0000E80C-F501-40E1-815C-ABFC53D79836}.Debug|x64.ActiveCfg = Debug|x64
		{0000E80C-F501-40E1-815C-ABFC53D79836}.Debug|x64.Build.0 = Debug|x64
		{0000E80C-F501-40E1-815C-ABFC53D79836}.Debug|x86.ActiveCfg = Debug|x86
		{0000E80C-F501-40E1-815C-ABFC53D79836}.Debug|x86.Build.0 = Debug|x86
		{0000E80C-F501-40E1-815C-ABFC53D79836}.Release|Any CPU.ActiveCfg = Release|Any CPU
		{0000E80C-F501-40E1-815C-ABFC53D79836}.Release|Any CPU.Build.0 = Release|Any CPU
		{0000E80C-F501-40E1-815C-ABFC53D79836}.Release|x64.ActiveCfg = Release|x64
		{0000E80C-F501-40E1-815C-ABFC53D79836}.Release|x64.Build.0 = Release|x64
		{0000E80C-F501-40E1-815C-ABFC53D79836}.Release|x86.ActiveCfg = Release|x86
		{0000E80C-F501-40E1-815C-ABFC53D79836}.Release|x86.Build.0 = Release|x86
		{0000E80C-F501-40E1-815C-ABFC53D79836}.Release-CD|Any CPU.ActiveCfg = Release|Any CPU
		{0000E80C-F501-40E1-815C-ABFC53D79836}.Release-CD|Any CPU.Build.0 = Release|Any CPU
		{0000E80C-F501-40E1-815C-ABFC53D79836}.Release-CD|x64.ActiveCfg = Release|x64
		{0000E80C-F501-40E1-815C-ABFC53D79836}.Release-CD|x64.Build.0 = Release|x64
		{0000E80C-F501-40E1-815C-ABFC53D79836}.Release-CD|x86.ActiveCfg = Release|x86
		{0000E80C-F501-40E1-815C-ABFC53D79836}.Release-CD|x86.Build.0 = Release|x86
		{0000E80C-F501-40E1-815C-ABFC53D79836}.Release-CI|Any CPU.ActiveCfg = Release|Any CPU
		{0000E80C-F501-40E1-815C-ABFC53D79836}.Release-CI|Any CPU.Build.0 = Release|Any CPU
		{0000E80C-F501-40E1-815C-ABFC53D79836}.Release-CI|x64.ActiveCfg = Release|x64
		{0000E80C-F501-40E1-815C-ABFC53D79836}.Release-CI|x64.Build.0 = Release|x64
		{0000E80C-F501-40E1-815C-ABFC53D79836}.Release-CI|x86.ActiveCfg = Release|x86
		{0000E80C-F501-40E1-815C-ABFC53D79836}.Release-CI|x86.Build.0 = Release|x86
		{1EC05D67-9A0B-40AA-B33B-B4D96BB56C25}.Debug|Any CPU.ActiveCfg = Debug|Any CPU
		{1EC05D67-9A0B-40AA-B33B-B4D96BB56C25}.Debug|Any CPU.Build.0 = Debug|Any CPU
		{1EC05D67-9A0B-40AA-B33B-B4D96BB56C25}.Debug|x64.ActiveCfg = Debug|x64
		{1EC05D67-9A0B-40AA-B33B-B4D96BB56C25}.Debug|x64.Build.0 = Debug|x64
		{1EC05D67-9A0B-40AA-B33B-B4D96BB56C25}.Debug|x86.ActiveCfg = Debug|x86
		{1EC05D67-9A0B-40AA-B33B-B4D96BB56C25}.Debug|x86.Build.0 = Debug|x86
		{1EC05D67-9A0B-40AA-B33B-B4D96BB56C25}.Release|Any CPU.ActiveCfg = Release|Any CPU
		{1EC05D67-9A0B-40AA-B33B-B4D96BB56C25}.Release|Any CPU.Build.0 = Release|Any CPU
		{1EC05D67-9A0B-40AA-B33B-B4D96BB56C25}.Release|x64.ActiveCfg = Release|x64
		{1EC05D67-9A0B-40AA-B33B-B4D96BB56C25}.Release|x64.Build.0 = Release|x64
		{1EC05D67-9A0B-40AA-B33B-B4D96BB56C25}.Release|x86.ActiveCfg = Release|x86
		{1EC05D67-9A0B-40AA-B33B-B4D96BB56C25}.Release|x86.Build.0 = Release|x86
		{1EC05D67-9A0B-40AA-B33B-B4D96BB56C25}.Release-CD|Any CPU.ActiveCfg = Release|Any CPU
		{1EC05D67-9A0B-40AA-B33B-B4D96BB56C25}.Release-CD|Any CPU.Build.0 = Release|Any CPU
		{1EC05D67-9A0B-40AA-B33B-B4D96BB56C25}.Release-CD|x64.ActiveCfg = Release|x64
		{1EC05D67-9A0B-40AA-B33B-B4D96BB56C25}.Release-CD|x64.Build.0 = Release|x64
		{1EC05D67-9A0B-40AA-B33B-B4D96BB56C25}.Release-CD|x86.ActiveCfg = Release|x86
		{1EC05D67-9A0B-40AA-B33B-B4D96BB56C25}.Release-CD|x86.Build.0 = Release|x86
		{1EC05D67-9A0B-40AA-B33B-B4D96BB56C25}.Release-CI|Any CPU.ActiveCfg = Release|Any CPU
		{1EC05D67-9A0B-40AA-B33B-B4D96BB56C25}.Release-CI|Any CPU.Build.0 = Release|Any CPU
		{1EC05D67-9A0B-40AA-B33B-B4D96BB56C25}.Release-CI|x64.ActiveCfg = Release|x64
		{1EC05D67-9A0B-40AA-B33B-B4D96BB56C25}.Release-CI|x64.Build.0 = Release|x64
		{1EC05D67-9A0B-40AA-B33B-B4D96BB56C25}.Release-CI|x86.ActiveCfg = Release|x86
		{1EC05D67-9A0B-40AA-B33B-B4D96BB56C25}.Release-CI|x86.Build.0 = Release|x86
		{61D320D7-AEA6-4E71-B2D0-75B149AD4F00}.Debug|Any CPU.ActiveCfg = Debug|Any CPU
		{61D320D7-AEA6-4E71-B2D0-75B149AD4F00}.Debug|Any CPU.Build.0 = Debug|Any CPU
		{61D320D7-AEA6-4E71-B2D0-75B149AD4F00}.Debug|x64.ActiveCfg = Debug|x64
		{61D320D7-AEA6-4E71-B2D0-75B149AD4F00}.Debug|x64.Build.0 = Debug|x64
		{61D320D7-AEA6-4E71-B2D0-75B149AD4F00}.Debug|x86.ActiveCfg = Debug|x86
		{61D320D7-AEA6-4E71-B2D0-75B149AD4F00}.Debug|x86.Build.0 = Debug|x86
		{61D320D7-AEA6-4E71-B2D0-75B149AD4F00}.Release|Any CPU.ActiveCfg = Release|Any CPU
		{61D320D7-AEA6-4E71-B2D0-75B149AD4F00}.Release|Any CPU.Build.0 = Release|Any CPU
		{61D320D7-AEA6-4E71-B2D0-75B149AD4F00}.Release|x64.ActiveCfg = Release|x64
		{61D320D7-AEA6-4E71-B2D0-75B149AD4F00}.Release|x64.Build.0 = Release|x64
		{61D320D7-AEA6-4E71-B2D0-75B149AD4F00}.Release|x86.ActiveCfg = Release|x86
		{61D320D7-AEA6-4E71-B2D0-75B149AD4F00}.Release|x86.Build.0 = Release|x86
		{61D320D7-AEA6-4E71-B2D0-75B149AD4F00}.Release-CD|Any CPU.ActiveCfg = Release|Any CPU
		{61D320D7-AEA6-4E71-B2D0-75B149AD4F00}.Release-CD|Any CPU.Build.0 = Release|Any CPU
		{61D320D7-AEA6-4E71-B2D0-75B149AD4F00}.Release-CD|x64.ActiveCfg = Release|x64
		{61D320D7-AEA6-4E71-B2D0-75B149AD4F00}.Release-CD|x64.Build.0 = Release|x64
		{61D320D7-AEA6-4E71-B2D0-75B149AD4F00}.Release-CD|x86.ActiveCfg = Release|x86
		{61D320D7-AEA6-4E71-B2D0-75B149AD4F00}.Release-CD|x86.Build.0 = Release|x86
		{61D320D7-AEA6-4E71-B2D0-75B149AD4F00}.Release-CI|Any CPU.ActiveCfg = Release|Any CPU
		{61D320D7-AEA6-4E71-B2D0-75B149AD4F00}.Release-CI|Any CPU.Build.0 = Release|Any CPU
		{61D320D7-AEA6-4E71-B2D0-75B149AD4F00}.Release-CI|x64.ActiveCfg = Release|x64
		{61D320D7-AEA6-4E71-B2D0-75B149AD4F00}.Release-CI|x64.Build.0 = Release|x64
		{61D320D7-AEA6-4E71-B2D0-75B149AD4F00}.Release-CI|x86.ActiveCfg = Release|x86
		{61D320D7-AEA6-4E71-B2D0-75B149AD4F00}.Release-CI|x86.Build.0 = Release|x86
		{8ED7C943-B48A-478F-A7B3-F6066838D23F}.Debug|Any CPU.ActiveCfg = Debug|Any CPU
		{8ED7C943-B48A-478F-A7B3-F6066838D23F}.Debug|Any CPU.Build.0 = Debug|Any CPU
		{8ED7C943-B48A-478F-A7B3-F6066838D23F}.Debug|x64.ActiveCfg = Debug|x64
		{8ED7C943-B48A-478F-A7B3-F6066838D23F}.Debug|x64.Build.0 = Debug|x64
		{8ED7C943-B48A-478F-A7B3-F6066838D23F}.Debug|x86.ActiveCfg = Debug|x86
		{8ED7C943-B48A-478F-A7B3-F6066838D23F}.Debug|x86.Build.0 = Debug|x86
		{8ED7C943-B48A-478F-A7B3-F6066838D23F}.Release|Any CPU.ActiveCfg = Release|Any CPU
		{8ED7C943-B48A-478F-A7B3-F6066838D23F}.Release|Any CPU.Build.0 = Release|Any CPU
		{8ED7C943-B48A-478F-A7B3-F6066838D23F}.Release|x64.ActiveCfg = Release|x64
		{8ED7C943-B48A-478F-A7B3-F6066838D23F}.Release|x64.Build.0 = Release|x64
		{8ED7C943-B48A-478F-A7B3-F6066838D23F}.Release|x86.ActiveCfg = Release|x86
		{8ED7C943-B48A-478F-A7B3-F6066838D23F}.Release|x86.Build.0 = Release|x86
		{8ED7C943-B48A-478F-A7B3-F6066838D23F}.Release-CD|Any CPU.ActiveCfg = Release|Any CPU
		{8ED7C943-B48A-478F-A7B3-F6066838D23F}.Release-CD|Any CPU.Build.0 = Release|Any CPU
		{8ED7C943-B48A-478F-A7B3-F6066838D23F}.Release-CD|x64.ActiveCfg = Release|x64
		{8ED7C943-B48A-478F-A7B3-F6066838D23F}.Release-CD|x64.Build.0 = Release|x64
		{8ED7C943-B48A-478F-A7B3-F6066838D23F}.Release-CD|x86.ActiveCfg = Release|x86
		{8ED7C943-B48A-478F-A7B3-F6066838D23F}.Release-CD|x86.Build.0 = Release|x86
		{8ED7C943-B48A-478F-A7B3-F6066838D23F}.Release-CI|Any CPU.ActiveCfg = Release|Any CPU
		{8ED7C943-B48A-478F-A7B3-F6066838D23F}.Release-CI|Any CPU.Build.0 = Release|Any CPU
		{8ED7C943-B48A-478F-A7B3-F6066838D23F}.Release-CI|x64.ActiveCfg = Release|x64
		{8ED7C943-B48A-478F-A7B3-F6066838D23F}.Release-CI|x64.Build.0 = Release|x64
		{8ED7C943-B48A-478F-A7B3-F6066838D23F}.Release-CI|x86.ActiveCfg = Release|x86
		{8ED7C943-B48A-478F-A7B3-F6066838D23F}.Release-CI|x86.Build.0 = Release|x86
		{F64C68C1-9AD9-46CE-8C54-0ACB524F900C}.Debug|Any CPU.ActiveCfg = Debug|Any CPU
		{F64C68C1-9AD9-46CE-8C54-0ACB524F900C}.Debug|Any CPU.Build.0 = Debug|Any CPU
		{F64C68C1-9AD9-46CE-8C54-0ACB524F900C}.Debug|x64.ActiveCfg = Debug|x64
		{F64C68C1-9AD9-46CE-8C54-0ACB524F900C}.Debug|x64.Build.0 = Debug|x64
		{F64C68C1-9AD9-46CE-8C54-0ACB524F900C}.Debug|x86.ActiveCfg = Debug|x86
		{F64C68C1-9AD9-46CE-8C54-0ACB524F900C}.Debug|x86.Build.0 = Debug|x86
		{F64C68C1-9AD9-46CE-8C54-0ACB524F900C}.Release|Any CPU.ActiveCfg = Release|Any CPU
		{F64C68C1-9AD9-46CE-8C54-0ACB524F900C}.Release|Any CPU.Build.0 = Release|Any CPU
		{F64C68C1-9AD9-46CE-8C54-0ACB524F900C}.Release|x64.ActiveCfg = Release|x64
		{F64C68C1-9AD9-46CE-8C54-0ACB524F900C}.Release|x64.Build.0 = Release|x64
		{F64C68C1-9AD9-46CE-8C54-0ACB524F900C}.Release|x86.ActiveCfg = Release|x86
		{F64C68C1-9AD9-46CE-8C54-0ACB524F900C}.Release|x86.Build.0 = Release|x86
		{F64C68C1-9AD9-46CE-8C54-0ACB524F900C}.Release-CD|Any CPU.ActiveCfg = Release|Any CPU
		{F64C68C1-9AD9-46CE-8C54-0ACB524F900C}.Release-CD|Any CPU.Build.0 = Release|Any CPU
		{F64C68C1-9AD9-46CE-8C54-0ACB524F900C}.Release-CD|x64.ActiveCfg = Release|x64
		{F64C68C1-9AD9-46CE-8C54-0ACB524F900C}.Release-CD|x64.Build.0 = Release|x64
		{F64C68C1-9AD9-46CE-8C54-0ACB524F900C}.Release-CD|x86.ActiveCfg = Release|x86
		{F64C68C1-9AD9-46CE-8C54-0ACB524F900C}.Release-CD|x86.Build.0 = Release|x86
		{F64C68C1-9AD9-46CE-8C54-0ACB524F900C}.Release-CI|Any CPU.ActiveCfg = Release|Any CPU
		{F64C68C1-9AD9-46CE-8C54-0ACB524F900C}.Release-CI|Any CPU.Build.0 = Release|Any CPU
		{F64C68C1-9AD9-46CE-8C54-0ACB524F900C}.Release-CI|x64.ActiveCfg = Release|x64
		{F64C68C1-9AD9-46CE-8C54-0ACB524F900C}.Release-CI|x64.Build.0 = Release|x64
		{F64C68C1-9AD9-46CE-8C54-0ACB524F900C}.Release-CI|x86.ActiveCfg = Release|x86
		{F64C68C1-9AD9-46CE-8C54-0ACB524F900C}.Release-CI|x86.Build.0 = Release|x86
		{9C91456C-4EDC-4BB1-A3A1-1C249539A831}.Debug|Any CPU.ActiveCfg = Debug|Any CPU
		{9C91456C-4EDC-4BB1-A3A1-1C249539A831}.Debug|Any CPU.Build.0 = Debug|Any CPU
		{9C91456C-4EDC-4BB1-A3A1-1C249539A831}.Debug|x64.ActiveCfg = Debug|x64
		{9C91456C-4EDC-4BB1-A3A1-1C249539A831}.Debug|x64.Build.0 = Debug|x64
		{9C91456C-4EDC-4BB1-A3A1-1C249539A831}.Debug|x86.ActiveCfg = Debug|x86
		{9C91456C-4EDC-4BB1-A3A1-1C249539A831}.Debug|x86.Build.0 = Debug|x86
		{9C91456C-4EDC-4BB1-A3A1-1C249539A831}.Release|Any CPU.ActiveCfg = Release|Any CPU
		{9C91456C-4EDC-4BB1-A3A1-1C249539A831}.Release|Any CPU.Build.0 = Release|Any CPU
		{9C91456C-4EDC-4BB1-A3A1-1C249539A831}.Release|x64.ActiveCfg = Release|x64
		{9C91456C-4EDC-4BB1-A3A1-1C249539A831}.Release|x64.Build.0 = Release|x64
		{9C91456C-4EDC-4BB1-A3A1-1C249539A831}.Release|x86.ActiveCfg = Release|x86
		{9C91456C-4EDC-4BB1-A3A1-1C249539A831}.Release|x86.Build.0 = Release|x86
		{9C91456C-4EDC-4BB1-A3A1-1C249539A831}.Release-CD|Any CPU.ActiveCfg = Release|Any CPU
		{9C91456C-4EDC-4BB1-A3A1-1C249539A831}.Release-CD|Any CPU.Build.0 = Release|Any CPU
		{9C91456C-4EDC-4BB1-A3A1-1C249539A831}.Release-CD|x64.ActiveCfg = Release|x64
		{9C91456C-4EDC-4BB1-A3A1-1C249539A831}.Release-CD|x64.Build.0 = Release|x64
		{9C91456C-4EDC-4BB1-A3A1-1C249539A831}.Release-CD|x86.ActiveCfg = Release|x86
		{9C91456C-4EDC-4BB1-A3A1-1C249539A831}.Release-CD|x86.Build.0 = Release|x86
		{9C91456C-4EDC-4BB1-A3A1-1C249539A831}.Release-CI|Any CPU.ActiveCfg = Release|Any CPU
		{9C91456C-4EDC-4BB1-A3A1-1C249539A831}.Release-CI|Any CPU.Build.0 = Release|Any CPU
		{9C91456C-4EDC-4BB1-A3A1-1C249539A831}.Release-CI|x64.ActiveCfg = Release|x64
		{9C91456C-4EDC-4BB1-A3A1-1C249539A831}.Release-CI|x64.Build.0 = Release|x64
		{9C91456C-4EDC-4BB1-A3A1-1C249539A831}.Release-CI|x86.ActiveCfg = Release|x86
		{9C91456C-4EDC-4BB1-A3A1-1C249539A831}.Release-CI|x86.Build.0 = Release|x86
	EndGlobalSection
	GlobalSection(SolutionProperties) = preSolution
		HideSolutionNode = FALSE
	EndGlobalSection
	GlobalSection(NestedProjects) = preSolution
		{C0D60B0B-63CF-4DCA-916F-BDB40CEDCE35} = {8217F4D4-8E55-44C4-ADDB-72115BAD7BC4}
		{F717347D-8656-44DA-A4A2-BE515E8C4655} = {10210B58-6AF5-4C6B-B388-99F0468429F7}
		{4A0AFE96-F5C0-4270-AA32-938F6CAEE404} = {4EC8BB3C-EAA3-469B-B3A5-1FE80BEA748A}
		{16CAC35E-4DBB-433B-92E3-8B285206DDCB} = {4EC8BB3C-EAA3-469B-B3A5-1FE80BEA748A}
		{5CCF7E79-C4D4-4A0E-96E0-1BE4B3CFE91C} = {4EC8BB3C-EAA3-469B-B3A5-1FE80BEA748A}
		{86F58E1A-180E-48A4-9DC3-AC6529E9FB85} = {8BFDDBB6-0FC3-447B-85D1-DA885C78F9DD}
		{CFC02150-CD3E-4208-A028-75BDE3FFB5FA} = {8BFDDBB6-0FC3-447B-85D1-DA885C78F9DD}
		{BCD6C3DD-672D-40DF-8612-09A0F1377291} = {055B9CC5-6327-4215-8717-4F384F4C492E}
		{AB0DFBE4-052D-4F33-803E-E2DC5AC70D11} = {8217F4D4-8E55-44C4-ADDB-72115BAD7BC4}
		{4267AA33-CBC6-4B47-883A-B3690B7EEA50} = {C954B1E9-F881-434D-BA49-3900AD816238}
		{74C93FC1-2104-4D48-A4C6-088C5DAF7561} = {C954B1E9-F881-434D-BA49-3900AD816238}
		{EE18C665-B9C4-47E4-BD10-FDD62F945346} = {C954B1E9-F881-434D-BA49-3900AD816238}
		{8016B9C7-DE6E-4025-9ACA-1ECBF0A0D54D} = {C954B1E9-F881-434D-BA49-3900AD816238}
		{C954B1E9-F881-434D-BA49-3900AD816238} = {10210B58-6AF5-4C6B-B388-99F0468429F7}
		{38824BA1-54E2-41C7-81A6-A0B27EE3F37A} = {C954B1E9-F881-434D-BA49-3900AD816238}
		{6C861F8F-166F-4358-BB5A-8CDE6425F893} = {C954B1E9-F881-434D-BA49-3900AD816238}
		{DB974A43-8C8C-4782-B1DD-841A52560701} = {0CC0AC91-2F12-4879-9359-612557DB2CBA}
		{DD633F5F-0B81-4A57-B4D7-77C2BB278E27} = {FB7F717E-5E47-4DEB-A2E5-F486850DEC9F}
		{FCCBAFBB-FAF9-4FEC-917B-69672515556C} = {83343F1B-F494-49BD-8588-CB29A7E3E2E9}
		{E7BAF25D-DF18-4E10-AB24-C9ADE90E848F} = {83343F1B-F494-49BD-8588-CB29A7E3E2E9}
		{50ED7551-390D-491B-8C29-62C1A54CED3B} = {0CC0AC91-2F12-4879-9359-612557DB2CBA}
		{C1B62397-B419-4ECF-8576-0F55AD33E2DA} = {10210B58-6AF5-4C6B-B388-99F0468429F7}
		{B4436ABC-F495-44C8-BA53-214BC596171C} = {83343F1B-F494-49BD-8588-CB29A7E3E2E9}
		{0CC0AC91-2F12-4879-9359-612557DB2CBA} = {8217F4D4-8E55-44C4-ADDB-72115BAD7BC4}
		{83343F1B-F494-49BD-8588-CB29A7E3E2E9} = {8217F4D4-8E55-44C4-ADDB-72115BAD7BC4}
		{99A3D48D-5152-4ACA-94A1-9AF646F31840} = {8217F4D4-8E55-44C4-ADDB-72115BAD7BC4}
		{46D1A8FB-BB7B-4783-A07E-1F59EC5EE7BF} = {99A3D48D-5152-4ACA-94A1-9AF646F31840}
		{D059FD1A-3F42-4074-8730-E9EC6FDB7571} = {99A3D48D-5152-4ACA-94A1-9AF646F31840}
		{FB7F717E-5E47-4DEB-A2E5-F486850DEC9F} = {8217F4D4-8E55-44C4-ADDB-72115BAD7BC4}
		{0000E80C-F501-40E1-815C-ABFC53D79836} = {10210B58-6AF5-4C6B-B388-99F0468429F7}
		{5193B003-58CA-422C-AB4B-91D96AC2CC74} = {8217F4D4-8E55-44C4-ADDB-72115BAD7BC4}
		{1EC05D67-9A0B-40AA-B33B-B4D96BB56C25} = {5193B003-58CA-422C-AB4B-91D96AC2CC74}
		{9E3D4324-1595-4029-9051-23B6018EA8D7} = {8217F4D4-8E55-44C4-ADDB-72115BAD7BC4}
		{61D320D7-AEA6-4E71-B2D0-75B149AD4F00} = {9E3D4324-1595-4029-9051-23B6018EA8D7}
		{8ED7C943-B48A-478F-A7B3-F6066838D23F} = {9E3D4324-1595-4029-9051-23B6018EA8D7}
		{837FAEFD-1C0B-445B-8427-A451034DA30A} = {8217F4D4-8E55-44C4-ADDB-72115BAD7BC4}
		{F64C68C1-9AD9-46CE-8C54-0ACB524F900C} = {837FAEFD-1C0B-445B-8427-A451034DA30A}
		{9C91456C-4EDC-4BB1-A3A1-1C249539A831} = {837FAEFD-1C0B-445B-8427-A451034DA30A}
	EndGlobalSection
	GlobalSection(ExtensibilityGlobals) = postSolution
		SolutionGuid = {6ACC950B-5F93-429C-A204-6315A92AD3A1}
	EndGlobalSection
EndGlobal
