
Microsoft Visual Studio Solution File, Format Version 12.00
# Visual Studio Version 16
VisualStudioVersion = 16.0.28803.352
MinimumVisualStudioVersion = 15.0.26124.0
Project("{9A19103F-16F7-4668-BE54-9A1E7A4F7556}") = "Typin", "Typin\Typin.csproj", "{C0D60B0B-63CF-4DCA-916F-BDB40CEDCE35}"
EndProject
Project("{9A19103F-16F7-4668-BE54-9A1E7A4F7556}") = "Typin.Tests", "Typin.Tests\Typin.Tests.csproj", "{268CF863-65A5-49BB-93CF-08972B7756DC}"
EndProject
Project("{2150E333-8FDC-42A3-9474-1A3956D46DE8}") = "Docs", "Docs", "{3AAE8166-BB8E-49DA-844C-3A0EE6BD40A0}"
	ProjectSection(SolutionItems) = preProject
		..\..\CHANGELOG.md = ..\..\CHANGELOG.md
		..\..\.github\FUNDING.yml = ..\..\.github\FUNDING.yml
		..\..\LICENSE = ..\..\LICENSE
		..\..\README.md = ..\..\README.md
	EndProjectSection
EndProject
Project("{9A19103F-16F7-4668-BE54-9A1E7A4F7556}") = "Typin.Tests.Dummy", "Typin.Tests.Dummy\Typin.Tests.Dummy.csproj", "{F717347D-8656-44DA-A4A2-BE515E8C4655}"
EndProject
Project("{2150E333-8FDC-42A3-9474-1A3956D46DE8}") = "Configuration", "Configuration", "{055B9CC5-6327-4215-8717-4F384F4C492E}"
	ProjectSection(SolutionItems) = preProject
		..\..\.gitignore = ..\..\.gitignore
		..\..\codecov.yml = ..\..\codecov.yml
		Directory.Build.props = Directory.Build.props
	EndProjectSection
EndProject
Project("{2150E333-8FDC-42A3-9474-1A3956D46DE8}") = "Src", "Src", "{8217F4D4-8E55-44C4-ADDB-72115BAD7BC4}"
EndProject
Project("{2150E333-8FDC-42A3-9474-1A3956D46DE8}") = "Tests", "Tests", "{10210B58-6AF5-4C6B-B388-99F0468429F7}"
EndProject
Project("{2150E333-8FDC-42A3-9474-1A3956D46DE8}") = "Examples", "Examples", "{4EC8BB3C-EAA3-469B-B3A5-1FE80BEA748A}"
EndProject
Project("{9A19103F-16F7-4668-BE54-9A1E7A4F7556}") = "BookLibraryExample", "Examples\BookLibraryExample\BookLibraryExample.csproj", "{4A0AFE96-F5C0-4270-AA32-938F6CAEE404}"
EndProject
Project("{9A19103F-16F7-4668-BE54-9A1E7A4F7556}") = "InteractiveModeExample", "Examples\InteractiveModeExample\InteractiveModeExample.csproj", "{16CAC35E-4DBB-433B-92E3-8B285206DDCB}"
EndProject
Project("{9A19103F-16F7-4668-BE54-9A1E7A4F7556}") = "SimpleAppExample", "Examples\SimpleAppExample\SimpleAppExample.csproj", "{5CCF7E79-C4D4-4A0E-96E0-1BE4B3CFE91C}"
EndProject
Project("{2150E333-8FDC-42A3-9474-1A3956D46DE8}") = "Benchmarks", "Benchmarks", "{8BFDDBB6-0FC3-447B-85D1-DA885C78F9DD}"
EndProject
Project("{9A19103F-16F7-4668-BE54-9A1E7A4F7556}") = "Typin.Benchmarks.MultiCommand", "Benchmarks\Typin.Benchmarks.MultiCommand\Typin.Benchmarks.MultiCommand.csproj", "{86F58E1A-180E-48A4-9DC3-AC6529E9FB85}"
EndProject
Project("{9A19103F-16F7-4668-BE54-9A1E7A4F7556}") = "Typin.Benchmarks.FrameworksComparison", "Benchmarks\Typin.Benchmarks.FrameworksComparison\Typin.Benchmarks.FrameworksComparison.csproj", "{CFC02150-CD3E-4208-A028-75BDE3FFB5FA}"
EndProject
Project("{2150E333-8FDC-42A3-9474-1A3956D46DE8}") = "Workflows", "Workflows", "{BCD6C3DD-672D-40DF-8612-09A0F1377291}"
	ProjectSection(SolutionItems) = preProject
		..\..\.github\workflows\codeql-analysis.yml = ..\..\.github\workflows\codeql-analysis.yml
		..\..\.github\workflows\Typin-CD.yml = ..\..\.github\workflows\Typin-CD.yml
		..\..\.github\workflows\Typin-CI.yml = ..\..\.github\workflows\Typin-CI.yml
	EndProjectSection
EndProject
Project("{9A19103F-16F7-4668-BE54-9A1E7A4F7556}") = "Typin.Core", "Typin.Core\Typin.Core.csproj", "{AB0DFBE4-052D-4F33-803E-E2DC5AC70D11}"
EndProject
Project("{9A19103F-16F7-4668-BE54-9A1E7A4F7556}") = "Typin.Tests.Data", "Typin.Tests.Data\Typin.Tests.Data.csproj", "{4267AA33-CBC6-4B47-883A-B3690B7EEA50}"
EndProject
Project("{9A19103F-16F7-4668-BE54-9A1E7A4F7556}") = "Typin.Tests.Data.Valid", "Typin.Tests.Data.Valid\Typin.Tests.Data.Valid.csproj", "{74C93FC1-2104-4D48-A4C6-088C5DAF7561}"
EndProject
Project("{9A19103F-16F7-4668-BE54-9A1E7A4F7556}") = "Typin.Tests.Data.Invalid", "Typin.Tests.Data.Invalid\Typin.Tests.Data.Invalid.csproj", "{EE18C665-B9C4-47E4-BD10-FDD62F945346}"
EndProject
Project("{9A19103F-16F7-4668-BE54-9A1E7A4F7556}") = "Typin.Tests.Data.Common", "Typin.Tests.Data.Common\Typin.Tests.Data.Common.csproj", "{8016B9C7-DE6E-4025-9ACA-1ECBF0A0D54D}"
EndProject
Project("{2150E333-8FDC-42A3-9474-1A3956D46DE8}") = "Data", "Data", "{C954B1E9-F881-434D-BA49-3900AD816238}"
EndProject
Project("{9A19103F-16F7-4668-BE54-9A1E7A4F7556}") = "Typin.Tests.Data.Valid.DefaultCommands", "Typin.Tests.Data.Valid.DefaultCommands\Typin.Tests.Data.Valid.DefaultCommands.csproj", "{38824BA1-54E2-41C7-81A6-A0B27EE3F37A}"
EndProject
Project("{9A19103F-16F7-4668-BE54-9A1E7A4F7556}") = "Typin.Tests.Data.Invalid.DuplicatedCommands", "Typin.Tests.Data.Invalid.DuplicatedCommands\Typin.Tests.Data.Invalid.DuplicatedCommands.csproj", "{6C861F8F-166F-4358-BB5A-8CDE6425F893}"
EndProject
Global
	GlobalSection(SolutionConfigurationPlatforms) = preSolution
		Debug|Any CPU = Debug|Any CPU
		Debug|x64 = Debug|x64
		Debug|x86 = Debug|x86
		Release|Any CPU = Release|Any CPU
		Release|x64 = Release|x64
		Release|x86 = Release|x86
		Release-CD|Any CPU = Release-CD|Any CPU
		Release-CD|x64 = Release-CD|x64
		Release-CD|x86 = Release-CD|x86
		Release-CI|Any CPU = Release-CI|Any CPU
		Release-CI|x64 = Release-CI|x64
		Release-CI|x86 = Release-CI|x86
	EndGlobalSection
	GlobalSection(ProjectConfigurationPlatforms) = postSolution
		{C0D60B0B-63CF-4DCA-916F-BDB40CEDCE35}.Debug|Any CPU.ActiveCfg = Debug|Any CPU
		{C0D60B0B-63CF-4DCA-916F-BDB40CEDCE35}.Debug|Any CPU.Build.0 = Debug|Any CPU
		{C0D60B0B-63CF-4DCA-916F-BDB40CEDCE35}.Debug|x64.ActiveCfg = Debug|x64
		{C0D60B0B-63CF-4DCA-916F-BDB40CEDCE35}.Debug|x64.Build.0 = Debug|x64
		{C0D60B0B-63CF-4DCA-916F-BDB40CEDCE35}.Debug|x86.ActiveCfg = Debug|x86
		{C0D60B0B-63CF-4DCA-916F-BDB40CEDCE35}.Debug|x86.Build.0 = Debug|x86
		{C0D60B0B-63CF-4DCA-916F-BDB40CEDCE35}.Release|Any CPU.ActiveCfg = Release|Any CPU
		{C0D60B0B-63CF-4DCA-916F-BDB40CEDCE35}.Release|Any CPU.Build.0 = Release|Any CPU
		{C0D60B0B-63CF-4DCA-916F-BDB40CEDCE35}.Release|x64.ActiveCfg = Release|x64
		{C0D60B0B-63CF-4DCA-916F-BDB40CEDCE35}.Release|x64.Build.0 = Release|x64
		{C0D60B0B-63CF-4DCA-916F-BDB40CEDCE35}.Release|x86.ActiveCfg = Release|x64
		{C0D60B0B-63CF-4DCA-916F-BDB40CEDCE35}.Release|x86.Build.0 = Release|x64
		{C0D60B0B-63CF-4DCA-916F-BDB40CEDCE35}.Release-CD|Any CPU.ActiveCfg = Release|Any CPU
		{C0D60B0B-63CF-4DCA-916F-BDB40CEDCE35}.Release-CD|Any CPU.Build.0 = Release|Any CPU
		{C0D60B0B-63CF-4DCA-916F-BDB40CEDCE35}.Release-CD|x64.ActiveCfg = Release|x64
		{C0D60B0B-63CF-4DCA-916F-BDB40CEDCE35}.Release-CD|x64.Build.0 = Release|x64
		{C0D60B0B-63CF-4DCA-916F-BDB40CEDCE35}.Release-CD|x86.ActiveCfg = Release|x86
		{C0D60B0B-63CF-4DCA-916F-BDB40CEDCE35}.Release-CD|x86.Build.0 = Release|x86
		{C0D60B0B-63CF-4DCA-916F-BDB40CEDCE35}.Release-CI|Any CPU.ActiveCfg = Release|Any CPU
		{C0D60B0B-63CF-4DCA-916F-BDB40CEDCE35}.Release-CI|Any CPU.Build.0 = Release|Any CPU
		{C0D60B0B-63CF-4DCA-916F-BDB40CEDCE35}.Release-CI|x64.ActiveCfg = Release|x64
		{C0D60B0B-63CF-4DCA-916F-BDB40CEDCE35}.Release-CI|x64.Build.0 = Release|x64
		{C0D60B0B-63CF-4DCA-916F-BDB40CEDCE35}.Release-CI|x86.ActiveCfg = Release|x86
		{C0D60B0B-63CF-4DCA-916F-BDB40CEDCE35}.Release-CI|x86.Build.0 = Release|x86
		{268CF863-65A5-49BB-93CF-08972B7756DC}.Debug|Any CPU.ActiveCfg = Debug|Any CPU
		{268CF863-65A5-49BB-93CF-08972B7756DC}.Debug|Any CPU.Build.0 = Debug|Any CPU
		{268CF863-65A5-49BB-93CF-08972B7756DC}.Debug|x64.ActiveCfg = Debug|x64
		{268CF863-65A5-49BB-93CF-08972B7756DC}.Debug|x64.Build.0 = Debug|x64
		{268CF863-65A5-49BB-93CF-08972B7756DC}.Debug|x86.ActiveCfg = Debug|x86
		{268CF863-65A5-49BB-93CF-08972B7756DC}.Debug|x86.Build.0 = Debug|x86
		{268CF863-65A5-49BB-93CF-08972B7756DC}.Release|Any CPU.ActiveCfg = Release|Any CPU
		{268CF863-65A5-49BB-93CF-08972B7756DC}.Release|Any CPU.Build.0 = Release|Any CPU
		{268CF863-65A5-49BB-93CF-08972B7756DC}.Release|x64.ActiveCfg = Release|x64
		{268CF863-65A5-49BB-93CF-08972B7756DC}.Release|x64.Build.0 = Release|x64
		{268CF863-65A5-49BB-93CF-08972B7756DC}.Release|x86.ActiveCfg = Release|x86
		{268CF863-65A5-49BB-93CF-08972B7756DC}.Release|x86.Build.0 = Release|x86
		{268CF863-65A5-49BB-93CF-08972B7756DC}.Release-CD|Any CPU.ActiveCfg = Release|Any CPU
		{268CF863-65A5-49BB-93CF-08972B7756DC}.Release-CD|x64.ActiveCfg = Release|x64
		{268CF863-65A5-49BB-93CF-08972B7756DC}.Release-CD|x86.ActiveCfg = Release|x86
		{268CF863-65A5-49BB-93CF-08972B7756DC}.Release-CI|Any CPU.ActiveCfg = Release|Any CPU
		{268CF863-65A5-49BB-93CF-08972B7756DC}.Release-CI|Any CPU.Build.0 = Release|Any CPU
		{268CF863-65A5-49BB-93CF-08972B7756DC}.Release-CI|x64.ActiveCfg = Release|x64
		{268CF863-65A5-49BB-93CF-08972B7756DC}.Release-CI|x64.Build.0 = Release|x64
		{268CF863-65A5-49BB-93CF-08972B7756DC}.Release-CI|x86.ActiveCfg = Release|x86
		{268CF863-65A5-49BB-93CF-08972B7756DC}.Release-CI|x86.Build.0 = Release|x86
		{F717347D-8656-44DA-A4A2-BE515E8C4655}.Debug|Any CPU.ActiveCfg = Debug|Any CPU
		{F717347D-8656-44DA-A4A2-BE515E8C4655}.Debug|Any CPU.Build.0 = Debug|Any CPU
		{F717347D-8656-44DA-A4A2-BE515E8C4655}.Debug|x64.ActiveCfg = Debug|x64
		{F717347D-8656-44DA-A4A2-BE515E8C4655}.Debug|x64.Build.0 = Debug|x64
		{F717347D-8656-44DA-A4A2-BE515E8C4655}.Debug|x86.ActiveCfg = Debug|x86
		{F717347D-8656-44DA-A4A2-BE515E8C4655}.Debug|x86.Build.0 = Debug|x86
		{F717347D-8656-44DA-A4A2-BE515E8C4655}.Release|Any CPU.ActiveCfg = Release|Any CPU
		{F717347D-8656-44DA-A4A2-BE515E8C4655}.Release|Any CPU.Build.0 = Release|Any CPU
		{F717347D-8656-44DA-A4A2-BE515E8C4655}.Release|x64.ActiveCfg = Release|x64
		{F717347D-8656-44DA-A4A2-BE515E8C4655}.Release|x64.Build.0 = Release|x64
		{F717347D-8656-44DA-A4A2-BE515E8C4655}.Release|x86.ActiveCfg = Release|x86
		{F717347D-8656-44DA-A4A2-BE515E8C4655}.Release|x86.Build.0 = Release|x86
		{F717347D-8656-44DA-A4A2-BE515E8C4655}.Release-CD|Any CPU.ActiveCfg = Release|Any CPU
		{F717347D-8656-44DA-A4A2-BE515E8C4655}.Release-CD|x64.ActiveCfg = Release|x64
		{F717347D-8656-44DA-A4A2-BE515E8C4655}.Release-CD|x86.ActiveCfg = Release|x86
		{F717347D-8656-44DA-A4A2-BE515E8C4655}.Release-CI|Any CPU.ActiveCfg = Release|Any CPU
		{F717347D-8656-44DA-A4A2-BE515E8C4655}.Release-CI|Any CPU.Build.0 = Release|Any CPU
		{F717347D-8656-44DA-A4A2-BE515E8C4655}.Release-CI|x64.ActiveCfg = Release|x64
		{F717347D-8656-44DA-A4A2-BE515E8C4655}.Release-CI|x64.Build.0 = Release|x64
		{F717347D-8656-44DA-A4A2-BE515E8C4655}.Release-CI|x86.ActiveCfg = Release|x86
		{F717347D-8656-44DA-A4A2-BE515E8C4655}.Release-CI|x86.Build.0 = Release|x86
		{4A0AFE96-F5C0-4270-AA32-938F6CAEE404}.Debug|Any CPU.ActiveCfg = Debug|Any CPU
		{4A0AFE96-F5C0-4270-AA32-938F6CAEE404}.Debug|Any CPU.Build.0 = Debug|Any CPU
		{4A0AFE96-F5C0-4270-AA32-938F6CAEE404}.Debug|x64.ActiveCfg = Debug|x64
		{4A0AFE96-F5C0-4270-AA32-938F6CAEE404}.Debug|x64.Build.0 = Debug|x64
		{4A0AFE96-F5C0-4270-AA32-938F6CAEE404}.Debug|x86.ActiveCfg = Debug|x86
		{4A0AFE96-F5C0-4270-AA32-938F6CAEE404}.Debug|x86.Build.0 = Debug|x86
		{4A0AFE96-F5C0-4270-AA32-938F6CAEE404}.Release|Any CPU.ActiveCfg = Release|Any CPU
		{4A0AFE96-F5C0-4270-AA32-938F6CAEE404}.Release|Any CPU.Build.0 = Release|Any CPU
		{4A0AFE96-F5C0-4270-AA32-938F6CAEE404}.Release|x64.ActiveCfg = Release|x64
		{4A0AFE96-F5C0-4270-AA32-938F6CAEE404}.Release|x64.Build.0 = Release|x64
		{4A0AFE96-F5C0-4270-AA32-938F6CAEE404}.Release|x86.ActiveCfg = Release|x86
		{4A0AFE96-F5C0-4270-AA32-938F6CAEE404}.Release|x86.Build.0 = Release|x86
		{4A0AFE96-F5C0-4270-AA32-938F6CAEE404}.Release-CD|Any CPU.ActiveCfg = Release|Any CPU
		{4A0AFE96-F5C0-4270-AA32-938F6CAEE404}.Release-CD|x64.ActiveCfg = Release|x64
		{4A0AFE96-F5C0-4270-AA32-938F6CAEE404}.Release-CD|x86.ActiveCfg = Release|x86
		{4A0AFE96-F5C0-4270-AA32-938F6CAEE404}.Release-CI|Any CPU.ActiveCfg = Release|Any CPU
		{4A0AFE96-F5C0-4270-AA32-938F6CAEE404}.Release-CI|Any CPU.Build.0 = Release|Any CPU
		{4A0AFE96-F5C0-4270-AA32-938F6CAEE404}.Release-CI|x64.ActiveCfg = Release|x64
		{4A0AFE96-F5C0-4270-AA32-938F6CAEE404}.Release-CI|x64.Build.0 = Release|x64
		{4A0AFE96-F5C0-4270-AA32-938F6CAEE404}.Release-CI|x86.ActiveCfg = Release|x86
		{4A0AFE96-F5C0-4270-AA32-938F6CAEE404}.Release-CI|x86.Build.0 = Release|x86
		{16CAC35E-4DBB-433B-92E3-8B285206DDCB}.Debug|Any CPU.ActiveCfg = Debug|Any CPU
		{16CAC35E-4DBB-433B-92E3-8B285206DDCB}.Debug|Any CPU.Build.0 = Debug|Any CPU
		{16CAC35E-4DBB-433B-92E3-8B285206DDCB}.Debug|x64.ActiveCfg = Debug|x64
		{16CAC35E-4DBB-433B-92E3-8B285206DDCB}.Debug|x64.Build.0 = Debug|x64
		{16CAC35E-4DBB-433B-92E3-8B285206DDCB}.Debug|x86.ActiveCfg = Debug|x86
		{16CAC35E-4DBB-433B-92E3-8B285206DDCB}.Debug|x86.Build.0 = Debug|x86
		{16CAC35E-4DBB-433B-92E3-8B285206DDCB}.Release|Any CPU.ActiveCfg = Release|Any CPU
		{16CAC35E-4DBB-433B-92E3-8B285206DDCB}.Release|Any CPU.Build.0 = Release|Any CPU
		{16CAC35E-4DBB-433B-92E3-8B285206DDCB}.Release|x64.ActiveCfg = Release|x64
		{16CAC35E-4DBB-433B-92E3-8B285206DDCB}.Release|x64.Build.0 = Release|x64
		{16CAC35E-4DBB-433B-92E3-8B285206DDCB}.Release|x86.ActiveCfg = Release|x86
		{16CAC35E-4DBB-433B-92E3-8B285206DDCB}.Release|x86.Build.0 = Release|x86
		{16CAC35E-4DBB-433B-92E3-8B285206DDCB}.Release-CD|Any CPU.ActiveCfg = Release|Any CPU
		{16CAC35E-4DBB-433B-92E3-8B285206DDCB}.Release-CD|x64.ActiveCfg = Release|x64
		{16CAC35E-4DBB-433B-92E3-8B285206DDCB}.Release-CD|x86.ActiveCfg = Release|x86
		{16CAC35E-4DBB-433B-92E3-8B285206DDCB}.Release-CI|Any CPU.ActiveCfg = Release|Any CPU
		{16CAC35E-4DBB-433B-92E3-8B285206DDCB}.Release-CI|Any CPU.Build.0 = Release|Any CPU
		{16CAC35E-4DBB-433B-92E3-8B285206DDCB}.Release-CI|x64.ActiveCfg = Release|x64
		{16CAC35E-4DBB-433B-92E3-8B285206DDCB}.Release-CI|x64.Build.0 = Release|x64
		{16CAC35E-4DBB-433B-92E3-8B285206DDCB}.Release-CI|x86.ActiveCfg = Release|x86
		{16CAC35E-4DBB-433B-92E3-8B285206DDCB}.Release-CI|x86.Build.0 = Release|x86
		{5CCF7E79-C4D4-4A0E-96E0-1BE4B3CFE91C}.Debug|Any CPU.ActiveCfg = Debug|Any CPU
		{5CCF7E79-C4D4-4A0E-96E0-1BE4B3CFE91C}.Debug|Any CPU.Build.0 = Debug|Any CPU
		{5CCF7E79-C4D4-4A0E-96E0-1BE4B3CFE91C}.Debug|x64.ActiveCfg = Debug|x64
		{5CCF7E79-C4D4-4A0E-96E0-1BE4B3CFE91C}.Debug|x64.Build.0 = Debug|x64
		{5CCF7E79-C4D4-4A0E-96E0-1BE4B3CFE91C}.Debug|x86.ActiveCfg = Debug|x86
		{5CCF7E79-C4D4-4A0E-96E0-1BE4B3CFE91C}.Debug|x86.Build.0 = Debug|x86
		{5CCF7E79-C4D4-4A0E-96E0-1BE4B3CFE91C}.Release|Any CPU.ActiveCfg = Release|Any CPU
		{5CCF7E79-C4D4-4A0E-96E0-1BE4B3CFE91C}.Release|Any CPU.Build.0 = Release|Any CPU
		{5CCF7E79-C4D4-4A0E-96E0-1BE4B3CFE91C}.Release|x64.ActiveCfg = Release|x64
		{5CCF7E79-C4D4-4A0E-96E0-1BE4B3CFE91C}.Release|x64.Build.0 = Release|x64
		{5CCF7E79-C4D4-4A0E-96E0-1BE4B3CFE91C}.Release|x86.ActiveCfg = Release|x86
		{5CCF7E79-C4D4-4A0E-96E0-1BE4B3CFE91C}.Release|x86.Build.0 = Release|x86
		{5CCF7E79-C4D4-4A0E-96E0-1BE4B3CFE91C}.Release-CD|Any CPU.ActiveCfg = Release|Any CPU
		{5CCF7E79-C4D4-4A0E-96E0-1BE4B3CFE91C}.Release-CD|x64.ActiveCfg = Release|x64
		{5CCF7E79-C4D4-4A0E-96E0-1BE4B3CFE91C}.Release-CD|x86.ActiveCfg = Release|x86
		{5CCF7E79-C4D4-4A0E-96E0-1BE4B3CFE91C}.Release-CI|Any CPU.ActiveCfg = Release|Any CPU
		{5CCF7E79-C4D4-4A0E-96E0-1BE4B3CFE91C}.Release-CI|Any CPU.Build.0 = Release|Any CPU
		{5CCF7E79-C4D4-4A0E-96E0-1BE4B3CFE91C}.Release-CI|x64.ActiveCfg = Release|x64
		{5CCF7E79-C4D4-4A0E-96E0-1BE4B3CFE91C}.Release-CI|x64.Build.0 = Release|x64
		{5CCF7E79-C4D4-4A0E-96E0-1BE4B3CFE91C}.Release-CI|x86.ActiveCfg = Release|x86
		{5CCF7E79-C4D4-4A0E-96E0-1BE4B3CFE91C}.Release-CI|x86.Build.0 = Release|x86
		{86F58E1A-180E-48A4-9DC3-AC6529E9FB85}.Debug|Any CPU.ActiveCfg = Debug|Any CPU
		{86F58E1A-180E-48A4-9DC3-AC6529E9FB85}.Debug|Any CPU.Build.0 = Debug|Any CPU
		{86F58E1A-180E-48A4-9DC3-AC6529E9FB85}.Debug|x64.ActiveCfg = Debug|x64
		{86F58E1A-180E-48A4-9DC3-AC6529E9FB85}.Debug|x64.Build.0 = Debug|x64
		{86F58E1A-180E-48A4-9DC3-AC6529E9FB85}.Debug|x86.ActiveCfg = Debug|x86
		{86F58E1A-180E-48A4-9DC3-AC6529E9FB85}.Debug|x86.Build.0 = Debug|x86
		{86F58E1A-180E-48A4-9DC3-AC6529E9FB85}.Release|Any CPU.ActiveCfg = Release|Any CPU
		{86F58E1A-180E-48A4-9DC3-AC6529E9FB85}.Release|Any CPU.Build.0 = Release|Any CPU
		{86F58E1A-180E-48A4-9DC3-AC6529E9FB85}.Release|x64.ActiveCfg = Release|x64
		{86F58E1A-180E-48A4-9DC3-AC6529E9FB85}.Release|x64.Build.0 = Release|x64
		{86F58E1A-180E-48A4-9DC3-AC6529E9FB85}.Release|x86.ActiveCfg = Release|x86
		{86F58E1A-180E-48A4-9DC3-AC6529E9FB85}.Release|x86.Build.0 = Release|x86
		{86F58E1A-180E-48A4-9DC3-AC6529E9FB85}.Release-CD|Any CPU.ActiveCfg = Release|Any CPU
		{86F58E1A-180E-48A4-9DC3-AC6529E9FB85}.Release-CD|x64.ActiveCfg = Release|x64
		{86F58E1A-180E-48A4-9DC3-AC6529E9FB85}.Release-CD|x86.ActiveCfg = Release|x86
		{86F58E1A-180E-48A4-9DC3-AC6529E9FB85}.Release-CI|Any CPU.ActiveCfg = Release|Any CPU
		{86F58E1A-180E-48A4-9DC3-AC6529E9FB85}.Release-CI|x64.ActiveCfg = Release|x64
		{86F58E1A-180E-48A4-9DC3-AC6529E9FB85}.Release-CI|x86.ActiveCfg = Release|x86
		{CFC02150-CD3E-4208-A028-75BDE3FFB5FA}.Debug|Any CPU.ActiveCfg = Debug|Any CPU
		{CFC02150-CD3E-4208-A028-75BDE3FFB5FA}.Debug|Any CPU.Build.0 = Debug|Any CPU
		{CFC02150-CD3E-4208-A028-75BDE3FFB5FA}.Debug|x64.ActiveCfg = Debug|x64
		{CFC02150-CD3E-4208-A028-75BDE3FFB5FA}.Debug|x64.Build.0 = Debug|x64
		{CFC02150-CD3E-4208-A028-75BDE3FFB5FA}.Debug|x86.ActiveCfg = Debug|x86
		{CFC02150-CD3E-4208-A028-75BDE3FFB5FA}.Debug|x86.Build.0 = Debug|x86
		{CFC02150-CD3E-4208-A028-75BDE3FFB5FA}.Release|Any CPU.ActiveCfg = Release|Any CPU
		{CFC02150-CD3E-4208-A028-75BDE3FFB5FA}.Release|Any CPU.Build.0 = Release|Any CPU
		{CFC02150-CD3E-4208-A028-75BDE3FFB5FA}.Release|x64.ActiveCfg = Release|x64
		{CFC02150-CD3E-4208-A028-75BDE3FFB5FA}.Release|x64.Build.0 = Release|x64
		{CFC02150-CD3E-4208-A028-75BDE3FFB5FA}.Release|x86.ActiveCfg = Release|x86
		{CFC02150-CD3E-4208-A028-75BDE3FFB5FA}.Release|x86.Build.0 = Release|x86
		{CFC02150-CD3E-4208-A028-75BDE3FFB5FA}.Release-CD|Any CPU.ActiveCfg = Release|Any CPU
		{CFC02150-CD3E-4208-A028-75BDE3FFB5FA}.Release-CD|x64.ActiveCfg = Release|x64
		{CFC02150-CD3E-4208-A028-75BDE3FFB5FA}.Release-CD|x86.ActiveCfg = Release|x86
		{CFC02150-CD3E-4208-A028-75BDE3FFB5FA}.Release-CI|Any CPU.ActiveCfg = Release|Any CPU
		{CFC02150-CD3E-4208-A028-75BDE3FFB5FA}.Release-CI|x64.ActiveCfg = Release|x64
		{CFC02150-CD3E-4208-A028-75BDE3FFB5FA}.Release-CI|x86.ActiveCfg = Release|x86
		{AB0DFBE4-052D-4F33-803E-E2DC5AC70D11}.Debug|Any CPU.ActiveCfg = Debug|Any CPU
		{AB0DFBE4-052D-4F33-803E-E2DC5AC70D11}.Debug|Any CPU.Build.0 = Debug|Any CPU
		{AB0DFBE4-052D-4F33-803E-E2DC5AC70D11}.Debug|x64.ActiveCfg = Debug|x64
		{AB0DFBE4-052D-4F33-803E-E2DC5AC70D11}.Debug|x64.Build.0 = Debug|x64
		{AB0DFBE4-052D-4F33-803E-E2DC5AC70D11}.Debug|x86.ActiveCfg = Debug|x86
		{AB0DFBE4-052D-4F33-803E-E2DC5AC70D11}.Debug|x86.Build.0 = Debug|x86
		{AB0DFBE4-052D-4F33-803E-E2DC5AC70D11}.Release|Any CPU.ActiveCfg = Release|Any CPU
		{AB0DFBE4-052D-4F33-803E-E2DC5AC70D11}.Release|Any CPU.Build.0 = Release|Any CPU
		{AB0DFBE4-052D-4F33-803E-E2DC5AC70D11}.Release|x64.ActiveCfg = Release|x64
		{AB0DFBE4-052D-4F33-803E-E2DC5AC70D11}.Release|x64.Build.0 = Release|x64
		{AB0DFBE4-052D-4F33-803E-E2DC5AC70D11}.Release|x86.ActiveCfg = Release|x86
		{AB0DFBE4-052D-4F33-803E-E2DC5AC70D11}.Release|x86.Build.0 = Release|x86
		{AB0DFBE4-052D-4F33-803E-E2DC5AC70D11}.Release-CD|Any CPU.ActiveCfg = Release|Any CPU
		{AB0DFBE4-052D-4F33-803E-E2DC5AC70D11}.Release-CD|Any CPU.Build.0 = Release|Any CPU
		{AB0DFBE4-052D-4F33-803E-E2DC5AC70D11}.Release-CD|x64.ActiveCfg = Release|x64
		{AB0DFBE4-052D-4F33-803E-E2DC5AC70D11}.Release-CD|x64.Build.0 = Release|x64
		{AB0DFBE4-052D-4F33-803E-E2DC5AC70D11}.Release-CD|x86.ActiveCfg = Release|x86
		{AB0DFBE4-052D-4F33-803E-E2DC5AC70D11}.Release-CD|x86.Build.0 = Release|x86
		{AB0DFBE4-052D-4F33-803E-E2DC5AC70D11}.Release-CI|Any CPU.ActiveCfg = Release|Any CPU
		{AB0DFBE4-052D-4F33-803E-E2DC5AC70D11}.Release-CI|Any CPU.Build.0 = Release|Any CPU
		{AB0DFBE4-052D-4F33-803E-E2DC5AC70D11}.Release-CI|x64.ActiveCfg = Release|x64
		{AB0DFBE4-052D-4F33-803E-E2DC5AC70D11}.Release-CI|x64.Build.0 = Release|x64
		{AB0DFBE4-052D-4F33-803E-E2DC5AC70D11}.Release-CI|x86.ActiveCfg = Release|x86
		{AB0DFBE4-052D-4F33-803E-E2DC5AC70D11}.Release-CI|x86.Build.0 = Release|x86
		{4267AA33-CBC6-4B47-883A-B3690B7EEA50}.Debug|Any CPU.ActiveCfg = Debug|Any CPU
		{4267AA33-CBC6-4B47-883A-B3690B7EEA50}.Debug|Any CPU.Build.0 = Debug|Any CPU
		{4267AA33-CBC6-4B47-883A-B3690B7EEA50}.Debug|x64.ActiveCfg = Debug|x64
		{4267AA33-CBC6-4B47-883A-B3690B7EEA50}.Debug|x64.Build.0 = Debug|x64
		{4267AA33-CBC6-4B47-883A-B3690B7EEA50}.Debug|x86.ActiveCfg = Debug|x86
		{4267AA33-CBC6-4B47-883A-B3690B7EEA50}.Debug|x86.Build.0 = Debug|x86
		{4267AA33-CBC6-4B47-883A-B3690B7EEA50}.Release|Any CPU.ActiveCfg = Release|Any CPU
		{4267AA33-CBC6-4B47-883A-B3690B7EEA50}.Release|Any CPU.Build.0 = Release|Any CPU
		{4267AA33-CBC6-4B47-883A-B3690B7EEA50}.Release|x64.ActiveCfg = Release|x64
		{4267AA33-CBC6-4B47-883A-B3690B7EEA50}.Release|x64.Build.0 = Release|x64
		{4267AA33-CBC6-4B47-883A-B3690B7EEA50}.Release|x86.ActiveCfg = Release|x86
		{4267AA33-CBC6-4B47-883A-B3690B7EEA50}.Release|x86.Build.0 = Release|x86
		{4267AA33-CBC6-4B47-883A-B3690B7EEA50}.Release-CD|Any CPU.ActiveCfg = Release|Any CPU
		{4267AA33-CBC6-4B47-883A-B3690B7EEA50}.Release-CD|Any CPU.Build.0 = Release|Any CPU
		{4267AA33-CBC6-4B47-883A-B3690B7EEA50}.Release-CD|x64.ActiveCfg = Release|x64
		{4267AA33-CBC6-4B47-883A-B3690B7EEA50}.Release-CD|x64.Build.0 = Release|x64
		{4267AA33-CBC6-4B47-883A-B3690B7EEA50}.Release-CD|x86.ActiveCfg = Release|x86
		{4267AA33-CBC6-4B47-883A-B3690B7EEA50}.Release-CD|x86.Build.0 = Release|x86
		{4267AA33-CBC6-4B47-883A-B3690B7EEA50}.Release-CI|Any CPU.ActiveCfg = Release|Any CPU
		{4267AA33-CBC6-4B47-883A-B3690B7EEA50}.Release-CI|Any CPU.Build.0 = Release|Any CPU
		{4267AA33-CBC6-4B47-883A-B3690B7EEA50}.Release-CI|x64.ActiveCfg = Release|x64
		{4267AA33-CBC6-4B47-883A-B3690B7EEA50}.Release-CI|x64.Build.0 = Release|x64
		{4267AA33-CBC6-4B47-883A-B3690B7EEA50}.Release-CI|x86.ActiveCfg = Release|x86
		{4267AA33-CBC6-4B47-883A-B3690B7EEA50}.Release-CI|x86.Build.0 = Release|x86
		{74C93FC1-2104-4D48-A4C6-088C5DAF7561}.Debug|Any CPU.ActiveCfg = Debug|Any CPU
		{74C93FC1-2104-4D48-A4C6-088C5DAF7561}.Debug|Any CPU.Build.0 = Debug|Any CPU
		{74C93FC1-2104-4D48-A4C6-088C5DAF7561}.Debug|x64.ActiveCfg = Debug|x64
		{74C93FC1-2104-4D48-A4C6-088C5DAF7561}.Debug|x64.Build.0 = Debug|x64
		{74C93FC1-2104-4D48-A4C6-088C5DAF7561}.Debug|x86.ActiveCfg = Debug|x86
		{74C93FC1-2104-4D48-A4C6-088C5DAF7561}.Debug|x86.Build.0 = Debug|x86
		{74C93FC1-2104-4D48-A4C6-088C5DAF7561}.Release|Any CPU.ActiveCfg = Release|Any CPU
		{74C93FC1-2104-4D48-A4C6-088C5DAF7561}.Release|Any CPU.Build.0 = Release|Any CPU
		{74C93FC1-2104-4D48-A4C6-088C5DAF7561}.Release|x64.ActiveCfg = Release|x64
		{74C93FC1-2104-4D48-A4C6-088C5DAF7561}.Release|x64.Build.0 = Release|x64
		{74C93FC1-2104-4D48-A4C6-088C5DAF7561}.Release|x86.ActiveCfg = Release|x86
		{74C93FC1-2104-4D48-A4C6-088C5DAF7561}.Release|x86.Build.0 = Release|x86
		{74C93FC1-2104-4D48-A4C6-088C5DAF7561}.Release-CD|Any CPU.ActiveCfg = Release|Any CPU
		{74C93FC1-2104-4D48-A4C6-088C5DAF7561}.Release-CD|Any CPU.Build.0 = Release|Any CPU
		{74C93FC1-2104-4D48-A4C6-088C5DAF7561}.Release-CD|x64.ActiveCfg = Release|x64
		{74C93FC1-2104-4D48-A4C6-088C5DAF7561}.Release-CD|x64.Build.0 = Release|x64
		{74C93FC1-2104-4D48-A4C6-088C5DAF7561}.Release-CD|x86.ActiveCfg = Release|x86
		{74C93FC1-2104-4D48-A4C6-088C5DAF7561}.Release-CD|x86.Build.0 = Release|x86
		{74C93FC1-2104-4D48-A4C6-088C5DAF7561}.Release-CI|Any CPU.ActiveCfg = Release|Any CPU
		{74C93FC1-2104-4D48-A4C6-088C5DAF7561}.Release-CI|Any CPU.Build.0 = Release|Any CPU
		{74C93FC1-2104-4D48-A4C6-088C5DAF7561}.Release-CI|x64.ActiveCfg = Release|x64
		{74C93FC1-2104-4D48-A4C6-088C5DAF7561}.Release-CI|x64.Build.0 = Release|x64
		{74C93FC1-2104-4D48-A4C6-088C5DAF7561}.Release-CI|x86.ActiveCfg = Release|x86
		{74C93FC1-2104-4D48-A4C6-088C5DAF7561}.Release-CI|x86.Build.0 = Release|x86
		{EE18C665-B9C4-47E4-BD10-FDD62F945346}.Debug|Any CPU.ActiveCfg = Debug|Any CPU
		{EE18C665-B9C4-47E4-BD10-FDD62F945346}.Debug|Any CPU.Build.0 = Debug|Any CPU
		{EE18C665-B9C4-47E4-BD10-FDD62F945346}.Debug|x64.ActiveCfg = Debug|x64
		{EE18C665-B9C4-47E4-BD10-FDD62F945346}.Debug|x64.Build.0 = Debug|x64
		{EE18C665-B9C4-47E4-BD10-FDD62F945346}.Debug|x86.ActiveCfg = Debug|x86
		{EE18C665-B9C4-47E4-BD10-FDD62F945346}.Debug|x86.Build.0 = Debug|x86
		{EE18C665-B9C4-47E4-BD10-FDD62F945346}.Release|Any CPU.ActiveCfg = Release|Any CPU
		{EE18C665-B9C4-47E4-BD10-FDD62F945346}.Release|Any CPU.Build.0 = Release|Any CPU
		{EE18C665-B9C4-47E4-BD10-FDD62F945346}.Release|x64.ActiveCfg = Release|x64
		{EE18C665-B9C4-47E4-BD10-FDD62F945346}.Release|x64.Build.0 = Release|x64
		{EE18C665-B9C4-47E4-BD10-FDD62F945346}.Release|x86.ActiveCfg = Release|x86
		{EE18C665-B9C4-47E4-BD10-FDD62F945346}.Release|x86.Build.0 = Release|x86
		{EE18C665-B9C4-47E4-BD10-FDD62F945346}.Release-CD|Any CPU.ActiveCfg = Release|Any CPU
		{EE18C665-B9C4-47E4-BD10-FDD62F945346}.Release-CD|Any CPU.Build.0 = Release|Any CPU
		{EE18C665-B9C4-47E4-BD10-FDD62F945346}.Release-CD|x64.ActiveCfg = Release|x64
		{EE18C665-B9C4-47E4-BD10-FDD62F945346}.Release-CD|x64.Build.0 = Release|x64
		{EE18C665-B9C4-47E4-BD10-FDD62F945346}.Release-CD|x86.ActiveCfg = Release|x86
		{EE18C665-B9C4-47E4-BD10-FDD62F945346}.Release-CD|x86.Build.0 = Release|x86
		{EE18C665-B9C4-47E4-BD10-FDD62F945346}.Release-CI|Any CPU.ActiveCfg = Release|Any CPU
		{EE18C665-B9C4-47E4-BD10-FDD62F945346}.Release-CI|Any CPU.Build.0 = Release|Any CPU
		{EE18C665-B9C4-47E4-BD10-FDD62F945346}.Release-CI|x64.ActiveCfg = Release|x64
		{EE18C665-B9C4-47E4-BD10-FDD62F945346}.Release-CI|x64.Build.0 = Release|x64
		{EE18C665-B9C4-47E4-BD10-FDD62F945346}.Release-CI|x86.ActiveCfg = Release|x86
		{EE18C665-B9C4-47E4-BD10-FDD62F945346}.Release-CI|x86.Build.0 = Release|x86
		{8016B9C7-DE6E-4025-9ACA-1ECBF0A0D54D}.Debug|Any CPU.ActiveCfg = Debug|Any CPU
		{8016B9C7-DE6E-4025-9ACA-1ECBF0A0D54D}.Debug|Any CPU.Build.0 = Debug|Any CPU
		{8016B9C7-DE6E-4025-9ACA-1ECBF0A0D54D}.Debug|x64.ActiveCfg = Debug|x64
		{8016B9C7-DE6E-4025-9ACA-1ECBF0A0D54D}.Debug|x64.Build.0 = Debug|x64
		{8016B9C7-DE6E-4025-9ACA-1ECBF0A0D54D}.Debug|x86.ActiveCfg = Debug|x86
		{8016B9C7-DE6E-4025-9ACA-1ECBF0A0D54D}.Debug|x86.Build.0 = Debug|x86
		{8016B9C7-DE6E-4025-9ACA-1ECBF0A0D54D}.Release|Any CPU.ActiveCfg = Release|Any CPU
		{8016B9C7-DE6E-4025-9ACA-1ECBF0A0D54D}.Release|Any CPU.Build.0 = Release|Any CPU
		{8016B9C7-DE6E-4025-9ACA-1ECBF0A0D54D}.Release|x64.ActiveCfg = Release|x64
		{8016B9C7-DE6E-4025-9ACA-1ECBF0A0D54D}.Release|x64.Build.0 = Release|x64
		{8016B9C7-DE6E-4025-9ACA-1ECBF0A0D54D}.Release|x86.ActiveCfg = Release|x86
		{8016B9C7-DE6E-4025-9ACA-1ECBF0A0D54D}.Release|x86.Build.0 = Release|x86
		{8016B9C7-DE6E-4025-9ACA-1ECBF0A0D54D}.Release-CD|Any CPU.ActiveCfg = Release|Any CPU
		{8016B9C7-DE6E-4025-9ACA-1ECBF0A0D54D}.Release-CD|Any CPU.Build.0 = Release|Any CPU
		{8016B9C7-DE6E-4025-9ACA-1ECBF0A0D54D}.Release-CD|x64.ActiveCfg = Release|x64
		{8016B9C7-DE6E-4025-9ACA-1ECBF0A0D54D}.Release-CD|x64.Build.0 = Release|x64
		{8016B9C7-DE6E-4025-9ACA-1ECBF0A0D54D}.Release-CD|x86.ActiveCfg = Release|x86
		{8016B9C7-DE6E-4025-9ACA-1ECBF0A0D54D}.Release-CD|x86.Build.0 = Release|x86
		{8016B9C7-DE6E-4025-9ACA-1ECBF0A0D54D}.Release-CI|Any CPU.ActiveCfg = Release|Any CPU
		{8016B9C7-DE6E-4025-9ACA-1ECBF0A0D54D}.Release-CI|Any CPU.Build.0 = Release|Any CPU
		{8016B9C7-DE6E-4025-9ACA-1ECBF0A0D54D}.Release-CI|x64.ActiveCfg = Release|x64
		{8016B9C7-DE6E-4025-9ACA-1ECBF0A0D54D}.Release-CI|x64.Build.0 = Release|x64
		{8016B9C7-DE6E-4025-9ACA-1ECBF0A0D54D}.Release-CI|x86.ActiveCfg = Release|x86
		{8016B9C7-DE6E-4025-9ACA-1ECBF0A0D54D}.Release-CI|x86.Build.0 = Release|x86
		{38824BA1-54E2-41C7-81A6-A0B27EE3F37A}.Debug|Any CPU.ActiveCfg = Debug|Any CPU
		{38824BA1-54E2-41C7-81A6-A0B27EE3F37A}.Debug|Any CPU.Build.0 = Debug|Any CPU
		{38824BA1-54E2-41C7-81A6-A0B27EE3F37A}.Debug|x64.ActiveCfg = Debug|x64
		{38824BA1-54E2-41C7-81A6-A0B27EE3F37A}.Debug|x64.Build.0 = Debug|x64
		{38824BA1-54E2-41C7-81A6-A0B27EE3F37A}.Debug|x86.ActiveCfg = Debug|x86
		{38824BA1-54E2-41C7-81A6-A0B27EE3F37A}.Debug|x86.Build.0 = Debug|x86
		{38824BA1-54E2-41C7-81A6-A0B27EE3F37A}.Release|Any CPU.ActiveCfg = Release|Any CPU
		{38824BA1-54E2-41C7-81A6-A0B27EE3F37A}.Release|Any CPU.Build.0 = Release|Any CPU
		{38824BA1-54E2-41C7-81A6-A0B27EE3F37A}.Release|x64.ActiveCfg = Release|x64
		{38824BA1-54E2-41C7-81A6-A0B27EE3F37A}.Release|x64.Build.0 = Release|x64
		{38824BA1-54E2-41C7-81A6-A0B27EE3F37A}.Release|x86.ActiveCfg = Release|x86
		{38824BA1-54E2-41C7-81A6-A0B27EE3F37A}.Release|x86.Build.0 = Release|x86
		{38824BA1-54E2-41C7-81A6-A0B27EE3F37A}.Release-CD|Any CPU.ActiveCfg = Release|Any CPU
		{38824BA1-54E2-41C7-81A6-A0B27EE3F37A}.Release-CD|Any CPU.Build.0 = Release|Any CPU
		{38824BA1-54E2-41C7-81A6-A0B27EE3F37A}.Release-CD|x64.ActiveCfg = Release|x64
		{38824BA1-54E2-41C7-81A6-A0B27EE3F37A}.Release-CD|x64.Build.0 = Release|x64
		{38824BA1-54E2-41C7-81A6-A0B27EE3F37A}.Release-CD|x86.ActiveCfg = Release|x86
		{38824BA1-54E2-41C7-81A6-A0B27EE3F37A}.Release-CD|x86.Build.0 = Release|x86
		{38824BA1-54E2-41C7-81A6-A0B27EE3F37A}.Release-CI|Any CPU.ActiveCfg = Release|Any CPU
		{38824BA1-54E2-41C7-81A6-A0B27EE3F37A}.Release-CI|Any CPU.Build.0 = Release|Any CPU
		{38824BA1-54E2-41C7-81A6-A0B27EE3F37A}.Release-CI|x64.ActiveCfg = Release|x64
		{38824BA1-54E2-41C7-81A6-A0B27EE3F37A}.Release-CI|x64.Build.0 = Release|x64
		{38824BA1-54E2-41C7-81A6-A0B27EE3F37A}.Release-CI|x86.ActiveCfg = Release|x86
		{38824BA1-54E2-41C7-81A6-A0B27EE3F37A}.Release-CI|x86.Build.0 = Release|x86
		{6C861F8F-166F-4358-BB5A-8CDE6425F893}.Debug|Any CPU.ActiveCfg = Debug|Any CPU
		{6C861F8F-166F-4358-BB5A-8CDE6425F893}.Debug|Any CPU.Build.0 = Debug|Any CPU
		{6C861F8F-166F-4358-BB5A-8CDE6425F893}.Debug|x64.ActiveCfg = Debug|x64
		{6C861F8F-166F-4358-BB5A-8CDE6425F893}.Debug|x64.Build.0 = Debug|x64
		{6C861F8F-166F-4358-BB5A-8CDE6425F893}.Debug|x86.ActiveCfg = Debug|x86
		{6C861F8F-166F-4358-BB5A-8CDE6425F893}.Debug|x86.Build.0 = Debug|x86
		{6C861F8F-166F-4358-BB5A-8CDE6425F893}.Release|Any CPU.ActiveCfg = Release|Any CPU
		{6C861F8F-166F-4358-BB5A-8CDE6425F893}.Release|Any CPU.Build.0 = Release|Any CPU
		{6C861F8F-166F-4358-BB5A-8CDE6425F893}.Release|x64.ActiveCfg = Release|x64
		{6C861F8F-166F-4358-BB5A-8CDE6425F893}.Release|x64.Build.0 = Release|x64
		{6C861F8F-166F-4358-BB5A-8CDE6425F893}.Release|x86.ActiveCfg = Release|x86
		{6C861F8F-166F-4358-BB5A-8CDE6425F893}.Release|x86.Build.0 = Release|x86
		{6C861F8F-166F-4358-BB5A-8CDE6425F893}.Release-CD|Any CPU.ActiveCfg = Release|Any CPU
		{6C861F8F-166F-4358-BB5A-8CDE6425F893}.Release-CD|Any CPU.Build.0 = Release|Any CPU
		{6C861F8F-166F-4358-BB5A-8CDE6425F893}.Release-CD|x64.ActiveCfg = Release|x64
		{6C861F8F-166F-4358-BB5A-8CDE6425F893}.Release-CD|x64.Build.0 = Release|x64
		{6C861F8F-166F-4358-BB5A-8CDE6425F893}.Release-CD|x86.ActiveCfg = Release|x86
		{6C861F8F-166F-4358-BB5A-8CDE6425F893}.Release-CD|x86.Build.0 = Release|x86
		{6C861F8F-166F-4358-BB5A-8CDE6425F893}.Release-CI|Any CPU.ActiveCfg = Release|Any CPU
		{6C861F8F-166F-4358-BB5A-8CDE6425F893}.Release-CI|Any CPU.Build.0 = Release|Any CPU
		{6C861F8F-166F-4358-BB5A-8CDE6425F893}.Release-CI|x64.ActiveCfg = Release|x64
		{6C861F8F-166F-4358-BB5A-8CDE6425F893}.Release-CI|x64.Build.0 = Release|x64
		{6C861F8F-166F-4358-BB5A-8CDE6425F893}.Release-CI|x86.ActiveCfg = Release|x86
		{6C861F8F-166F-4358-BB5A-8CDE6425F893}.Release-CI|x86.Build.0 = Release|x86
	EndGlobalSection
	GlobalSection(SolutionProperties) = preSolution
		HideSolutionNode = FALSE
	EndGlobalSection
	GlobalSection(NestedProjects) = preSolution
		{C0D60B0B-63CF-4DCA-916F-BDB40CEDCE35} = {8217F4D4-8E55-44C4-ADDB-72115BAD7BC4}
		{268CF863-65A5-49BB-93CF-08972B7756DC} = {10210B58-6AF5-4C6B-B388-99F0468429F7}
		{F717347D-8656-44DA-A4A2-BE515E8C4655} = {10210B58-6AF5-4C6B-B388-99F0468429F7}
		{4EC8BB3C-EAA3-469B-B3A5-1FE80BEA748A} = {8217F4D4-8E55-44C4-ADDB-72115BAD7BC4}
		{4A0AFE96-F5C0-4270-AA32-938F6CAEE404} = {4EC8BB3C-EAA3-469B-B3A5-1FE80BEA748A}
		{16CAC35E-4DBB-433B-92E3-8B285206DDCB} = {4EC8BB3C-EAA3-469B-B3A5-1FE80BEA748A}
		{5CCF7E79-C4D4-4A0E-96E0-1BE4B3CFE91C} = {4EC8BB3C-EAA3-469B-B3A5-1FE80BEA748A}
		{8BFDDBB6-0FC3-447B-85D1-DA885C78F9DD} = {8217F4D4-8E55-44C4-ADDB-72115BAD7BC4}
		{86F58E1A-180E-48A4-9DC3-AC6529E9FB85} = {8BFDDBB6-0FC3-447B-85D1-DA885C78F9DD}
		{CFC02150-CD3E-4208-A028-75BDE3FFB5FA} = {8BFDDBB6-0FC3-447B-85D1-DA885C78F9DD}
		{BCD6C3DD-672D-40DF-8612-09A0F1377291} = {055B9CC5-6327-4215-8717-4F384F4C492E}
		{AB0DFBE4-052D-4F33-803E-E2DC5AC70D11} = {8217F4D4-8E55-44C4-ADDB-72115BAD7BC4}
		{4267AA33-CBC6-4B47-883A-B3690B7EEA50} = {C954B1E9-F881-434D-BA49-3900AD816238}
		{74C93FC1-2104-4D48-A4C6-088C5DAF7561} = {C954B1E9-F881-434D-BA49-3900AD816238}
		{EE18C665-B9C4-47E4-BD10-FDD62F945346} = {C954B1E9-F881-434D-BA49-3900AD816238}
		{8016B9C7-DE6E-4025-9ACA-1ECBF0A0D54D} = {C954B1E9-F881-434D-BA49-3900AD816238}
		{C954B1E9-F881-434D-BA49-3900AD816238} = {10210B58-6AF5-4C6B-B388-99F0468429F7}
		{38824BA1-54E2-41C7-81A6-A0B27EE3F37A} = {C954B1E9-F881-434D-BA49-3900AD816238}
		{6C861F8F-166F-4358-BB5A-8CDE6425F893} = {C954B1E9-F881-434D-BA49-3900AD816238}
	EndGlobalSection
	GlobalSection(ExtensibilityGlobals) = postSolution
		SolutionGuid = {6ACC950B-5F93-429C-A204-6315A92AD3A1}
	EndGlobalSection
EndGlobal
