
Microsoft Visual Studio Solution File, Format Version 12.00
# Visual Studio Version 16
VisualStudioVersion = 16.0.28803.352
MinimumVisualStudioVersion = 15.0.26124.0
Project("{9A19103F-16F7-4668-BE54-9A1E7A4F7556}") = "Typin", "Typin\Typin.csproj", "{C0D60B0B-63CF-4DCA-916F-BDB40CEDCE35}"
EndProject
Project("{9A19103F-16F7-4668-BE54-9A1E7A4F7556}") = "Typin.Tests", "Typin.Tests\Typin.Tests.csproj", "{268CF863-65A5-49BB-93CF-08972B7756DC}"
EndProject
Project("{2150E333-8FDC-42A3-9474-1A3956D46DE8}") = "Docs", "Docs", "{3AAE8166-BB8E-49DA-844C-3A0EE6BD40A0}"
	ProjectSection(SolutionItems) = preProject
		CHANGELOG.md = CHANGELOG.md
		.github\FUNDING.yml = .github\FUNDING.yml
		LICENSE = LICENSE
		README.md = README.md
	EndProjectSection
EndProject
Project("{9A19103F-16F7-4668-BE54-9A1E7A4F7556}") = "Typin.Tests.Dummy", "Typin.Tests.Dummy\Typin.Tests.Dummy.csproj", "{F717347D-8656-44DA-A4A2-BE515E8C4655}"
EndProject
Project("{9A19103F-16F7-4668-BE54-9A1E7A4F7556}") = "Typin.Analyzers", "Typin.Analyzers\Typin.Analyzers.csproj", "{F8460D69-F8CF-405C-A6ED-BED02A21DB42}"
EndProject
Project("{9A19103F-16F7-4668-BE54-9A1E7A4F7556}") = "Typin.Analyzers.Tests", "Typin.Analyzers.Tests\Typin.Analyzers.Tests.csproj", "{49878E75-2097-4C79-9151-B98A28FBB973}"
EndProject
Project("{2150E333-8FDC-42A3-9474-1A3956D46DE8}") = "Configuration", "Configuration", "{055B9CC5-6327-4215-8717-4F384F4C492E}"
	ProjectSection(SolutionItems) = preProject
		.gitattributes = .gitattributes
		.gitignore = .gitignore
		.github\workflows\CD.yml = .github\workflows\CD.yml
		.github\workflows\CI.yml = .github\workflows\CI.yml
		Typin.props = Typin.props
	EndProjectSection
EndProject
Project("{2150E333-8FDC-42A3-9474-1A3956D46DE8}") = "Src", "Src", "{8217F4D4-8E55-44C4-ADDB-72115BAD7BC4}"
EndProject
Project("{2150E333-8FDC-42A3-9474-1A3956D46DE8}") = "Tests", "Tests", "{10210B58-6AF5-4C6B-B388-99F0468429F7}"
EndProject
Project("{2150E333-8FDC-42A3-9474-1A3956D46DE8}") = "Examples", "Examples", "{4EC8BB3C-EAA3-469B-B3A5-1FE80BEA748A}"
EndProject
Project("{9A19103F-16F7-4668-BE54-9A1E7A4F7556}") = "BlazorExample", "Examples\BlazorExample\BlazorExample.csproj", "{95F5AEE1-8205-4E03-B2D4-8DE611A44F41}"
EndProject
Project("{9A19103F-16F7-4668-BE54-9A1E7A4F7556}") = "BookLibraryExample", "Examples\BookLibraryExample\BookLibraryExample.csproj", "{4A0AFE96-F5C0-4270-AA32-938F6CAEE404}"
EndProject
Project("{9A19103F-16F7-4668-BE54-9A1E7A4F7556}") = "InteractiveModeExample", "Examples\InteractiveModeExample\InteractiveModeExample.csproj", "{16CAC35E-4DBB-433B-92E3-8B285206DDCB}"
EndProject
Project("{9A19103F-16F7-4668-BE54-9A1E7A4F7556}") = "SimpleAppExample", "Examples\SimpleAppExample\SimpleAppExample.csproj", "{5CCF7E79-C4D4-4A0E-96E0-1BE4B3CFE91C}"
EndProject
Project("{2150E333-8FDC-42A3-9474-1A3956D46DE8}") = "Benchmarks", "Benchmarks", "{8BFDDBB6-0FC3-447B-85D1-DA885C78F9DD}"
EndProject
Project("{9A19103F-16F7-4668-BE54-9A1E7A4F7556}") = "Typin.Benchmarks.MultiCommand", "Benchmarks\Typin.Benchmarks.MultiCommand\Typin.Benchmarks.MultiCommand.csproj", "{86F58E1A-180E-48A4-9DC3-AC6529E9FB85}"
EndProject
Project("{9A19103F-16F7-4668-BE54-9A1E7A4F7556}") = "Typin.Benchmarks.FrameworksComparison", "Benchmarks\Typin.Benchmarks.FrameworksComparison\Typin.Benchmarks.FrameworksComparison.csproj", "{CFC02150-CD3E-4208-A028-75BDE3FFB5FA}"
EndProject
Global
	GlobalSection(SolutionConfigurationPlatforms) = preSolution
		Debug|Any CPU = Debug|Any CPU
		Debug|x64 = Debug|x64
		Debug|x86 = Debug|x86
		Release|Any CPU = Release|Any CPU
		Release|x64 = Release|x64
		Release|x86 = Release|x86
	EndGlobalSection
	GlobalSection(ProjectConfigurationPlatforms) = postSolution
		{C0D60B0B-63CF-4DCA-916F-BDB40CEDCE35}.Debug|Any CPU.ActiveCfg = Debug|Any CPU
		{C0D60B0B-63CF-4DCA-916F-BDB40CEDCE35}.Debug|Any CPU.Build.0 = Debug|Any CPU
		{C0D60B0B-63CF-4DCA-916F-BDB40CEDCE35}.Debug|x64.ActiveCfg = Debug|Any CPU
		{C0D60B0B-63CF-4DCA-916F-BDB40CEDCE35}.Debug|x64.Build.0 = Debug|Any CPU
		{C0D60B0B-63CF-4DCA-916F-BDB40CEDCE35}.Debug|x86.ActiveCfg = Debug|Any CPU
		{C0D60B0B-63CF-4DCA-916F-BDB40CEDCE35}.Debug|x86.Build.0 = Debug|Any CPU
		{C0D60B0B-63CF-4DCA-916F-BDB40CEDCE35}.Release|Any CPU.ActiveCfg = Release|Any CPU
		{C0D60B0B-63CF-4DCA-916F-BDB40CEDCE35}.Release|Any CPU.Build.0 = Release|Any CPU
		{C0D60B0B-63CF-4DCA-916F-BDB40CEDCE35}.Release|x64.ActiveCfg = Release|Any CPU
		{C0D60B0B-63CF-4DCA-916F-BDB40CEDCE35}.Release|x64.Build.0 = Release|Any CPU
		{C0D60B0B-63CF-4DCA-916F-BDB40CEDCE35}.Release|x86.ActiveCfg = Release|Any CPU
		{C0D60B0B-63CF-4DCA-916F-BDB40CEDCE35}.Release|x86.Build.0 = Release|Any CPU
		{268CF863-65A5-49BB-93CF-08972B7756DC}.Debug|Any CPU.ActiveCfg = Debug|Any CPU
		{268CF863-65A5-49BB-93CF-08972B7756DC}.Debug|Any CPU.Build.0 = Debug|Any CPU
		{268CF863-65A5-49BB-93CF-08972B7756DC}.Debug|x64.ActiveCfg = Debug|Any CPU
		{268CF863-65A5-49BB-93CF-08972B7756DC}.Debug|x64.Build.0 = Debug|Any CPU
		{268CF863-65A5-49BB-93CF-08972B7756DC}.Debug|x86.ActiveCfg = Debug|Any CPU
		{268CF863-65A5-49BB-93CF-08972B7756DC}.Debug|x86.Build.0 = Debug|Any CPU
		{268CF863-65A5-49BB-93CF-08972B7756DC}.Release|Any CPU.ActiveCfg = Release|Any CPU
		{268CF863-65A5-49BB-93CF-08972B7756DC}.Release|Any CPU.Build.0 = Release|Any CPU
		{268CF863-65A5-49BB-93CF-08972B7756DC}.Release|x64.ActiveCfg = Release|Any CPU
		{268CF863-65A5-49BB-93CF-08972B7756DC}.Release|x64.Build.0 = Release|Any CPU
		{268CF863-65A5-49BB-93CF-08972B7756DC}.Release|x86.ActiveCfg = Release|Any CPU
		{268CF863-65A5-49BB-93CF-08972B7756DC}.Release|x86.Build.0 = Release|Any CPU
		{F717347D-8656-44DA-A4A2-BE515E8C4655}.Debug|Any CPU.ActiveCfg = Debug|Any CPU
		{F717347D-8656-44DA-A4A2-BE515E8C4655}.Debug|Any CPU.Build.0 = Debug|Any CPU
		{F717347D-8656-44DA-A4A2-BE515E8C4655}.Debug|x64.ActiveCfg = Debug|Any CPU
		{F717347D-8656-44DA-A4A2-BE515E8C4655}.Debug|x64.Build.0 = Debug|Any CPU
		{F717347D-8656-44DA-A4A2-BE515E8C4655}.Debug|x86.ActiveCfg = Debug|Any CPU
		{F717347D-8656-44DA-A4A2-BE515E8C4655}.Debug|x86.Build.0 = Debug|Any CPU
		{F717347D-8656-44DA-A4A2-BE515E8C4655}.Release|Any CPU.ActiveCfg = Release|Any CPU
		{F717347D-8656-44DA-A4A2-BE515E8C4655}.Release|Any CPU.Build.0 = Release|Any CPU
		{F717347D-8656-44DA-A4A2-BE515E8C4655}.Release|x64.ActiveCfg = Release|Any CPU
		{F717347D-8656-44DA-A4A2-BE515E8C4655}.Release|x64.Build.0 = Release|Any CPU
		{F717347D-8656-44DA-A4A2-BE515E8C4655}.Release|x86.ActiveCfg = Release|Any CPU
		{F717347D-8656-44DA-A4A2-BE515E8C4655}.Release|x86.Build.0 = Release|Any CPU
		{F8460D69-F8CF-405C-A6ED-BED02A21DB42}.Debug|Any CPU.ActiveCfg = Debug|Any CPU
		{F8460D69-F8CF-405C-A6ED-BED02A21DB42}.Debug|Any CPU.Build.0 = Debug|Any CPU
		{F8460D69-F8CF-405C-A6ED-BED02A21DB42}.Debug|x64.ActiveCfg = Debug|Any CPU
		{F8460D69-F8CF-405C-A6ED-BED02A21DB42}.Debug|x64.Build.0 = Debug|Any CPU
		{F8460D69-F8CF-405C-A6ED-BED02A21DB42}.Debug|x86.ActiveCfg = Debug|Any CPU
		{F8460D69-F8CF-405C-A6ED-BED02A21DB42}.Debug|x86.Build.0 = Debug|Any CPU
		{F8460D69-F8CF-405C-A6ED-BED02A21DB42}.Release|Any CPU.ActiveCfg = Release|Any CPU
		{F8460D69-F8CF-405C-A6ED-BED02A21DB42}.Release|Any CPU.Build.0 = Release|Any CPU
		{F8460D69-F8CF-405C-A6ED-BED02A21DB42}.Release|x64.ActiveCfg = Release|Any CPU
		{F8460D69-F8CF-405C-A6ED-BED02A21DB42}.Release|x64.Build.0 = Release|Any CPU
		{F8460D69-F8CF-405C-A6ED-BED02A21DB42}.Release|x86.ActiveCfg = Release|Any CPU
		{F8460D69-F8CF-405C-A6ED-BED02A21DB42}.Release|x86.Build.0 = Release|Any CPU
		{49878E75-2097-4C79-9151-B98A28FBB973}.Debug|Any CPU.ActiveCfg = Debug|Any CPU
		{49878E75-2097-4C79-9151-B98A28FBB973}.Debug|Any CPU.Build.0 = Debug|Any CPU
		{49878E75-2097-4C79-9151-B98A28FBB973}.Debug|x64.ActiveCfg = Debug|Any CPU
		{49878E75-2097-4C79-9151-B98A28FBB973}.Debug|x64.Build.0 = Debug|Any CPU
		{49878E75-2097-4C79-9151-B98A28FBB973}.Debug|x86.ActiveCfg = Debug|Any CPU
		{49878E75-2097-4C79-9151-B98A28FBB973}.Debug|x86.Build.0 = Debug|Any CPU
		{49878E75-2097-4C79-9151-B98A28FBB973}.Release|Any CPU.ActiveCfg = Release|Any CPU
		{49878E75-2097-4C79-9151-B98A28FBB973}.Release|Any CPU.Build.0 = Release|Any CPU
		{49878E75-2097-4C79-9151-B98A28FBB973}.Release|x64.ActiveCfg = Release|Any CPU
		{49878E75-2097-4C79-9151-B98A28FBB973}.Release|x64.Build.0 = Release|Any CPU
		{49878E75-2097-4C79-9151-B98A28FBB973}.Release|x86.ActiveCfg = Release|Any CPU
		{49878E75-2097-4C79-9151-B98A28FBB973}.Release|x86.Build.0 = Release|Any CPU
		{95F5AEE1-8205-4E03-B2D4-8DE611A44F41}.Debug|Any CPU.ActiveCfg = Debug|Any CPU
		{95F5AEE1-8205-4E03-B2D4-8DE611A44F41}.Debug|Any CPU.Build.0 = Debug|Any CPU
		{95F5AEE1-8205-4E03-B2D4-8DE611A44F41}.Debug|x64.ActiveCfg = Debug|Any CPU
		{95F5AEE1-8205-4E03-B2D4-8DE611A44F41}.Debug|x64.Build.0 = Debug|Any CPU
		{95F5AEE1-8205-4E03-B2D4-8DE611A44F41}.Debug|x86.ActiveCfg = Debug|Any CPU
		{95F5AEE1-8205-4E03-B2D4-8DE611A44F41}.Debug|x86.Build.0 = Debug|Any CPU
		{95F5AEE1-8205-4E03-B2D4-8DE611A44F41}.Release|Any CPU.ActiveCfg = Release|Any CPU
		{95F5AEE1-8205-4E03-B2D4-8DE611A44F41}.Release|Any CPU.Build.0 = Release|Any CPU
		{95F5AEE1-8205-4E03-B2D4-8DE611A44F41}.Release|x64.ActiveCfg = Release|Any CPU
		{95F5AEE1-8205-4E03-B2D4-8DE611A44F41}.Release|x64.Build.0 = Release|Any CPU
		{95F5AEE1-8205-4E03-B2D4-8DE611A44F41}.Release|x86.ActiveCfg = Release|Any CPU
		{95F5AEE1-8205-4E03-B2D4-8DE611A44F41}.Release|x86.Build.0 = Release|Any CPU
		{4A0AFE96-F5C0-4270-AA32-938F6CAEE404}.Debug|Any CPU.ActiveCfg = Debug|Any CPU
		{4A0AFE96-F5C0-4270-AA32-938F6CAEE404}.Debug|Any CPU.Build.0 = Debug|Any CPU
		{4A0AFE96-F5C0-4270-AA32-938F6CAEE404}.Debug|x64.ActiveCfg = Debug|Any CPU
		{4A0AFE96-F5C0-4270-AA32-938F6CAEE404}.Debug|x64.Build.0 = Debug|Any CPU
		{4A0AFE96-F5C0-4270-AA32-938F6CAEE404}.Debug|x86.ActiveCfg = Debug|Any CPU
		{4A0AFE96-F5C0-4270-AA32-938F6CAEE404}.Debug|x86.Build.0 = Debug|Any CPU
		{4A0AFE96-F5C0-4270-AA32-938F6CAEE404}.Release|Any CPU.ActiveCfg = Release|Any CPU
		{4A0AFE96-F5C0-4270-AA32-938F6CAEE404}.Release|Any CPU.Build.0 = Release|Any CPU
		{4A0AFE96-F5C0-4270-AA32-938F6CAEE404}.Release|x64.ActiveCfg = Release|Any CPU
		{4A0AFE96-F5C0-4270-AA32-938F6CAEE404}.Release|x64.Build.0 = Release|Any CPU
		{4A0AFE96-F5C0-4270-AA32-938F6CAEE404}.Release|x86.ActiveCfg = Release|Any CPU
		{4A0AFE96-F5C0-4270-AA32-938F6CAEE404}.Release|x86.Build.0 = Release|Any CPU
		{16CAC35E-4DBB-433B-92E3-8B285206DDCB}.Debug|Any CPU.ActiveCfg = Debug|Any CPU
		{16CAC35E-4DBB-433B-92E3-8B285206DDCB}.Debug|Any CPU.Build.0 = Debug|Any CPU
		{16CAC35E-4DBB-433B-92E3-8B285206DDCB}.Debug|x64.ActiveCfg = Debug|Any CPU
		{16CAC35E-4DBB-433B-92E3-8B285206DDCB}.Debug|x64.Build.0 = Debug|Any CPU
		{16CAC35E-4DBB-433B-92E3-8B285206DDCB}.Debug|x86.ActiveCfg = Debug|Any CPU
		{16CAC35E-4DBB-433B-92E3-8B285206DDCB}.Debug|x86.Build.0 = Debug|Any CPU
		{16CAC35E-4DBB-433B-92E3-8B285206DDCB}.Release|Any CPU.ActiveCfg = Release|Any CPU
		{16CAC35E-4DBB-433B-92E3-8B285206DDCB}.Release|Any CPU.Build.0 = Release|Any CPU
		{16CAC35E-4DBB-433B-92E3-8B285206DDCB}.Release|x64.ActiveCfg = Release|Any CPU
		{16CAC35E-4DBB-433B-92E3-8B285206DDCB}.Release|x64.Build.0 = Release|Any CPU
		{16CAC35E-4DBB-433B-92E3-8B285206DDCB}.Release|x86.ActiveCfg = Release|Any CPU
		{16CAC35E-4DBB-433B-92E3-8B285206DDCB}.Release|x86.Build.0 = Release|Any CPU
		{5CCF7E79-C4D4-4A0E-96E0-1BE4B3CFE91C}.Debug|Any CPU.ActiveCfg = Debug|Any CPU
		{5CCF7E79-C4D4-4A0E-96E0-1BE4B3CFE91C}.Debug|Any CPU.Build.0 = Debug|Any CPU
		{5CCF7E79-C4D4-4A0E-96E0-1BE4B3CFE91C}.Debug|x64.ActiveCfg = Debug|Any CPU
		{5CCF7E79-C4D4-4A0E-96E0-1BE4B3CFE91C}.Debug|x64.Build.0 = Debug|Any CPU
		{5CCF7E79-C4D4-4A0E-96E0-1BE4B3CFE91C}.Debug|x86.ActiveCfg = Debug|Any CPU
		{5CCF7E79-C4D4-4A0E-96E0-1BE4B3CFE91C}.Debug|x86.Build.0 = Debug|Any CPU
		{5CCF7E79-C4D4-4A0E-96E0-1BE4B3CFE91C}.Release|Any CPU.ActiveCfg = Release|Any CPU
		{5CCF7E79-C4D4-4A0E-96E0-1BE4B3CFE91C}.Release|Any CPU.Build.0 = Release|Any CPU
		{5CCF7E79-C4D4-4A0E-96E0-1BE4B3CFE91C}.Release|x64.ActiveCfg = Release|Any CPU
		{5CCF7E79-C4D4-4A0E-96E0-1BE4B3CFE91C}.Release|x64.Build.0 = Release|Any CPU
		{5CCF7E79-C4D4-4A0E-96E0-1BE4B3CFE91C}.Release|x86.ActiveCfg = Release|Any CPU
		{5CCF7E79-C4D4-4A0E-96E0-1BE4B3CFE91C}.Release|x86.Build.0 = Release|Any CPU
		{86F58E1A-180E-48A4-9DC3-AC6529E9FB85}.Debug|Any CPU.ActiveCfg = Debug|Any CPU
		{86F58E1A-180E-48A4-9DC3-AC6529E9FB85}.Debug|Any CPU.Build.0 = Debug|Any CPU
		{86F58E1A-180E-48A4-9DC3-AC6529E9FB85}.Debug|x64.ActiveCfg = Debug|Any CPU
		{86F58E1A-180E-48A4-9DC3-AC6529E9FB85}.Debug|x64.Build.0 = Debug|Any CPU
		{86F58E1A-180E-48A4-9DC3-AC6529E9FB85}.Debug|x86.ActiveCfg = Debug|Any CPU
		{86F58E1A-180E-48A4-9DC3-AC6529E9FB85}.Debug|x86.Build.0 = Debug|Any CPU
		{86F58E1A-180E-48A4-9DC3-AC6529E9FB85}.Release|Any CPU.ActiveCfg = Release|Any CPU
		{86F58E1A-180E-48A4-9DC3-AC6529E9FB85}.Release|Any CPU.Build.0 = Release|Any CPU
		{86F58E1A-180E-48A4-9DC3-AC6529E9FB85}.Release|x64.ActiveCfg = Release|Any CPU
		{86F58E1A-180E-48A4-9DC3-AC6529E9FB85}.Release|x64.Build.0 = Release|Any CPU
		{86F58E1A-180E-48A4-9DC3-AC6529E9FB85}.Release|x86.ActiveCfg = Release|Any CPU
		{86F58E1A-180E-48A4-9DC3-AC6529E9FB85}.Release|x86.Build.0 = Release|Any CPU
		{CFC02150-CD3E-4208-A028-75BDE3FFB5FA}.Debug|Any CPU.ActiveCfg = Debug|Any CPU
		{CFC02150-CD3E-4208-A028-75BDE3FFB5FA}.Debug|Any CPU.Build.0 = Debug|Any CPU
		{CFC02150-CD3E-4208-A028-75BDE3FFB5FA}.Debug|x64.ActiveCfg = Debug|Any CPU
		{CFC02150-CD3E-4208-A028-75BDE3FFB5FA}.Debug|x64.Build.0 = Debug|Any CPU
		{CFC02150-CD3E-4208-A028-75BDE3FFB5FA}.Debug|x86.ActiveCfg = Debug|Any CPU
		{CFC02150-CD3E-4208-A028-75BDE3FFB5FA}.Debug|x86.Build.0 = Debug|Any CPU
		{CFC02150-CD3E-4208-A028-75BDE3FFB5FA}.Release|Any CPU.ActiveCfg = Release|Any CPU
		{CFC02150-CD3E-4208-A028-75BDE3FFB5FA}.Release|Any CPU.Build.0 = Release|Any CPU
		{CFC02150-CD3E-4208-A028-75BDE3FFB5FA}.Release|x64.ActiveCfg = Release|Any CPU
		{CFC02150-CD3E-4208-A028-75BDE3FFB5FA}.Release|x64.Build.0 = Release|Any CPU
		{CFC02150-CD3E-4208-A028-75BDE3FFB5FA}.Release|x86.ActiveCfg = Release|Any CPU
		{CFC02150-CD3E-4208-A028-75BDE3FFB5FA}.Release|x86.Build.0 = Release|Any CPU
	EndGlobalSection
	GlobalSection(SolutionProperties) = preSolution
		HideSolutionNode = FALSE
	EndGlobalSection
	GlobalSection(NestedProjects) = preSolution
		{C0D60B0B-63CF-4DCA-916F-BDB40CEDCE35} = {8217F4D4-8E55-44C4-ADDB-72115BAD7BC4}
		{268CF863-65A5-49BB-93CF-08972B7756DC} = {10210B58-6AF5-4C6B-B388-99F0468429F7}
		{F717347D-8656-44DA-A4A2-BE515E8C4655} = {10210B58-6AF5-4C6B-B388-99F0468429F7}
		{F8460D69-F8CF-405C-A6ED-BED02A21DB42} = {8217F4D4-8E55-44C4-ADDB-72115BAD7BC4}
		{49878E75-2097-4C79-9151-B98A28FBB973} = {10210B58-6AF5-4C6B-B388-99F0468429F7}
		{95F5AEE1-8205-4E03-B2D4-8DE611A44F41} = {4EC8BB3C-EAA3-469B-B3A5-1FE80BEA748A}
		{4A0AFE96-F5C0-4270-AA32-938F6CAEE404} = {4EC8BB3C-EAA3-469B-B3A5-1FE80BEA748A}
		{16CAC35E-4DBB-433B-92E3-8B285206DDCB} = {4EC8BB3C-EAA3-469B-B3A5-1FE80BEA748A}
		{5CCF7E79-C4D4-4A0E-96E0-1BE4B3CFE91C} = {4EC8BB3C-EAA3-469B-B3A5-1FE80BEA748A}
		{86F58E1A-180E-48A4-9DC3-AC6529E9FB85} = {8BFDDBB6-0FC3-447B-85D1-DA885C78F9DD}
		{CFC02150-CD3E-4208-A028-75BDE3FFB5FA} = {8BFDDBB6-0FC3-447B-85D1-DA885C78F9DD}
	EndGlobalSection
	GlobalSection(ExtensibilityGlobals) = postSolution
		SolutionGuid = {6ACC950B-5F93-429C-A204-6315A92AD3A1}
	EndGlobalSection
EndGlobal
