
Microsoft Visual Studio Solution File, Format Version 12.00
# Visual Studio Version 16
VisualStudioVersion = 16.0.30611.23
MinimumVisualStudioVersion = 10.0.40219.1
Project("{9A19103F-16F7-4668-BE54-9A1E7A4F7556}") = "TypinExamples", "TypinExamples\TypinExamples.csproj", "{B8D4EFF7-91B6-4E28-95B4-4B6A0A55E7C5}"
	ProjectSection(ProjectDependencies) = postProject
		{BFD52A01-5ACA-4DAC-B6F8-8179044216AC} = {BFD52A01-5ACA-4DAC-B6F8-8179044216AC}
		{C002883D-3934-4928-8A05-1033D07CCDC6} = {C002883D-3934-4928-8A05-1033D07CCDC6}
		{01E81B4D-A957-4856-8E3C-681910324924} = {01E81B4D-A957-4856-8E3C-681910324924}
		{4DE7B6C2-F0CF-4D84-977B-03FD9525D5EF} = {4DE7B6C2-F0CF-4D84-977B-03FD9525D5EF}
		{1C243AFB-050A-43A0-955D-8B4B315DC3F8} = {1C243AFB-050A-43A0-955D-8B4B315DC3F8}
	EndProjectSection
EndProject
Project("{9A19103F-16F7-4668-BE54-9A1E7A4F7556}") = "TypinExamples.Common", "TypinExamples.Common\TypinExamples.Common.csproj", "{C002883D-3934-4928-8A05-1033D07CCDC6}"
EndProject
Project("{2150E333-8FDC-42A3-9474-1A3956D46DE8}") = "Src", "Src", "{F043DFD0-93B6-40DB-86DB-FA4262DC44F8}"
EndProject
Project("{2150E333-8FDC-42A3-9474-1A3956D46DE8}") = "Presentation", "Presentation", "{46E71547-5D59-4AB1-AE38-A847B43F0331}"
	ProjectSection(SolutionItems) = preProject
		Examples\TypinExamples.Timer\WebProgram.cs = Examples\TypinExamples.Timer\WebProgram.cs
	EndProjectSection
EndProject
Project("{2150E333-8FDC-42A3-9474-1A3956D46DE8}") = "Common", "Common", "{477B3EB6-F657-4681-B093-D5A2666A54E4}"
EndProject
Project("{2150E333-8FDC-42A3-9474-1A3956D46DE8}") = "Core", "Core", "{F4103478-F5DF-4E54-AA5A-2D2ED711E20C}"
EndProject
Project("{9A19103F-16F7-4668-BE54-9A1E7A4F7556}") = "TypinExamples.Application", "TypinExamples.Application\TypinExamples.Application.csproj", "{01E81B4D-A957-4856-8E3C-681910324924}"
	ProjectSection(ProjectDependencies) = postProject
		{BFD52A01-5ACA-4DAC-B6F8-8179044216AC} = {BFD52A01-5ACA-4DAC-B6F8-8179044216AC}
		{C002883D-3934-4928-8A05-1033D07CCDC6} = {C002883D-3934-4928-8A05-1033D07CCDC6}
		{4DE7B6C2-F0CF-4D84-977B-03FD9525D5EF} = {4DE7B6C2-F0CF-4D84-977B-03FD9525D5EF}
		{1C243AFB-050A-43A0-955D-8B4B315DC3F8} = {1C243AFB-050A-43A0-955D-8B4B315DC3F8}
	EndProjectSection
EndProject
Project("{2150E333-8FDC-42A3-9474-1A3956D46DE8}") = "Examples", "Examples", "{A7E6E1AF-4A8B-40F8-9A98-3D7140FABB93}"
EndProject
Project("{9A19103F-16F7-4668-BE54-9A1E7A4F7556}") = "TypinExamples.TypinWeb", "TypinExamples.TypinWeb\TypinExamples.TypinWeb.csproj", "{4DE7B6C2-F0CF-4D84-977B-03FD9525D5EF}"
EndProject
Project("{9A19103F-16F7-4668-BE54-9A1E7A4F7556}") = "TypinExamples.Infrastructure.Compiler", "TypinExamples.Infrastructure.Compiler\TypinExamples.Infrastructure.Compiler.csproj", "{1C243AFB-050A-43A0-955D-8B4B315DC3F8}"
EndProject
Project("{2150E333-8FDC-42A3-9474-1A3956D46DE8}") = "Application", "Application", "{39059218-1969-4C8B-98CF-F06970670DCB}"
EndProject
Project("{9A19103F-16F7-4668-BE54-9A1E7A4F7556}") = "TypinExamples.HelloWorld", "Examples\TypinExamples.HelloWorld\TypinExamples.HelloWorld.csproj", "{BFD52A01-5ACA-4DAC-B6F8-8179044216AC}"
	ProjectSection(ProjectDependencies) = postProject
		{4DE7B6C2-F0CF-4D84-977B-03FD9525D5EF} = {4DE7B6C2-F0CF-4D84-977B-03FD9525D5EF}
	EndProjectSection
EndProject
Project("{2150E333-8FDC-42A3-9474-1A3956D46DE8}") = "Docs", "Docs", "{0617CE81-5BBD-4261-B9AF-3A6AE9CEE97D}"
	ProjectSection(SolutionItems) = preProject
		README-TE.md = README-TE.md
		..\..\README.md = ..\..\README.md
	EndProjectSection
EndProject
Project("{2150E333-8FDC-42A3-9474-1A3956D46DE8}") = "Configuration", "Configuration", "{54F89B43-429A-4DD2-BF77-6BDAB3471FA4}"
	ProjectSection(SolutionItems) = preProject
		..\..\.gitattributes = ..\..\.gitattributes
		..\..\.gitignore = ..\..\.gitignore
		..\..\.github\workflows\CI-Examples.yml = ..\..\.github\workflows\CI-Examples.yml
		clean.ps1 = clean.ps1
		..\..\codecov.yml = ..\..\codecov.yml
		..\..\LICENSE = ..\..\LICENSE
	EndProjectSection
EndProject
Project("{9A19103F-16F7-4668-BE54-9A1E7A4F7556}") = "TypinExamples.CalculatOR", "Examples\TypinExamples.CalculatOR\TypinExamples.CalculatOR.csproj", "{32C43CA4-B590-4B62-81AC-36FB1132C709}"
EndProject
Project("{9A19103F-16F7-4668-BE54-9A1E7A4F7556}") = "TypinExamples.InteractiveQuery", "Examples\TypinExamples.InteractiveQuery\TypinExamples.InteractiveQuery.csproj", "{CD96A786-2F59-45BB-9665-FEFF9547E0A6}"
EndProject
Project("{9A19103F-16F7-4668-BE54-9A1E7A4F7556}") = "TypinExamples.MarioBuilder", "Examples\TypinExamples.MarioBuilder\TypinExamples.MarioBuilder.csproj", "{CE41A6CA-2A33-4665-B656-106A382F85BD}"
EndProject
Project("{9A19103F-16F7-4668-BE54-9A1E7A4F7556}") = "TypinExamples.Timer", "Examples\TypinExamples.Timer\TypinExamples.Timer.csproj", "{ACB16CE3-F234-45B5-9568-E6041912DE8C}"
EndProject
Project("{9A19103F-16F7-4668-BE54-9A1E7A4F7556}") = "TypinExamples.DEVConsole", "TypinExamples.DEVConsole\TypinExamples.DEVConsole.csproj", "{2ED12AD9-AA65-454B-808E-38A11BB545DC}"
EndProject
Project("{9A19103F-16F7-4668-BE54-9A1E7A4F7556}") = "TypinExamples.HelloWorld.Tests", "Examples\TypinExamples.HelloWorld.Tests\TypinExamples.HelloWorld.Tests.csproj", "{8D8B9305-7405-4F31-B16D-938B360F261F}"
EndProject
Project("{9A19103F-16F7-4668-BE54-9A1E7A4F7556}") = "TypinExamples.CalculatOR.Tests", "Examples\TypinExamples.CalculatOR.Tests\TypinExamples.CalculatOR.Tests.csproj", "{8076407D-A614-4081-823A-EFEB1FF8E700}"
EndProject
Project("{2150E333-8FDC-42A3-9474-1A3956D46DE8}") = "BlazorWorker", "BlazorWorker", "{7DEB41A3-6399-4A01-A95F-236846A3F2E0}"
EndProject
Project("{9A19103F-16F7-4668-BE54-9A1E7A4F7556}") = "BlazorWorker.Core", "BlazorWorker\BlazorWorker.Core\BlazorWorker.Core.csproj", "{2ECA4E18-31E7-4F23-9043-C3C3AB5BD9AB}"
EndProject
Project("{9A19103F-16F7-4668-BE54-9A1E7A4F7556}") = "BlazorWorker.BackgroundServiceFactory", "BlazorWorker\BlazorWorker.ServiceFactory\BlazorWorker.BackgroundServiceFactory.csproj", "{2D554A65-AB68-436D-8887-244D5A5EB7F9}"
EndProject
Project("{9A19103F-16F7-4668-BE54-9A1E7A4F7556}") = "BlazorWorker.WorkerBackgroundService", "BlazorWorker\BlazorWorker.WorkerBackgroundService\BlazorWorker.WorkerBackgroundService.csproj", "{7168D498-A07C-4E45-A4A9-0389A82CFE4A}"
EndProject
Project("{9A19103F-16F7-4668-BE54-9A1E7A4F7556}") = "BlazorWorker.WorkerCore", "BlazorWorker\BlazorWorker.WorkerCore\BlazorWorker.WorkerCore.csproj", "{A7829253-4AEA-4DA7-82BB-BC4ABA15FDA8}"
EndProject
Project("{9A19103F-16F7-4668-BE54-9A1E7A4F7556}") = "TypinExamples.Infrastructure.Workers", "TypinExamples.Infrastructure.Workers\TypinExamples.Infrastructure.Workers.csproj", "{FD6E95A6-4618-41FB-BA0C-799F335BE0F6}"
EndProject
Project("{2150E333-8FDC-42A3-9474-1A3956D46DE8}") = "Infrastructure", "Infrastructure", "{37066432-5243-4993-AF20-8CC7D472D946}"
EndProject
Project("{2150E333-8FDC-42A3-9474-1A3956D46DE8}") = "Domain", "Domain", "{90E12A99-7AFE-47F9-B668-E2692D1A36C5}"
EndProject
Project("{FAE04EC0-301F-11D3-BF4B-00C04F79EFBC}") = "TypinExamples.Domain", "TypinExamples.Domain\TypinExamples.Domain.csproj", "{B4245255-BB80-4B9E-B74B-F12932B767C1}"
EndProject
Global
	GlobalSection(SolutionConfigurationPlatforms) = preSolution
		Debug|Any CPU = Debug|Any CPU
		Release|Any CPU = Release|Any CPU
	EndGlobalSection
	GlobalSection(ProjectConfigurationPlatforms) = postSolution
		{B8D4EFF7-91B6-4E28-95B4-4B6A0A55E7C5}.Debug|Any CPU.ActiveCfg = Debug|Any CPU
		{B8D4EFF7-91B6-4E28-95B4-4B6A0A55E7C5}.Debug|Any CPU.Build.0 = Debug|Any CPU
		{B8D4EFF7-91B6-4E28-95B4-4B6A0A55E7C5}.Release|Any CPU.ActiveCfg = Release|Any CPU
		{B8D4EFF7-91B6-4E28-95B4-4B6A0A55E7C5}.Release|Any CPU.Build.0 = Release|Any CPU
		{C002883D-3934-4928-8A05-1033D07CCDC6}.Debug|Any CPU.ActiveCfg = Debug|Any CPU
		{C002883D-3934-4928-8A05-1033D07CCDC6}.Debug|Any CPU.Build.0 = Debug|Any CPU
		{C002883D-3934-4928-8A05-1033D07CCDC6}.Release|Any CPU.ActiveCfg = Release|Any CPU
		{C002883D-3934-4928-8A05-1033D07CCDC6}.Release|Any CPU.Build.0 = Release|Any CPU
		{01E81B4D-A957-4856-8E3C-681910324924}.Debug|Any CPU.ActiveCfg = Debug|Any CPU
		{01E81B4D-A957-4856-8E3C-681910324924}.Debug|Any CPU.Build.0 = Debug|Any CPU
		{01E81B4D-A957-4856-8E3C-681910324924}.Release|Any CPU.ActiveCfg = Release|Any CPU
		{01E81B4D-A957-4856-8E3C-681910324924}.Release|Any CPU.Build.0 = Release|Any CPU
		{4DE7B6C2-F0CF-4D84-977B-03FD9525D5EF}.Debug|Any CPU.ActiveCfg = Debug|Any CPU
		{4DE7B6C2-F0CF-4D84-977B-03FD9525D5EF}.Debug|Any CPU.Build.0 = Debug|Any CPU
		{4DE7B6C2-F0CF-4D84-977B-03FD9525D5EF}.Release|Any CPU.ActiveCfg = Release|Any CPU
		{4DE7B6C2-F0CF-4D84-977B-03FD9525D5EF}.Release|Any CPU.Build.0 = Release|Any CPU
		{1C243AFB-050A-43A0-955D-8B4B315DC3F8}.Debug|Any CPU.ActiveCfg = Debug|Any CPU
		{1C243AFB-050A-43A0-955D-8B4B315DC3F8}.Debug|Any CPU.Build.0 = Debug|Any CPU
		{1C243AFB-050A-43A0-955D-8B4B315DC3F8}.Release|Any CPU.ActiveCfg = Release|Any CPU
		{1C243AFB-050A-43A0-955D-8B4B315DC3F8}.Release|Any CPU.Build.0 = Release|Any CPU
		{BFD52A01-5ACA-4DAC-B6F8-8179044216AC}.Debug|Any CPU.ActiveCfg = Debug|Any CPU
		{BFD52A01-5ACA-4DAC-B6F8-8179044216AC}.Debug|Any CPU.Build.0 = Debug|Any CPU
		{BFD52A01-5ACA-4DAC-B6F8-8179044216AC}.Release|Any CPU.ActiveCfg = Release|Any CPU
		{BFD52A01-5ACA-4DAC-B6F8-8179044216AC}.Release|Any CPU.Build.0 = Release|Any CPU
		{32C43CA4-B590-4B62-81AC-36FB1132C709}.Debug|Any CPU.ActiveCfg = Debug|Any CPU
		{32C43CA4-B590-4B62-81AC-36FB1132C709}.Debug|Any CPU.Build.0 = Debug|Any CPU
		{32C43CA4-B590-4B62-81AC-36FB1132C709}.Release|Any CPU.ActiveCfg = Release|Any CPU
		{32C43CA4-B590-4B62-81AC-36FB1132C709}.Release|Any CPU.Build.0 = Release|Any CPU
		{CD96A786-2F59-45BB-9665-FEFF9547E0A6}.Debug|Any CPU.ActiveCfg = Debug|Any CPU
		{CD96A786-2F59-45BB-9665-FEFF9547E0A6}.Debug|Any CPU.Build.0 = Debug|Any CPU
		{CD96A786-2F59-45BB-9665-FEFF9547E0A6}.Release|Any CPU.ActiveCfg = Release|Any CPU
		{CD96A786-2F59-45BB-9665-FEFF9547E0A6}.Release|Any CPU.Build.0 = Release|Any CPU
		{CE41A6CA-2A33-4665-B656-106A382F85BD}.Debug|Any CPU.ActiveCfg = Debug|Any CPU
		{CE41A6CA-2A33-4665-B656-106A382F85BD}.Debug|Any CPU.Build.0 = Debug|Any CPU
		{CE41A6CA-2A33-4665-B656-106A382F85BD}.Release|Any CPU.ActiveCfg = Release|Any CPU
		{CE41A6CA-2A33-4665-B656-106A382F85BD}.Release|Any CPU.Build.0 = Release|Any CPU
		{ACB16CE3-F234-45B5-9568-E6041912DE8C}.Debug|Any CPU.ActiveCfg = Debug|Any CPU
		{ACB16CE3-F234-45B5-9568-E6041912DE8C}.Debug|Any CPU.Build.0 = Debug|Any CPU
		{ACB16CE3-F234-45B5-9568-E6041912DE8C}.Release|Any CPU.ActiveCfg = Release|Any CPU
		{ACB16CE3-F234-45B5-9568-E6041912DE8C}.Release|Any CPU.Build.0 = Release|Any CPU
		{2ED12AD9-AA65-454B-808E-38A11BB545DC}.Debug|Any CPU.ActiveCfg = Debug|Any CPU
		{2ED12AD9-AA65-454B-808E-38A11BB545DC}.Debug|Any CPU.Build.0 = Debug|Any CPU
		{2ED12AD9-AA65-454B-808E-38A11BB545DC}.Release|Any CPU.ActiveCfg = Release|Any CPU
		{2ED12AD9-AA65-454B-808E-38A11BB545DC}.Release|Any CPU.Build.0 = Release|Any CPU
		{8D8B9305-7405-4F31-B16D-938B360F261F}.Debug|Any CPU.ActiveCfg = Debug|Any CPU
		{8D8B9305-7405-4F31-B16D-938B360F261F}.Debug|Any CPU.Build.0 = Debug|Any CPU
		{8D8B9305-7405-4F31-B16D-938B360F261F}.Release|Any CPU.ActiveCfg = Release|Any CPU
		{8D8B9305-7405-4F31-B16D-938B360F261F}.Release|Any CPU.Build.0 = Release|Any CPU
		{8076407D-A614-4081-823A-EFEB1FF8E700}.Debug|Any CPU.ActiveCfg = Debug|Any CPU
		{8076407D-A614-4081-823A-EFEB1FF8E700}.Debug|Any CPU.Build.0 = Debug|Any CPU
		{8076407D-A614-4081-823A-EFEB1FF8E700}.Release|Any CPU.ActiveCfg = Release|Any CPU
		{8076407D-A614-4081-823A-EFEB1FF8E700}.Release|Any CPU.Build.0 = Release|Any CPU
		{2ECA4E18-31E7-4F23-9043-C3C3AB5BD9AB}.Debug|Any CPU.ActiveCfg = Debug|Any CPU
		{2ECA4E18-31E7-4F23-9043-C3C3AB5BD9AB}.Debug|Any CPU.Build.0 = Debug|Any CPU
		{2ECA4E18-31E7-4F23-9043-C3C3AB5BD9AB}.Release|Any CPU.ActiveCfg = Release|Any CPU
		{2ECA4E18-31E7-4F23-9043-C3C3AB5BD9AB}.Release|Any CPU.Build.0 = Release|Any CPU
		{2D554A65-AB68-436D-8887-244D5A5EB7F9}.Debug|Any CPU.ActiveCfg = Debug|Any CPU
		{2D554A65-AB68-436D-8887-244D5A5EB7F9}.Debug|Any CPU.Build.0 = Debug|Any CPU
		{2D554A65-AB68-436D-8887-244D5A5EB7F9}.Release|Any CPU.ActiveCfg = Release|Any CPU
		{2D554A65-AB68-436D-8887-244D5A5EB7F9}.Release|Any CPU.Build.0 = Release|Any CPU
		{7168D498-A07C-4E45-A4A9-0389A82CFE4A}.Debug|Any CPU.ActiveCfg = Debug|Any CPU
		{7168D498-A07C-4E45-A4A9-0389A82CFE4A}.Debug|Any CPU.Build.0 = Debug|Any CPU
		{7168D498-A07C-4E45-A4A9-0389A82CFE4A}.Release|Any CPU.ActiveCfg = Release|Any CPU
		{7168D498-A07C-4E45-A4A9-0389A82CFE4A}.Release|Any CPU.Build.0 = Release|Any CPU
		{A7829253-4AEA-4DA7-82BB-BC4ABA15FDA8}.Debug|Any CPU.ActiveCfg = Debug|Any CPU
		{A7829253-4AEA-4DA7-82BB-BC4ABA15FDA8}.Debug|Any CPU.Build.0 = Debug|Any CPU
		{A7829253-4AEA-4DA7-82BB-BC4ABA15FDA8}.Release|Any CPU.ActiveCfg = Release|Any CPU
		{A7829253-4AEA-4DA7-82BB-BC4ABA15FDA8}.Release|Any CPU.Build.0 = Release|Any CPU
		{FD6E95A6-4618-41FB-BA0C-799F335BE0F6}.Debug|Any CPU.ActiveCfg = Debug|Any CPU
		{FD6E95A6-4618-41FB-BA0C-799F335BE0F6}.Debug|Any CPU.Build.0 = Debug|Any CPU
		{FD6E95A6-4618-41FB-BA0C-799F335BE0F6}.Release|Any CPU.ActiveCfg = Release|Any CPU
		{FD6E95A6-4618-41FB-BA0C-799F335BE0F6}.Release|Any CPU.Build.0 = Release|Any CPU
		{B4245255-BB80-4B9E-B74B-F12932B767C1}.Debug|Any CPU.ActiveCfg = Debug|Any CPU
		{B4245255-BB80-4B9E-B74B-F12932B767C1}.Debug|Any CPU.Build.0 = Debug|Any CPU
		{B4245255-BB80-4B9E-B74B-F12932B767C1}.Release|Any CPU.ActiveCfg = Release|Any CPU
		{B4245255-BB80-4B9E-B74B-F12932B767C1}.Release|Any CPU.Build.0 = Release|Any CPU
	EndGlobalSection
	GlobalSection(SolutionProperties) = preSolution
		HideSolutionNode = FALSE
	EndGlobalSection
	GlobalSection(NestedProjects) = preSolution
		{B8D4EFF7-91B6-4E28-95B4-4B6A0A55E7C5} = {46E71547-5D59-4AB1-AE38-A847B43F0331}
		{C002883D-3934-4928-8A05-1033D07CCDC6} = {477B3EB6-F657-4681-B093-D5A2666A54E4}
		{46E71547-5D59-4AB1-AE38-A847B43F0331} = {F043DFD0-93B6-40DB-86DB-FA4262DC44F8}
		{477B3EB6-F657-4681-B093-D5A2666A54E4} = {F043DFD0-93B6-40DB-86DB-FA4262DC44F8}
		{F4103478-F5DF-4E54-AA5A-2D2ED711E20C} = {F043DFD0-93B6-40DB-86DB-FA4262DC44F8}
		{01E81B4D-A957-4856-8E3C-681910324924} = {39059218-1969-4C8B-98CF-F06970670DCB}
		{A7E6E1AF-4A8B-40F8-9A98-3D7140FABB93} = {F4103478-F5DF-4E54-AA5A-2D2ED711E20C}
		{4DE7B6C2-F0CF-4D84-977B-03FD9525D5EF} = {39059218-1969-4C8B-98CF-F06970670DCB}
		{1C243AFB-050A-43A0-955D-8B4B315DC3F8} = {37066432-5243-4993-AF20-8CC7D472D946}
		{39059218-1969-4C8B-98CF-F06970670DCB} = {F4103478-F5DF-4E54-AA5A-2D2ED711E20C}
		{BFD52A01-5ACA-4DAC-B6F8-8179044216AC} = {A7E6E1AF-4A8B-40F8-9A98-3D7140FABB93}
		{32C43CA4-B590-4B62-81AC-36FB1132C709} = {A7E6E1AF-4A8B-40F8-9A98-3D7140FABB93}
		{CD96A786-2F59-45BB-9665-FEFF9547E0A6} = {A7E6E1AF-4A8B-40F8-9A98-3D7140FABB93}
		{CE41A6CA-2A33-4665-B656-106A382F85BD} = {A7E6E1AF-4A8B-40F8-9A98-3D7140FABB93}
		{ACB16CE3-F234-45B5-9568-E6041912DE8C} = {A7E6E1AF-4A8B-40F8-9A98-3D7140FABB93}
		{2ED12AD9-AA65-454B-808E-38A11BB545DC} = {46E71547-5D59-4AB1-AE38-A847B43F0331}
		{8D8B9305-7405-4F31-B16D-938B360F261F} = {A7E6E1AF-4A8B-40F8-9A98-3D7140FABB93}
		{8076407D-A614-4081-823A-EFEB1FF8E700} = {A7E6E1AF-4A8B-40F8-9A98-3D7140FABB93}
		{7DEB41A3-6399-4A01-A95F-236846A3F2E0} = {37066432-5243-4993-AF20-8CC7D472D946}
		{2ECA4E18-31E7-4F23-9043-C3C3AB5BD9AB} = {7DEB41A3-6399-4A01-A95F-236846A3F2E0}
		{2D554A65-AB68-436D-8887-244D5A5EB7F9} = {7DEB41A3-6399-4A01-A95F-236846A3F2E0}
		{7168D498-A07C-4E45-A4A9-0389A82CFE4A} = {7DEB41A3-6399-4A01-A95F-236846A3F2E0}
		{A7829253-4AEA-4DA7-82BB-BC4ABA15FDA8} = {7DEB41A3-6399-4A01-A95F-236846A3F2E0}
		{FD6E95A6-4618-41FB-BA0C-799F335BE0F6} = {37066432-5243-4993-AF20-8CC7D472D946}
		{37066432-5243-4993-AF20-8CC7D472D946} = {F4103478-F5DF-4E54-AA5A-2D2ED711E20C}
		{90E12A99-7AFE-47F9-B668-E2692D1A36C5} = {F4103478-F5DF-4E54-AA5A-2D2ED711E20C}
		{B4245255-BB80-4B9E-B74B-F12932B767C1} = {90E12A99-7AFE-47F9-B668-E2692D1A36C5}
	EndGlobalSection
	GlobalSection(ExtensibilityGlobals) = postSolution
		SolutionGuid = {DF963C46-268A-4FA1-92F0-95392223295B}
	EndGlobalSection
EndGlobal
