
Microsoft Visual Studio Solution File, Format Version 12.00
# Visual Studio Version 16
VisualStudioVersion = 16.0.30611.23
MinimumVisualStudioVersion = 10.0.40219.1
Project("{9A19103F-16F7-4668-BE54-9A1E7A4F7556}") = "TypinExamples", "TypinExamples\TypinExamples.csproj", "{B8D4EFF7-91B6-4E28-95B4-4B6A0A55E7C5}"
EndProject
Project("{9A19103F-16F7-4668-BE54-9A1E7A4F7556}") = "TypinExamples.Common", "TypinExamples.Common\TypinExamples.Common.csproj", "{C002883D-3934-4928-8A05-1033D07CCDC6}"
EndProject
Project("{2150E333-8FDC-42A3-9474-1A3956D46DE8}") = "Src", "Src", "{F043DFD0-93B6-40DB-86DB-FA4262DC44F8}"
EndProject
Project("{2150E333-8FDC-42A3-9474-1A3956D46DE8}") = "Presentation", "Presentation", "{46E71547-5D59-4AB1-AE38-A847B43F0331}"
EndProject
Project("{2150E333-8FDC-42A3-9474-1A3956D46DE8}") = "Common", "Common", "{477B3EB6-F657-4681-B093-D5A2666A54E4}"
EndProject
Project("{2150E333-8FDC-42A3-9474-1A3956D46DE8}") = "Core", "Core", "{F4103478-F5DF-4E54-AA5A-2D2ED711E20C}"
EndProject
Project("{9A19103F-16F7-4668-BE54-9A1E7A4F7556}") = "TypinExamples.Application", "TypinExamples.Application\TypinExamples.Application.csproj", "{01E81B4D-A957-4856-8E3C-681910324924}"
EndProject
Project("{2150E333-8FDC-42A3-9474-1A3956D46DE8}") = "Examples", "Examples", "{A7E6E1AF-4A8B-40F8-9A98-3D7140FABB93}"
EndProject
Project("{9A19103F-16F7-4668-BE54-9A1E7A4F7556}") = "TypinExamples.Infrastructure.TypinWeb", "TypinExamples.Infrastructure.TypinWeb\TypinExamples.Infrastructure.TypinWeb.csproj", "{4DE7B6C2-F0CF-4D84-977B-03FD9525D5EF}"
EndProject
Project("{9A19103F-16F7-4668-BE54-9A1E7A4F7556}") = "TypinExamples.Infrastructure.Compiler", "TypinExamples.Infrastructure.Compiler\TypinExamples.Infrastructure.Compiler.csproj", "{1C243AFB-050A-43A0-955D-8B4B315DC3F8}"
EndProject
Project("{2150E333-8FDC-42A3-9474-1A3956D46DE8}") = "Application", "Application", "{39059218-1969-4C8B-98CF-F06970670DCB}"
EndProject
Project("{9A19103F-16F7-4668-BE54-9A1E7A4F7556}") = "TypinExamples.HelloWorld", "Examples\TypinExamples.HelloWorld\TypinExamples.HelloWorld.csproj", "{BFD52A01-5ACA-4DAC-B6F8-8179044216AC}"
EndProject
Project("{2150E333-8FDC-42A3-9474-1A3956D46DE8}") = "Docs", "Docs", "{0617CE81-5BBD-4261-B9AF-3A6AE9CEE97D}"
	ProjectSection(SolutionItems) = preProject
		..\..\LICENSE = ..\..\LICENSE
		README-TE.md = README-TE.md
		..\..\README.md = ..\..\README.md
	EndProjectSection
EndProject
Project("{2150E333-8FDC-42A3-9474-1A3956D46DE8}") = "Configuration", "Configuration", "{54F89B43-429A-4DD2-BF77-6BDAB3471FA4}"
	ProjectSection(SolutionItems) = preProject
		..\..\.gitattributes = ..\..\.gitattributes
		..\..\.gitignore = ..\..\.gitignore
		..\..\.github\workflows\CD-Examples.yml = ..\..\.github\workflows\CD-Examples.yml
		..\..\.github\workflows\CI-Examples.yml = ..\..\.github\workflows\CI-Examples.yml
		clean.ps1 = clean.ps1
		..\..\codecov.yml = ..\..\codecov.yml
	EndProjectSection
EndProject
Project("{9A19103F-16F7-4668-BE54-9A1E7A4F7556}") = "TypinExamples.CalculatOR", "Examples\TypinExamples.CalculatOR\TypinExamples.CalculatOR.csproj", "{32C43CA4-B590-4B62-81AC-36FB1132C709}"
EndProject
Project("{9A19103F-16F7-4668-BE54-9A1E7A4F7556}") = "TypinExamples.Validation", "Examples\TypinExamples.Validation\TypinExamples.Validation.csproj", "{CD96A786-2F59-45BB-9665-FEFF9547E0A6}"
EndProject
Project("{9A19103F-16F7-4668-BE54-9A1E7A4F7556}") = "TypinExamples.MarioBuilder", "Examples\TypinExamples.MarioBuilder\TypinExamples.MarioBuilder.csproj", "{CE41A6CA-2A33-4665-B656-106A382F85BD}"
EndProject
Project("{9A19103F-16F7-4668-BE54-9A1E7A4F7556}") = "TypinExamples.Timer", "Examples\TypinExamples.Timer\TypinExamples.Timer.csproj", "{ACB16CE3-F234-45B5-9568-E6041912DE8C}"
EndProject
Project("{9A19103F-16F7-4668-BE54-9A1E7A4F7556}") = "TypinExamples.DEVConsole", "TypinExamples.DEVConsole\TypinExamples.DEVConsole.csproj", "{2ED12AD9-AA65-454B-808E-38A11BB545DC}"
EndProject
Project("{9A19103F-16F7-4668-BE54-9A1E7A4F7556}") = "TypinExamples.HelloWorld.Tests", "Examples\TypinExamples.HelloWorld.Tests\TypinExamples.HelloWorld.Tests.csproj", "{8D8B9305-7405-4F31-B16D-938B360F261F}"
EndProject
Project("{9A19103F-16F7-4668-BE54-9A1E7A4F7556}") = "TypinExamples.CalculatOR.Tests", "Examples\TypinExamples.CalculatOR.Tests\TypinExamples.CalculatOR.Tests.csproj", "{8076407D-A614-4081-823A-EFEB1FF8E700}"
EndProject
Project("{9A19103F-16F7-4668-BE54-9A1E7A4F7556}") = "TypinExamples.ExamplesTests.Common", "Examples\TypinExamples.ExamplesTests.Common\TypinExamples.ExamplesTests.Common.csproj", "{706A6089-719A-4384-A40C-290A0738AEF5}"
EndProject
Project("{9A19103F-16F7-4668-BE54-9A1E7A4F7556}") = "TypinExamples.Timer.Tests", "Examples\TypinExamples.Timer.Tests\TypinExamples.Timer.Tests.csproj", "{8C6B97BC-93B3-4E0F-A0F1-91628F573C46}"
EndProject
Project("{9A19103F-16F7-4668-BE54-9A1E7A4F7556}") = "TypinExamples.MarioBuilder.Tests", "Examples\TypinExamples.MarioBuilder.Tests\TypinExamples.MarioBuilder.Tests.csproj", "{FD13154D-C666-4DDC-B6FA-EB6E74956A12}"
EndProject
Project("{9A19103F-16F7-4668-BE54-9A1E7A4F7556}") = "TypinExamples.Validation.Tests", "Examples\TypinExamples.Validation.Tests\TypinExamples.Validation.Tests.csproj", "{787AB97F-CD09-4EC4-8373-6FFB845FAFED}"
EndProject
Project("{2150E333-8FDC-42A3-9474-1A3956D46DE8}") = "Infrastructure", "Infrastructure", "{37066432-5243-4993-AF20-8CC7D472D946}"
EndProject
Project("{2150E333-8FDC-42A3-9474-1A3956D46DE8}") = "Domain", "Domain", "{90E12A99-7AFE-47F9-B668-E2692D1A36C5}"
EndProject
Project("{9A19103F-16F7-4668-BE54-9A1E7A4F7556}") = "TypinExamples.Domain", "TypinExamples.Domain\TypinExamples.Domain.csproj", "{B4245255-BB80-4B9E-B74B-F12932B767C1}"
EndProject
Project("{9A19103F-16F7-4668-BE54-9A1E7A4F7556}") = "TypinExamples.Infrastructure.WebWorkers", "TypinExamples.Infrastructure.WebWorkers\TypinExamples.Infrastructure.WebWorkers.csproj", "{D5010DEE-E159-45CE-BB09-1E992977A34A}"
EndProject
Project("{2150E333-8FDC-42A3-9474-1A3956D46DE8}") = "WebWorkers", "WebWorkers", "{CB91CC6A-66B3-409F-A631-3536E7F1732B}"
EndProject
Project("{9A19103F-16F7-4668-BE54-9A1E7A4F7556}") = "TypinExamples.Infrastructure.WebWorkers.Abstractions", "TypinExamples.Infrastructure.WebWorkers.Abstractions\TypinExamples.Infrastructure.WebWorkers.Abstractions.csproj", "{B825BE28-E2E1-4692-BA73-8404DAC6FF87}"
EndProject
Project("{2150E333-8FDC-42A3-9474-1A3956D46DE8}") = "ExamplesTests", "ExamplesTests", "{66E2AA1E-8B4D-4EB9-A4ED-953D9A8A9FC4}"
EndProject
Global
	GlobalSection(SolutionConfigurationPlatforms) = preSolution
		Debug|Any CPU = Debug|Any CPU
		Release|Any CPU = Release|Any CPU
	EndGlobalSection
	GlobalSection(ProjectConfigurationPlatforms) = postSolution
		{B8D4EFF7-91B6-4E28-95B4-4B6A0A55E7C5}.Debug|Any CPU.ActiveCfg = Debug|Any CPU
		{B8D4EFF7-91B6-4E28-95B4-4B6A0A55E7C5}.Debug|Any CPU.Build.0 = Debug|Any CPU
		{B8D4EFF7-91B6-4E28-95B4-4B6A0A55E7C5}.Release|Any CPU.ActiveCfg = Release|Any CPU
		{B8D4EFF7-91B6-4E28-95B4-4B6A0A55E7C5}.Release|Any CPU.Build.0 = Release|Any CPU
		{C002883D-3934-4928-8A05-1033D07CCDC6}.Debug|Any CPU.ActiveCfg = Debug|Any CPU
		{C002883D-3934-4928-8A05-1033D07CCDC6}.Debug|Any CPU.Build.0 = Debug|Any CPU
		{C002883D-3934-4928-8A05-1033D07CCDC6}.Release|Any CPU.ActiveCfg = Release|Any CPU
		{C002883D-3934-4928-8A05-1033D07CCDC6}.Release|Any CPU.Build.0 = Release|Any CPU
		{01E81B4D-A957-4856-8E3C-681910324924}.Debug|Any CPU.ActiveCfg = Debug|Any CPU
		{01E81B4D-A957-4856-8E3C-681910324924}.Debug|Any CPU.Build.0 = Debug|Any CPU
		{01E81B4D-A957-4856-8E3C-681910324924}.Release|Any CPU.ActiveCfg = Release|Any CPU
		{01E81B4D-A957-4856-8E3C-681910324924}.Release|Any CPU.Build.0 = Release|Any CPU
		{4DE7B6C2-F0CF-4D84-977B-03FD9525D5EF}.Debug|Any CPU.ActiveCfg = Debug|Any CPU
		{4DE7B6C2-F0CF-4D84-977B-03FD9525D5EF}.Debug|Any CPU.Build.0 = Debug|Any CPU
		{4DE7B6C2-F0CF-4D84-977B-03FD9525D5EF}.Release|Any CPU.ActiveCfg = Release|Any CPU
		{4DE7B6C2-F0CF-4D84-977B-03FD9525D5EF}.Release|Any CPU.Build.0 = Release|Any CPU
		{1C243AFB-050A-43A0-955D-8B4B315DC3F8}.Debug|Any CPU.ActiveCfg = Debug|Any CPU
		{1C243AFB-050A-43A0-955D-8B4B315DC3F8}.Debug|Any CPU.Build.0 = Debug|Any CPU
		{1C243AFB-050A-43A0-955D-8B4B315DC3F8}.Release|Any CPU.ActiveCfg = Release|Any CPU
		{1C243AFB-050A-43A0-955D-8B4B315DC3F8}.Release|Any CPU.Build.0 = Release|Any CPU
		{BFD52A01-5ACA-4DAC-B6F8-8179044216AC}.Debug|Any CPU.ActiveCfg = Debug|Any CPU
		{BFD52A01-5ACA-4DAC-B6F8-8179044216AC}.Debug|Any CPU.Build.0 = Debug|Any CPU
		{BFD52A01-5ACA-4DAC-B6F8-8179044216AC}.Release|Any CPU.ActiveCfg = Release|Any CPU
		{BFD52A01-5ACA-4DAC-B6F8-8179044216AC}.Release|Any CPU.Build.0 = Release|Any CPU
		{32C43CA4-B590-4B62-81AC-36FB1132C709}.Debug|Any CPU.ActiveCfg = Debug|Any CPU
		{32C43CA4-B590-4B62-81AC-36FB1132C709}.Debug|Any CPU.Build.0 = Debug|Any CPU
		{32C43CA4-B590-4B62-81AC-36FB1132C709}.Release|Any CPU.ActiveCfg = Release|Any CPU
		{32C43CA4-B590-4B62-81AC-36FB1132C709}.Release|Any CPU.Build.0 = Release|Any CPU
		{CD96A786-2F59-45BB-9665-FEFF9547E0A6}.Debug|Any CPU.ActiveCfg = Debug|Any CPU
		{CD96A786-2F59-45BB-9665-FEFF9547E0A6}.Debug|Any CPU.Build.0 = Debug|Any CPU
		{CD96A786-2F59-45BB-9665-FEFF9547E0A6}.Release|Any CPU.ActiveCfg = Release|Any CPU
		{CD96A786-2F59-45BB-9665-FEFF9547E0A6}.Release|Any CPU.Build.0 = Release|Any CPU
		{CE41A6CA-2A33-4665-B656-106A382F85BD}.Debug|Any CPU.ActiveCfg = Debug|Any CPU
		{CE41A6CA-2A33-4665-B656-106A382F85BD}.Debug|Any CPU.Build.0 = Debug|Any CPU
		{CE41A6CA-2A33-4665-B656-106A382F85BD}.Release|Any CPU.ActiveCfg = Release|Any CPU
		{CE41A6CA-2A33-4665-B656-106A382F85BD}.Release|Any CPU.Build.0 = Release|Any CPU
		{ACB16CE3-F234-45B5-9568-E6041912DE8C}.Debug|Any CPU.ActiveCfg = Debug|Any CPU
		{ACB16CE3-F234-45B5-9568-E6041912DE8C}.Debug|Any CPU.Build.0 = Debug|Any CPU
		{ACB16CE3-F234-45B5-9568-E6041912DE8C}.Release|Any CPU.ActiveCfg = Release|Any CPU
		{ACB16CE3-F234-45B5-9568-E6041912DE8C}.Release|Any CPU.Build.0 = Release|Any CPU
		{2ED12AD9-AA65-454B-808E-38A11BB545DC}.Debug|Any CPU.ActiveCfg = Debug|Any CPU
		{2ED12AD9-AA65-454B-808E-38A11BB545DC}.Debug|Any CPU.Build.0 = Debug|Any CPU
		{2ED12AD9-AA65-454B-808E-38A11BB545DC}.Release|Any CPU.ActiveCfg = Release|Any CPU
		{2ED12AD9-AA65-454B-808E-38A11BB545DC}.Release|Any CPU.Build.0 = Release|Any CPU
		{8D8B9305-7405-4F31-B16D-938B360F261F}.Debug|Any CPU.ActiveCfg = Debug|Any CPU
		{8D8B9305-7405-4F31-B16D-938B360F261F}.Debug|Any CPU.Build.0 = Debug|Any CPU
		{8D8B9305-7405-4F31-B16D-938B360F261F}.Release|Any CPU.ActiveCfg = Release|Any CPU
		{8D8B9305-7405-4F31-B16D-938B360F261F}.Release|Any CPU.Build.0 = Release|Any CPU
		{8076407D-A614-4081-823A-EFEB1FF8E700}.Debug|Any CPU.ActiveCfg = Debug|Any CPU
		{8076407D-A614-4081-823A-EFEB1FF8E700}.Debug|Any CPU.Build.0 = Debug|Any CPU
		{8076407D-A614-4081-823A-EFEB1FF8E700}.Release|Any CPU.ActiveCfg = Release|Any CPU
		{8076407D-A614-4081-823A-EFEB1FF8E700}.Release|Any CPU.Build.0 = Release|Any CPU
		{706A6089-719A-4384-A40C-290A0738AEF5}.Debug|Any CPU.ActiveCfg = Debug|Any CPU
		{706A6089-719A-4384-A40C-290A0738AEF5}.Debug|Any CPU.Build.0 = Debug|Any CPU
		{706A6089-719A-4384-A40C-290A0738AEF5}.Release|Any CPU.ActiveCfg = Release|Any CPU
		{706A6089-719A-4384-A40C-290A0738AEF5}.Release|Any CPU.Build.0 = Release|Any CPU
		{8C6B97BC-93B3-4E0F-A0F1-91628F573C46}.Debug|Any CPU.ActiveCfg = Debug|Any CPU
		{8C6B97BC-93B3-4E0F-A0F1-91628F573C46}.Debug|Any CPU.Build.0 = Debug|Any CPU
		{8C6B97BC-93B3-4E0F-A0F1-91628F573C46}.Release|Any CPU.ActiveCfg = Release|Any CPU
		{8C6B97BC-93B3-4E0F-A0F1-91628F573C46}.Release|Any CPU.Build.0 = Release|Any CPU
		{FD13154D-C666-4DDC-B6FA-EB6E74956A12}.Debug|Any CPU.ActiveCfg = Debug|Any CPU
		{FD13154D-C666-4DDC-B6FA-EB6E74956A12}.Debug|Any CPU.Build.0 = Debug|Any CPU
		{FD13154D-C666-4DDC-B6FA-EB6E74956A12}.Release|Any CPU.ActiveCfg = Release|Any CPU
		{FD13154D-C666-4DDC-B6FA-EB6E74956A12}.Release|Any CPU.Build.0 = Release|Any CPU
		{787AB97F-CD09-4EC4-8373-6FFB845FAFED}.Debug|Any CPU.ActiveCfg = Debug|Any CPU
		{787AB97F-CD09-4EC4-8373-6FFB845FAFED}.Debug|Any CPU.Build.0 = Debug|Any CPU
		{787AB97F-CD09-4EC4-8373-6FFB845FAFED}.Release|Any CPU.ActiveCfg = Release|Any CPU
		{787AB97F-CD09-4EC4-8373-6FFB845FAFED}.Release|Any CPU.Build.0 = Release|Any CPU
		{B4245255-BB80-4B9E-B74B-F12932B767C1}.Debug|Any CPU.ActiveCfg = Debug|Any CPU
		{B4245255-BB80-4B9E-B74B-F12932B767C1}.Debug|Any CPU.Build.0 = Debug|Any CPU
		{B4245255-BB80-4B9E-B74B-F12932B767C1}.Release|Any CPU.ActiveCfg = Release|Any CPU
		{B4245255-BB80-4B9E-B74B-F12932B767C1}.Release|Any CPU.Build.0 = Release|Any CPU
		{D5010DEE-E159-45CE-BB09-1E992977A34A}.Debug|Any CPU.ActiveCfg = Debug|Any CPU
		{D5010DEE-E159-45CE-BB09-1E992977A34A}.Debug|Any CPU.Build.0 = Debug|Any CPU
		{D5010DEE-E159-45CE-BB09-1E992977A34A}.Release|Any CPU.ActiveCfg = Release|Any CPU
		{D5010DEE-E159-45CE-BB09-1E992977A34A}.Release|Any CPU.Build.0 = Release|Any CPU
		{B825BE28-E2E1-4692-BA73-8404DAC6FF87}.Debug|Any CPU.ActiveCfg = Debug|Any CPU
		{B825BE28-E2E1-4692-BA73-8404DAC6FF87}.Debug|Any CPU.Build.0 = Debug|Any CPU
		{B825BE28-E2E1-4692-BA73-8404DAC6FF87}.Release|Any CPU.ActiveCfg = Release|Any CPU
		{B825BE28-E2E1-4692-BA73-8404DAC6FF87}.Release|Any CPU.Build.0 = Release|Any CPU
	EndGlobalSection
	GlobalSection(SolutionProperties) = preSolution
		HideSolutionNode = FALSE
	EndGlobalSection
	GlobalSection(NestedProjects) = preSolution
		{B8D4EFF7-91B6-4E28-95B4-4B6A0A55E7C5} = {46E71547-5D59-4AB1-AE38-A847B43F0331}
		{C002883D-3934-4928-8A05-1033D07CCDC6} = {477B3EB6-F657-4681-B093-D5A2666A54E4}
		{46E71547-5D59-4AB1-AE38-A847B43F0331} = {F043DFD0-93B6-40DB-86DB-FA4262DC44F8}
		{477B3EB6-F657-4681-B093-D5A2666A54E4} = {F043DFD0-93B6-40DB-86DB-FA4262DC44F8}
		{F4103478-F5DF-4E54-AA5A-2D2ED711E20C} = {F043DFD0-93B6-40DB-86DB-FA4262DC44F8}
		{01E81B4D-A957-4856-8E3C-681910324924} = {39059218-1969-4C8B-98CF-F06970670DCB}
		{A7E6E1AF-4A8B-40F8-9A98-3D7140FABB93} = {39059218-1969-4C8B-98CF-F06970670DCB}
		{4DE7B6C2-F0CF-4D84-977B-03FD9525D5EF} = {37066432-5243-4993-AF20-8CC7D472D946}
		{1C243AFB-050A-43A0-955D-8B4B315DC3F8} = {37066432-5243-4993-AF20-8CC7D472D946}
		{39059218-1969-4C8B-98CF-F06970670DCB} = {F4103478-F5DF-4E54-AA5A-2D2ED711E20C}
		{BFD52A01-5ACA-4DAC-B6F8-8179044216AC} = {A7E6E1AF-4A8B-40F8-9A98-3D7140FABB93}
		{32C43CA4-B590-4B62-81AC-36FB1132C709} = {A7E6E1AF-4A8B-40F8-9A98-3D7140FABB93}
		{CD96A786-2F59-45BB-9665-FEFF9547E0A6} = {A7E6E1AF-4A8B-40F8-9A98-3D7140FABB93}
		{CE41A6CA-2A33-4665-B656-106A382F85BD} = {A7E6E1AF-4A8B-40F8-9A98-3D7140FABB93}
		{ACB16CE3-F234-45B5-9568-E6041912DE8C} = {A7E6E1AF-4A8B-40F8-9A98-3D7140FABB93}
		{2ED12AD9-AA65-454B-808E-38A11BB545DC} = {46E71547-5D59-4AB1-AE38-A847B43F0331}
		{8D8B9305-7405-4F31-B16D-938B360F261F} = {66E2AA1E-8B4D-4EB9-A4ED-953D9A8A9FC4}
		{8076407D-A614-4081-823A-EFEB1FF8E700} = {66E2AA1E-8B4D-4EB9-A4ED-953D9A8A9FC4}
		{706A6089-719A-4384-A40C-290A0738AEF5} = {66E2AA1E-8B4D-4EB9-A4ED-953D9A8A9FC4}
		{8C6B97BC-93B3-4E0F-A0F1-91628F573C46} = {66E2AA1E-8B4D-4EB9-A4ED-953D9A8A9FC4}
		{FD13154D-C666-4DDC-B6FA-EB6E74956A12} = {66E2AA1E-8B4D-4EB9-A4ED-953D9A8A9FC4}
		{787AB97F-CD09-4EC4-8373-6FFB845FAFED} = {66E2AA1E-8B4D-4EB9-A4ED-953D9A8A9FC4}
		{37066432-5243-4993-AF20-8CC7D472D946} = {F4103478-F5DF-4E54-AA5A-2D2ED711E20C}
		{90E12A99-7AFE-47F9-B668-E2692D1A36C5} = {F4103478-F5DF-4E54-AA5A-2D2ED711E20C}
		{B4245255-BB80-4B9E-B74B-F12932B767C1} = {90E12A99-7AFE-47F9-B668-E2692D1A36C5}
		{D5010DEE-E159-45CE-BB09-1E992977A34A} = {CB91CC6A-66B3-409F-A631-3536E7F1732B}
		{CB91CC6A-66B3-409F-A631-3536E7F1732B} = {37066432-5243-4993-AF20-8CC7D472D946}
		{B825BE28-E2E1-4692-BA73-8404DAC6FF87} = {CB91CC6A-66B3-409F-A631-3536E7F1732B}
		{66E2AA1E-8B4D-4EB9-A4ED-953D9A8A9FC4} = {39059218-1969-4C8B-98CF-F06970670DCB}
	EndGlobalSection
	GlobalSection(ExtensibilityGlobals) = postSolution
		SolutionGuid = {DF963C46-268A-4FA1-92F0-95392223295B}
	EndGlobalSection
EndGlobal
